// !$*UTF8*$!
{
	archiveVersion = 1;
	classes = {
	};
	objectVersion = 50;
	objects = {

/* Begin PBXBuildFile section */
		0A2A2337207B594600EB61DD /* libIdentityAccessDomainModel.a in Frameworks */ = {isa = PBXBuildFile; fileRef = 0A2A2336207B594600EB61DD /* libIdentityAccessDomainModel.a */; };
		0A34BC79207B8D0000636560 /* AppDelegate.swift in Sources */ = {isa = PBXBuildFile; fileRef = 0A34BC78207B8D0000636560 /* AppDelegate.swift */; };
		0A34BC7B207B8D0000636560 /* ViewController.swift in Sources */ = {isa = PBXBuildFile; fileRef = 0A34BC7A207B8D0000636560 /* ViewController.swift */; };
		0A34BC7E207B8D0000636560 /* Main.storyboard in Resources */ = {isa = PBXBuildFile; fileRef = 0A34BC7C207B8D0000636560 /* Main.storyboard */; };
		0A34BC80207B8D0100636560 /* Assets.xcassets in Resources */ = {isa = PBXBuildFile; fileRef = 0A34BC7F207B8D0100636560 /* Assets.xcassets */; };
		0A34BC83207B8D0100636560 /* LaunchScreen.storyboard in Resources */ = {isa = PBXBuildFile; fileRef = 0A34BC81207B8D0100636560 /* LaunchScreen.storyboard */; };
		0A34BC96207B8D4B00636560 /* KeychainServiceIntegrationTests.swift in Sources */ = {isa = PBXBuildFile; fileRef = 0A3FAE4E207B515900F0D214 /* KeychainServiceIntegrationTests.swift */; };
		0A34BC98207B8DA900636560 /* libIdentityAccessApplication.a in Frameworks */ = {isa = PBXBuildFile; fileRef = 0A34BC97207B8DA900636560 /* libIdentityAccessApplication.a */; };
		0A34BC9A207B8DA900636560 /* libIdentityAccessDomainModel.a in Frameworks */ = {isa = PBXBuildFile; fileRef = 0A34BC99207B8DA900636560 /* libIdentityAccessDomainModel.a */; };
		0A34BC9B207B8DA900636560 /* libIdentityAccessPortAdapter.a in Frameworks */ = {isa = PBXBuildFile; fileRef = 0A8BCFC62074CB1500BCD78D /* libIdentityAccessPortAdapter.a */; };
		0A34BC9D207B8E2A00636560 /* libIdentityAccessApplication.a in Frameworks */ = {isa = PBXBuildFile; fileRef = 0A34BC9C207B8E2A00636560 /* libIdentityAccessApplication.a */; };
		0A34BC9F207B8E2A00636560 /* libIdentityAccessDomainModel.a in Frameworks */ = {isa = PBXBuildFile; fileRef = 0A34BC9E207B8E2A00636560 /* libIdentityAccessDomainModel.a */; };
		0A34BCA0207B8E2A00636560 /* libIdentityAccessPortAdapter.a in Frameworks */ = {isa = PBXBuildFile; fileRef = 0A8BCFC62074CB1500BCD78D /* libIdentityAccessPortAdapter.a */; };
		0A34BCA1207B8E3500636560 /* APIKit.framework in Frameworks */ = {isa = PBXBuildFile; fileRef = 0A51A1F0207B7A85001C4169 /* APIKit.framework */; };
		0A34BCA2207B8E3500636560 /* APIKit.framework in Embed Frameworks */ = {isa = PBXBuildFile; fileRef = 0A51A1F0207B7A85001C4169 /* APIKit.framework */; settings = {ATTRIBUTES = (CodeSignOnCopy, RemoveHeadersOnCopy, ); }; };
		0A34BCA3207B8E3500636560 /* CryptoSwift.framework in Frameworks */ = {isa = PBXBuildFile; fileRef = 0A51A1ED207B7A84001C4169 /* CryptoSwift.framework */; };
		0A34BCA4207B8E3500636560 /* CryptoSwift.framework in Embed Frameworks */ = {isa = PBXBuildFile; fileRef = 0A51A1ED207B7A84001C4169 /* CryptoSwift.framework */; settings = {ATTRIBUTES = (CodeSignOnCopy, RemoveHeadersOnCopy, ); }; };
		0A34BCA5207B8E3500636560 /* EthereumKit.framework in Frameworks */ = {isa = PBXBuildFile; fileRef = 0A51A1EE207B7A85001C4169 /* EthereumKit.framework */; };
		0A34BCA6207B8E3500636560 /* EthereumKit.framework in Embed Frameworks */ = {isa = PBXBuildFile; fileRef = 0A51A1EE207B7A85001C4169 /* EthereumKit.framework */; settings = {ATTRIBUTES = (CodeSignOnCopy, RemoveHeadersOnCopy, ); }; };
		0A34BCA7207B8E3500636560 /* Result.framework in Frameworks */ = {isa = PBXBuildFile; fileRef = 0A51A1EF207B7A85001C4169 /* Result.framework */; };
		0A34BCA8207B8E3500636560 /* Result.framework in Embed Frameworks */ = {isa = PBXBuildFile; fileRef = 0A51A1EF207B7A85001C4169 /* Result.framework */; settings = {ATTRIBUTES = (CodeSignOnCopy, RemoveHeadersOnCopy, ); }; };
		0A3FAE72207B51CB00F0D214 /* libIdentityAccessPortAdapter.a in Frameworks */ = {isa = PBXBuildFile; fileRef = 0A8BCFC62074CB1500BCD78D /* libIdentityAccessPortAdapter.a */; };
		0A3FAE78207B51DA00F0D214 /* LogServiceTests.swift in Sources */ = {isa = PBXBuildFile; fileRef = 0A3FAE38207B515800F0D214 /* LogServiceTests.swift */; };
		0A3FAE79207B51DA00F0D214 /* ConsoleLoggerTests.swift in Sources */ = {isa = PBXBuildFile; fileRef = 0A3FAE3A207B515800F0D214 /* ConsoleLoggerTests.swift */; };
		0A3FAE7A207B51DA00F0D214 /* LoggableErrorTests.swift in Sources */ = {isa = PBXBuildFile; fileRef = 0A3FAE3C207B515800F0D214 /* LoggableErrorTests.swift */; };
		0A3FAE7C207B51DA00F0D214 /* LogFormatterTests.swift in Sources */ = {isa = PBXBuildFile; fileRef = 0A3FAE40207B515800F0D214 /* LogFormatterTests.swift */; };
		0A3FAE7F207B51DA00F0D214 /* BiometricServiceTests.swift in Sources */ = {isa = PBXBuildFile; fileRef = 0A3FAE43207B515800F0D214 /* BiometricServiceTests.swift */; };
		0A3FAE82207B51DA00F0D214 /* EncryptionServiceTests.swift in Sources */ = {isa = PBXBuildFile; fileRef = 0A3FAE4B207B515900F0D214 /* EncryptionServiceTests.swift */; };
		0A3FAE83207B51EE00F0D214 /* LogService.swift in Sources */ = {isa = PBXBuildFile; fileRef = 0A3FAE37207B515800F0D214 /* LogService.swift */; };
		0A3FAE84207B51EE00F0D214 /* ConsoleLogger.swift in Sources */ = {isa = PBXBuildFile; fileRef = 0A3FAE39207B515800F0D214 /* ConsoleLogger.swift */; };
		0A3FAE87207B51EE00F0D214 /* LogFormatter.swift in Sources */ = {isa = PBXBuildFile; fileRef = 0A3FAE3F207B515800F0D214 /* LogFormatter.swift */; };
		0A3FAE88207B51EE00F0D214 /* UserDefaultsService.swift in Sources */ = {isa = PBXBuildFile; fileRef = 0A3FAE50207B515900F0D214 /* UserDefaultsService.swift */; };
		0A3FAE89207B51EE00F0D214 /* KeychainService.swift in Sources */ = {isa = PBXBuildFile; fileRef = 0A3FAE4D207B515900F0D214 /* KeychainService.swift */; };
		0A3FAE8A207B51EE00F0D214 /* BiometricService.swift in Sources */ = {isa = PBXBuildFile; fileRef = 0A3FAE42207B515800F0D214 /* BiometricService.swift */; };
		0A3FAE8B207B51EE00F0D214 /* SystemClockService.swift in Sources */ = {isa = PBXBuildFile; fileRef = 0A3FAE45207B515900F0D214 /* SystemClockService.swift */; };
		0A3FAE8D207B51EE00F0D214 /* EncryptionService.swift in Sources */ = {isa = PBXBuildFile; fileRef = 0A3FAE4A207B515900F0D214 /* EncryptionService.swift */; };
		0A3FAE8E207B526200F0D214 /* UserDefaultsIntegrationTests.swift in Sources */ = {isa = PBXBuildFile; fileRef = 0A3FAE51207B515900F0D214 /* UserDefaultsIntegrationTests.swift */; };
		0A3FAE90207B526200F0D214 /* SystemClockServiceIntegrationTests.swift in Sources */ = {isa = PBXBuildFile; fileRef = 0A3FAE46207B515900F0D214 /* SystemClockServiceIntegrationTests.swift */; };
		0A3FAE93207B529000F0D214 /* libIdentityAccessDomainModel.a in Frameworks */ = {isa = PBXBuildFile; fileRef = 0A3FAE92207B529000F0D214 /* libIdentityAccessDomainModel.a */; };
		0A3FAEA5207B536500F0D214 /* XCTest.framework in Frameworks */ = {isa = PBXBuildFile; fileRef = 0A3FAEA4207B536500F0D214 /* XCTest.framework */; };
		0A3FAEA6207B536B00F0D214 /* MockClockService.swift in Sources */ = {isa = PBXBuildFile; fileRef = 0A3FAE47207B515900F0D214 /* MockClockService.swift */; };
		0A3FAEA7207B537C00F0D214 /* libIdentityAccessPortAdapterTestSupport.a in Frameworks */ = {isa = PBXBuildFile; fileRef = 0A3FAE9D207B535D00F0D214 /* libIdentityAccessPortAdapterTestSupport.a */; };
		0A3FAEA9207B539C00F0D214 /* libIdentityAccessDomainModel.a in Frameworks */ = {isa = PBXBuildFile; fileRef = 0A3FAEA8207B539C00F0D214 /* libIdentityAccessDomainModel.a */; };
		0A51A1E7207B78BE001C4169 /* CrashlyticsLoggerTests.swift in Sources */ = {isa = PBXBuildFile; fileRef = 0AA0C883207B780A0019E282 /* CrashlyticsLoggerTests.swift */; };
		0A51A1F1207B7A85001C4169 /* CryptoSwift.framework in CopyFiles */ = {isa = PBXBuildFile; fileRef = 0A51A1ED207B7A84001C4169 /* CryptoSwift.framework */; settings = {ATTRIBUTES = (CodeSignOnCopy, RemoveHeadersOnCopy, ); }; };
		0A51A1F2207B7A85001C4169 /* EthereumKit.framework in CopyFiles */ = {isa = PBXBuildFile; fileRef = 0A51A1EE207B7A85001C4169 /* EthereumKit.framework */; settings = {ATTRIBUTES = (CodeSignOnCopy, RemoveHeadersOnCopy, ); }; };
		0A51A1F3207B7A85001C4169 /* Result.framework in CopyFiles */ = {isa = PBXBuildFile; fileRef = 0A51A1EF207B7A85001C4169 /* Result.framework */; settings = {ATTRIBUTES = (CodeSignOnCopy, RemoveHeadersOnCopy, ); }; };
		0A51A1F4207B7A85001C4169 /* APIKit.framework in CopyFiles */ = {isa = PBXBuildFile; fileRef = 0A51A1F0207B7A85001C4169 /* APIKit.framework */; settings = {ATTRIBUTES = (CodeSignOnCopy, RemoveHeadersOnCopy, ); }; };
		0AA0C876207B763E0019E282 /* libCommonTestSupport.a in Frameworks */ = {isa = PBXBuildFile; fileRef = 0AA0C875207B763E0019E282 /* libCommonTestSupport.a */; };
		0AA0C878207B76970019E282 /* EthereumAccountTests.swift in Sources */ = {isa = PBXBuildFile; fileRef = 0AA0C877207B76970019E282 /* EthereumAccountTests.swift */; };
		0AA0C886207B780A0019E282 /* CrashlyticsLogger.swift in Sources */ = {isa = PBXBuildFile; fileRef = 0AA0C884207B780A0019E282 /* CrashlyticsLogger.swift */; };
/* End PBXBuildFile section */

/* Begin PBXContainerItemProxy section */
		0A34BC91207B8D2C00636560 /* PBXContainerItemProxy */ = {
			isa = PBXContainerItemProxy;
			containerPortal = 0A8BCFBE2074CB1500BCD78D /* Project object */;
			proxyType = 1;
			remoteGlobalIDString = 0A34BC75207B8D0000636560;
			remoteInfo = IdentityAccessPortAdapterDemo;
		};
		0A3FAE73207B51CB00F0D214 /* PBXContainerItemProxy */ = {
			isa = PBXContainerItemProxy;
			containerPortal = 0A8BCFBE2074CB1500BCD78D /* Project object */;
			proxyType = 1;
			remoteGlobalIDString = 0A8BCFC52074CB1500BCD78D;
			remoteInfo = IdentityAccessPortAdapter;
		};
/* End PBXContainerItemProxy section */

/* Begin PBXCopyFilesBuildPhase section */
		0A34BCA9207B8E3600636560 /* Embed Frameworks */ = {
			isa = PBXCopyFilesBuildPhase;
			buildActionMask = 2147483647;
			dstPath = "";
			dstSubfolderSpec = 10;
			files = (
				0A34BCA2207B8E3500636560 /* APIKit.framework in Embed Frameworks */,
				0A34BCA4207B8E3500636560 /* CryptoSwift.framework in Embed Frameworks */,
				0A34BCA6207B8E3500636560 /* EthereumKit.framework in Embed Frameworks */,
				0A34BCA8207B8E3500636560 /* Result.framework in Embed Frameworks */,
			);
			name = "Embed Frameworks";
			runOnlyForDeploymentPostprocessing = 0;
		};
		0A3FAE9B207B535D00F0D214 /* CopyFiles */ = {
			isa = PBXCopyFilesBuildPhase;
			buildActionMask = 2147483647;
			dstPath = "include/$(PRODUCT_NAME)";
			dstSubfolderSpec = 16;
			files = (
			);
			runOnlyForDeploymentPostprocessing = 0;
		};
		0A51A1EC207B7A64001C4169 /* CopyFiles */ = {
			isa = PBXCopyFilesBuildPhase;
			buildActionMask = 2147483647;
			dstPath = "";
			dstSubfolderSpec = 10;
			files = (
				0A51A1F1207B7A85001C4169 /* CryptoSwift.framework in CopyFiles */,
				0A51A1F2207B7A85001C4169 /* EthereumKit.framework in CopyFiles */,
				0A51A1F3207B7A85001C4169 /* Result.framework in CopyFiles */,
				0A51A1F4207B7A85001C4169 /* APIKit.framework in CopyFiles */,
			);
			runOnlyForDeploymentPostprocessing = 0;
		};
		0A8BCFC42074CB1500BCD78D /* CopyFiles */ = {
			isa = PBXCopyFilesBuildPhase;
			buildActionMask = 2147483647;
			dstPath = "include/$(PRODUCT_NAME)";
			dstSubfolderSpec = 16;
			files = (
			);
			runOnlyForDeploymentPostprocessing = 0;
		};
/* End PBXCopyFilesBuildPhase section */

/* Begin PBXFileReference section */
		0A2A232D207B583C00EB61DD /* Config.xcconfig */ = {isa = PBXFileReference; lastKnownFileType = text.xcconfig; name = Config.xcconfig; path = ../Config.xcconfig; sourceTree = "<group>"; };
		0A2A2336207B594600EB61DD /* libIdentityAccessDomainModel.a */ = {isa = PBXFileReference; explicitFileType = archive.ar; path = libIdentityAccessDomainModel.a; sourceTree = BUILT_PRODUCTS_DIR; };
		0A34BC6A207B845100636560 /* IdentityAccessPortAdapter-Bridging-Header.h */ = {isa = PBXFileReference; lastKnownFileType = sourcecode.c.h; path = "IdentityAccessPortAdapter-Bridging-Header.h"; sourceTree = "<group>"; };
		0A34BC76207B8D0000636560 /* IdentityAccessPortAdapterDemo.app */ = {isa = PBXFileReference; explicitFileType = wrapper.application; includeInIndex = 0; path = IdentityAccessPortAdapterDemo.app; sourceTree = BUILT_PRODUCTS_DIR; };
		0A34BC78207B8D0000636560 /* AppDelegate.swift */ = {isa = PBXFileReference; lastKnownFileType = sourcecode.swift; path = AppDelegate.swift; sourceTree = "<group>"; };
		0A34BC7A207B8D0000636560 /* ViewController.swift */ = {isa = PBXFileReference; lastKnownFileType = sourcecode.swift; path = ViewController.swift; sourceTree = "<group>"; };
		0A34BC7D207B8D0000636560 /* Base */ = {isa = PBXFileReference; lastKnownFileType = file.storyboard; name = Base; path = Base.lproj/Main.storyboard; sourceTree = "<group>"; };
		0A34BC7F207B8D0100636560 /* Assets.xcassets */ = {isa = PBXFileReference; lastKnownFileType = folder.assetcatalog; path = Assets.xcassets; sourceTree = "<group>"; };
		0A34BC82207B8D0100636560 /* Base */ = {isa = PBXFileReference; lastKnownFileType = file.storyboard; name = Base; path = Base.lproj/LaunchScreen.storyboard; sourceTree = "<group>"; };
		0A34BC84207B8D0100636560 /* Info.plist */ = {isa = PBXFileReference; lastKnownFileType = text.plist.xml; path = Info.plist; sourceTree = "<group>"; };
		0A34BC8C207B8D2C00636560 /* IdentityAccessPortAdapterIntegrationTests.xctest */ = {isa = PBXFileReference; explicitFileType = wrapper.cfbundle; includeInIndex = 0; path = IdentityAccessPortAdapterIntegrationTests.xctest; sourceTree = BUILT_PRODUCTS_DIR; };
		0A34BC90207B8D2C00636560 /* Info.plist */ = {isa = PBXFileReference; lastKnownFileType = text.plist.xml; path = Info.plist; sourceTree = "<group>"; };
		0A34BC97207B8DA900636560 /* libIdentityAccessApplication.a */ = {isa = PBXFileReference; explicitFileType = archive.ar; path = libIdentityAccessApplication.a; sourceTree = BUILT_PRODUCTS_DIR; };
		0A34BC99207B8DA900636560 /* libIdentityAccessDomainModel.a */ = {isa = PBXFileReference; explicitFileType = archive.ar; path = libIdentityAccessDomainModel.a; sourceTree = BUILT_PRODUCTS_DIR; };
		0A34BC9C207B8E2A00636560 /* libIdentityAccessApplication.a */ = {isa = PBXFileReference; explicitFileType = archive.ar; path = libIdentityAccessApplication.a; sourceTree = BUILT_PRODUCTS_DIR; };
		0A34BC9E207B8E2A00636560 /* libIdentityAccessDomainModel.a */ = {isa = PBXFileReference; explicitFileType = archive.ar; path = libIdentityAccessDomainModel.a; sourceTree = BUILT_PRODUCTS_DIR; };
		0A3FAE37207B515800F0D214 /* LogService.swift */ = {isa = PBXFileReference; lastKnownFileType = sourcecode.swift; path = LogService.swift; sourceTree = "<group>"; };
		0A3FAE38207B515800F0D214 /* LogServiceTests.swift */ = {isa = PBXFileReference; lastKnownFileType = sourcecode.swift; path = LogServiceTests.swift; sourceTree = "<group>"; };
		0A3FAE39207B515800F0D214 /* ConsoleLogger.swift */ = {isa = PBXFileReference; lastKnownFileType = sourcecode.swift; path = ConsoleLogger.swift; sourceTree = "<group>"; };
		0A3FAE3A207B515800F0D214 /* ConsoleLoggerTests.swift */ = {isa = PBXFileReference; lastKnownFileType = sourcecode.swift; path = ConsoleLoggerTests.swift; sourceTree = "<group>"; };
		0A3FAE3C207B515800F0D214 /* LoggableErrorTests.swift */ = {isa = PBXFileReference; lastKnownFileType = sourcecode.swift; path = LoggableErrorTests.swift; sourceTree = "<group>"; };
		0A3FAE3F207B515800F0D214 /* LogFormatter.swift */ = {isa = PBXFileReference; lastKnownFileType = sourcecode.swift; path = LogFormatter.swift; sourceTree = "<group>"; };
		0A3FAE40207B515800F0D214 /* LogFormatterTests.swift */ = {isa = PBXFileReference; lastKnownFileType = sourcecode.swift; path = LogFormatterTests.swift; sourceTree = "<group>"; };
		0A3FAE42207B515800F0D214 /* BiometricService.swift */ = {isa = PBXFileReference; lastKnownFileType = sourcecode.swift; path = BiometricService.swift; sourceTree = "<group>"; };
		0A3FAE43207B515800F0D214 /* BiometricServiceTests.swift */ = {isa = PBXFileReference; lastKnownFileType = sourcecode.swift; path = BiometricServiceTests.swift; sourceTree = "<group>"; };
		0A3FAE45207B515900F0D214 /* SystemClockService.swift */ = {isa = PBXFileReference; lastKnownFileType = sourcecode.swift; path = SystemClockService.swift; sourceTree = "<group>"; };
		0A3FAE46207B515900F0D214 /* SystemClockServiceIntegrationTests.swift */ = {isa = PBXFileReference; lastKnownFileType = sourcecode.swift; path = SystemClockServiceIntegrationTests.swift; sourceTree = "<group>"; };
		0A3FAE47207B515900F0D214 /* MockClockService.swift */ = {isa = PBXFileReference; lastKnownFileType = sourcecode.swift; path = MockClockService.swift; sourceTree = "<group>"; };
		0A3FAE4A207B515900F0D214 /* EncryptionService.swift */ = {isa = PBXFileReference; lastKnownFileType = sourcecode.swift; path = EncryptionService.swift; sourceTree = "<group>"; };
		0A3FAE4B207B515900F0D214 /* EncryptionServiceTests.swift */ = {isa = PBXFileReference; lastKnownFileType = sourcecode.swift; path = EncryptionServiceTests.swift; sourceTree = "<group>"; };
		0A3FAE4D207B515900F0D214 /* KeychainService.swift */ = {isa = PBXFileReference; lastKnownFileType = sourcecode.swift; path = KeychainService.swift; sourceTree = "<group>"; };
		0A3FAE4E207B515900F0D214 /* KeychainServiceIntegrationTests.swift */ = {isa = PBXFileReference; lastKnownFileType = sourcecode.swift; path = KeychainServiceIntegrationTests.swift; sourceTree = "<group>"; };
		0A3FAE50207B515900F0D214 /* UserDefaultsService.swift */ = {isa = PBXFileReference; lastKnownFileType = sourcecode.swift; path = UserDefaultsService.swift; sourceTree = "<group>"; };
		0A3FAE51207B515900F0D214 /* UserDefaultsIntegrationTests.swift */ = {isa = PBXFileReference; lastKnownFileType = sourcecode.swift; path = UserDefaultsIntegrationTests.swift; sourceTree = "<group>"; };
		0A3FAE6D207B51CB00F0D214 /* IdentityAccessPortAdapterTests.xctest */ = {isa = PBXFileReference; explicitFileType = wrapper.cfbundle; includeInIndex = 0; path = IdentityAccessPortAdapterTests.xctest; sourceTree = BUILT_PRODUCTS_DIR; };
		0A3FAE71207B51CB00F0D214 /* Info.plist */ = {isa = PBXFileReference; lastKnownFileType = text.plist.xml; path = Info.plist; sourceTree = "<group>"; };
		0A3FAE92207B529000F0D214 /* libIdentityAccessDomainModel.a */ = {isa = PBXFileReference; explicitFileType = archive.ar; path = libIdentityAccessDomainModel.a; sourceTree = BUILT_PRODUCTS_DIR; };
		0A3FAE9D207B535D00F0D214 /* libIdentityAccessPortAdapterTestSupport.a */ = {isa = PBXFileReference; explicitFileType = archive.ar; includeInIndex = 0; path = libIdentityAccessPortAdapterTestSupport.a; sourceTree = BUILT_PRODUCTS_DIR; };
		0A3FAEA4207B536500F0D214 /* XCTest.framework */ = {isa = PBXFileReference; lastKnownFileType = wrapper.framework; name = XCTest.framework; path = Platforms/iPhoneOS.platform/Developer/Library/Frameworks/XCTest.framework; sourceTree = DEVELOPER_DIR; };
		0A3FAEA8207B539C00F0D214 /* libIdentityAccessDomainModel.a */ = {isa = PBXFileReference; explicitFileType = archive.ar; path = libIdentityAccessDomainModel.a; sourceTree = BUILT_PRODUCTS_DIR; };
		0A51A1ED207B7A84001C4169 /* CryptoSwift.framework */ = {isa = PBXFileReference; lastKnownFileType = wrapper.framework; path = CryptoSwift.framework; sourceTree = "<group>"; };
		0A51A1EE207B7A85001C4169 /* EthereumKit.framework */ = {isa = PBXFileReference; lastKnownFileType = wrapper.framework; path = EthereumKit.framework; sourceTree = "<group>"; };
		0A51A1EF207B7A85001C4169 /* Result.framework */ = {isa = PBXFileReference; lastKnownFileType = wrapper.framework; path = Result.framework; sourceTree = "<group>"; };
		0A51A1F0207B7A85001C4169 /* APIKit.framework */ = {isa = PBXFileReference; lastKnownFileType = wrapper.framework; path = APIKit.framework; sourceTree = "<group>"; };
		0A8BCFC62074CB1500BCD78D /* libIdentityAccessPortAdapter.a */ = {isa = PBXFileReference; explicitFileType = archive.ar; includeInIndex = 0; path = libIdentityAccessPortAdapter.a; sourceTree = BUILT_PRODUCTS_DIR; };
		0AA0C875207B763E0019E282 /* libCommonTestSupport.a */ = {isa = PBXFileReference; explicitFileType = archive.ar; path = libCommonTestSupport.a; sourceTree = BUILT_PRODUCTS_DIR; };
		0AA0C877207B76970019E282 /* EthereumAccountTests.swift */ = {isa = PBXFileReference; fileEncoding = 4; lastKnownFileType = sourcecode.swift; path = EthereumAccountTests.swift; sourceTree = "<group>"; };
		0AA0C883207B780A0019E282 /* CrashlyticsLoggerTests.swift */ = {isa = PBXFileReference; fileEncoding = 4; lastKnownFileType = sourcecode.swift; path = CrashlyticsLoggerTests.swift; sourceTree = "<group>"; };
		0AA0C884207B780A0019E282 /* CrashlyticsLogger.swift */ = {isa = PBXFileReference; fileEncoding = 4; lastKnownFileType = sourcecode.swift; path = CrashlyticsLogger.swift; sourceTree = "<group>"; };
		0AA0C887207B78380019E282 /* Crashlytics.framework */ = {isa = PBXFileReference; lastKnownFileType = wrapper.framework; name = Crashlytics.framework; path = "/Users/dmitry/projects/gnosis/safe-ios/safe/../lib/Crashlytics.framework"; sourceTree = "<absolute>"; };
/* End PBXFileReference section */

/* Begin PBXFrameworksBuildPhase section */
		0A34BC73207B8D0000636560 /* Frameworks */ = {
			isa = PBXFrameworksBuildPhase;
			buildActionMask = 2147483647;
			files = (
				0A34BCA0207B8E2A00636560 /* libIdentityAccessPortAdapter.a in Frameworks */,
				0A34BCA7207B8E3500636560 /* Result.framework in Frameworks */,
				0A34BC9D207B8E2A00636560 /* libIdentityAccessApplication.a in Frameworks */,
				0A34BCA5207B8E3500636560 /* EthereumKit.framework in Frameworks */,
				0A34BCA1207B8E3500636560 /* APIKit.framework in Frameworks */,
				0A34BCA3207B8E3500636560 /* CryptoSwift.framework in Frameworks */,
				0A34BC9F207B8E2A00636560 /* libIdentityAccessDomainModel.a in Frameworks */,
			);
			runOnlyForDeploymentPostprocessing = 0;
		};
		0A34BC89207B8D2C00636560 /* Frameworks */ = {
			isa = PBXFrameworksBuildPhase;
			buildActionMask = 2147483647;
			files = (
				0A34BC9B207B8DA900636560 /* libIdentityAccessPortAdapter.a in Frameworks */,
				0A34BC98207B8DA900636560 /* libIdentityAccessApplication.a in Frameworks */,
				0A34BC9A207B8DA900636560 /* libIdentityAccessDomainModel.a in Frameworks */,
			);
			runOnlyForDeploymentPostprocessing = 0;
		};
		0A3FAE6A207B51CB00F0D214 /* Frameworks */ = {
			isa = PBXFrameworksBuildPhase;
			buildActionMask = 2147483647;
			files = (
				0AA0C876207B763E0019E282 /* libCommonTestSupport.a in Frameworks */,
				0A3FAEA7207B537C00F0D214 /* libIdentityAccessPortAdapterTestSupport.a in Frameworks */,
				0A3FAE93207B529000F0D214 /* libIdentityAccessDomainModel.a in Frameworks */,
				0A3FAE72207B51CB00F0D214 /* libIdentityAccessPortAdapter.a in Frameworks */,
			);
			runOnlyForDeploymentPostprocessing = 0;
		};
		0A3FAE9A207B535D00F0D214 /* Frameworks */ = {
			isa = PBXFrameworksBuildPhase;
			buildActionMask = 2147483647;
			files = (
				0A3FAEA9207B539C00F0D214 /* libIdentityAccessDomainModel.a in Frameworks */,
				0A3FAEA5207B536500F0D214 /* XCTest.framework in Frameworks */,
			);
			runOnlyForDeploymentPostprocessing = 0;
		};
		0A8BCFC32074CB1500BCD78D /* Frameworks */ = {
			isa = PBXFrameworksBuildPhase;
			buildActionMask = 2147483647;
			files = (
				0A2A2337207B594600EB61DD /* libIdentityAccessDomainModel.a in Frameworks */,
			);
			runOnlyForDeploymentPostprocessing = 0;
		};
/* End PBXFrameworksBuildPhase section */

/* Begin PBXGroup section */
		0A34BC77207B8D0000636560 /* IdentityAccessPortAdapterDemo */ = {
			isa = PBXGroup;
			children = (
				0A34BC78207B8D0000636560 /* AppDelegate.swift */,
				0A34BC7A207B8D0000636560 /* ViewController.swift */,
				0A34BC7C207B8D0000636560 /* Main.storyboard */,
				0A34BC7F207B8D0100636560 /* Assets.xcassets */,
				0A34BC81207B8D0100636560 /* LaunchScreen.storyboard */,
				0A34BC84207B8D0100636560 /* Info.plist */,
			);
			path = IdentityAccessPortAdapterDemo;
			sourceTree = "<group>";
		};
		0A34BC8D207B8D2C00636560 /* IdentityAccessPortAdapterIntegrationTests */ = {
			isa = PBXGroup;
			children = (
				0A34BC90207B8D2C00636560 /* Info.plist */,
			);
			path = IdentityAccessPortAdapterIntegrationTests;
			sourceTree = "<group>";
		};
		0A3FAE41207B515800F0D214 /* logger */ = {
			isa = PBXGroup;
			children = (
				0A3FAE37207B515800F0D214 /* LogService.swift */,
				0A3FAE38207B515800F0D214 /* LogServiceTests.swift */,
				0A3FAE39207B515800F0D214 /* ConsoleLogger.swift */,
				0A3FAE3A207B515800F0D214 /* ConsoleLoggerTests.swift */,
				0A3FAE3C207B515800F0D214 /* LoggableErrorTests.swift */,
				0A3FAE3F207B515800F0D214 /* LogFormatter.swift */,
				0A3FAE40207B515800F0D214 /* LogFormatterTests.swift */,
				0AA0C884207B780A0019E282 /* CrashlyticsLogger.swift */,
				0AA0C883207B780A0019E282 /* CrashlyticsLoggerTests.swift */,
			);
			path = logger;
			sourceTree = "<group>";
		};
		0A3FAE44207B515800F0D214 /* biometry */ = {
			isa = PBXGroup;
			children = (
				0A3FAE42207B515800F0D214 /* BiometricService.swift */,
				0A3FAE43207B515800F0D214 /* BiometricServiceTests.swift */,
			);
			path = biometry;
			sourceTree = "<group>";
		};
		0A3FAE48207B515900F0D214 /* clock */ = {
			isa = PBXGroup;
			children = (
				0A3FAE45207B515900F0D214 /* SystemClockService.swift */,
				0A3FAE46207B515900F0D214 /* SystemClockServiceIntegrationTests.swift */,
			);
			path = clock;
			sourceTree = "<group>";
		};
		0A3FAE4C207B515900F0D214 /* ethereum */ = {
			isa = PBXGroup;
			children = (
				0A3FAE4A207B515900F0D214 /* EncryptionService.swift */,
				0A3FAE4B207B515900F0D214 /* EncryptionServiceTests.swift */,
				0AA0C877207B76970019E282 /* EthereumAccountTests.swift */,
			);
			path = ethereum;
			sourceTree = "<group>";
		};
		0A3FAE4F207B515900F0D214 /* secureStore */ = {
			isa = PBXGroup;
			children = (
				0A3FAE4D207B515900F0D214 /* KeychainService.swift */,
				0A3FAE4E207B515900F0D214 /* KeychainServiceIntegrationTests.swift */,
			);
			path = secureStore;
			sourceTree = "<group>";
		};
		0A3FAE52207B515900F0D214 /* keyValueStore */ = {
			isa = PBXGroup;
			children = (
				0A3FAE50207B515900F0D214 /* UserDefaultsService.swift */,
				0A3FAE51207B515900F0D214 /* UserDefaultsIntegrationTests.swift */,
			);
			path = keyValueStore;
			sourceTree = "<group>";
		};
		0A3FAE6E207B51CB00F0D214 /* IdentityAccessPortAdapterTests */ = {
			isa = PBXGroup;
			children = (
				0A3FAE71207B51CB00F0D214 /* Info.plist */,
			);
			path = IdentityAccessPortAdapterTests;
			sourceTree = "<group>";
		};
		0A3FAE91207B529000F0D214 /* Frameworks */ = {
			isa = PBXGroup;
			children = (
				0A34BC9C207B8E2A00636560 /* libIdentityAccessApplication.a */,
				0A34BC9E207B8E2A00636560 /* libIdentityAccessDomainModel.a */,
				0A34BC97207B8DA900636560 /* libIdentityAccessApplication.a */,
				0A34BC99207B8DA900636560 /* libIdentityAccessDomainModel.a */,
				0AA0C875207B763E0019E282 /* libCommonTestSupport.a */,
				0AA0C887207B78380019E282 /* Crashlytics.framework */,
				0A2A2336207B594600EB61DD /* libIdentityAccessDomainModel.a */,
				0A3FAEA8207B539C00F0D214 /* libIdentityAccessDomainModel.a */,
				0A3FAEA4207B536500F0D214 /* XCTest.framework */,
				0A3FAE92207B529000F0D214 /* libIdentityAccessDomainModel.a */,
			);
			name = Frameworks;
			sourceTree = "<group>";
		};
		0A3FAE9E207B535D00F0D214 /* IdentityAccessPortAdapterTestSupport */ = {
			isa = PBXGroup;
			children = (
				0A3FAE47207B515900F0D214 /* MockClockService.swift */,
			);
			path = IdentityAccessPortAdapterTestSupport;
			sourceTree = "<group>";
		};
		0A8BCFBD2074CB1500BCD78D = {
			isa = PBXGroup;
			children = (
				0A51A1F0207B7A85001C4169 /* APIKit.framework */,
				0A51A1ED207B7A84001C4169 /* CryptoSwift.framework */,
				0A51A1EE207B7A85001C4169 /* EthereumKit.framework */,
				0A51A1EF207B7A85001C4169 /* Result.framework */,
				0A2A232D207B583C00EB61DD /* Config.xcconfig */,
				0A8BCFC82074CB1500BCD78D /* IdentityAccessPortAdapter */,
				0A3FAE6E207B51CB00F0D214 /* IdentityAccessPortAdapterTests */,
				0A3FAE9E207B535D00F0D214 /* IdentityAccessPortAdapterTestSupport */,
				0A34BC77207B8D0000636560 /* IdentityAccessPortAdapterDemo */,
				0A34BC8D207B8D2C00636560 /* IdentityAccessPortAdapterIntegrationTests */,
				0A8BCFC72074CB1500BCD78D /* Products */,
				0A3FAE91207B529000F0D214 /* Frameworks */,
			);
			sourceTree = "<group>";
		};
		0A8BCFC72074CB1500BCD78D /* Products */ = {
			isa = PBXGroup;
			children = (
				0A8BCFC62074CB1500BCD78D /* libIdentityAccessPortAdapter.a */,
				0A3FAE6D207B51CB00F0D214 /* IdentityAccessPortAdapterTests.xctest */,
				0A3FAE9D207B535D00F0D214 /* libIdentityAccessPortAdapterTestSupport.a */,
				0A34BC76207B8D0000636560 /* IdentityAccessPortAdapterDemo.app */,
				0A34BC8C207B8D2C00636560 /* IdentityAccessPortAdapterIntegrationTests.xctest */,
			);
			name = Products;
			sourceTree = "<group>";
		};
		0A8BCFC82074CB1500BCD78D /* IdentityAccessPortAdapter */ = {
			isa = PBXGroup;
			children = (
				0A3FAE41207B515800F0D214 /* logger */,
				0A3FAE52207B515900F0D214 /* keyValueStore */,
				0A3FAE4F207B515900F0D214 /* secureStore */,
				0A3FAE44207B515800F0D214 /* biometry */,
				0A3FAE48207B515900F0D214 /* clock */,
				0A3FAE4C207B515900F0D214 /* ethereum */,
				0A34BC6A207B845100636560 /* IdentityAccessPortAdapter-Bridging-Header.h */,
			);
			path = IdentityAccessPortAdapter;
			sourceTree = "<group>";
		};
/* End PBXGroup section */

/* Begin PBXNativeTarget section */
		0A34BC75207B8D0000636560 /* IdentityAccessPortAdapterDemo */ = {
			isa = PBXNativeTarget;
			buildConfigurationList = 0A34BC85207B8D0100636560 /* Build configuration list for PBXNativeTarget "IdentityAccessPortAdapterDemo" */;
			buildPhases = (
				0A34BC72207B8D0000636560 /* Sources */,
				0A34BC73207B8D0000636560 /* Frameworks */,
				0A34BC74207B8D0000636560 /* Resources */,
				0A34BCA9207B8E3600636560 /* Embed Frameworks */,
			);
			buildRules = (
			);
			dependencies = (
			);
			name = IdentityAccessPortAdapterDemo;
			productName = IdentityAccessPortAdapterDemo;
			productReference = 0A34BC76207B8D0000636560 /* IdentityAccessPortAdapterDemo.app */;
			productType = "com.apple.product-type.application";
		};
		0A34BC8B207B8D2C00636560 /* IdentityAccessPortAdapterIntegrationTests */ = {
			isa = PBXNativeTarget;
			buildConfigurationList = 0A34BC93207B8D2C00636560 /* Build configuration list for PBXNativeTarget "IdentityAccessPortAdapterIntegrationTests" */;
			buildPhases = (
				0A34BC88207B8D2C00636560 /* Sources */,
				0A34BC89207B8D2C00636560 /* Frameworks */,
				0A34BC8A207B8D2C00636560 /* Resources */,
			);
			buildRules = (
			);
			dependencies = (
				0A34BC92207B8D2C00636560 /* PBXTargetDependency */,
			);
			name = IdentityAccessPortAdapterIntegrationTests;
			productName = IdentityAccessPortAdapterIntegrationTests;
			productReference = 0A34BC8C207B8D2C00636560 /* IdentityAccessPortAdapterIntegrationTests.xctest */;
			productType = "com.apple.product-type.bundle.unit-test";
		};
		0A3FAE6C207B51CB00F0D214 /* IdentityAccessPortAdapterTests */ = {
			isa = PBXNativeTarget;
			buildConfigurationList = 0A3FAE75207B51CB00F0D214 /* Build configuration list for PBXNativeTarget "IdentityAccessPortAdapterTests" */;
			buildPhases = (
				0A3FAE69207B51CB00F0D214 /* Sources */,
				0A3FAE6A207B51CB00F0D214 /* Frameworks */,
				0A3FAE6B207B51CB00F0D214 /* Resources */,
				0A51A1EC207B7A64001C4169 /* CopyFiles */,
			);
			buildRules = (
			);
			dependencies = (
				0A3FAE74207B51CB00F0D214 /* PBXTargetDependency */,
			);
			name = IdentityAccessPortAdapterTests;
			productName = IdentityAccessPortAdapterTests;
			productReference = 0A3FAE6D207B51CB00F0D214 /* IdentityAccessPortAdapterTests.xctest */;
			productType = "com.apple.product-type.bundle.unit-test";
		};
		0A3FAE9C207B535D00F0D214 /* IdentityAccessPortAdapterTestSupport */ = {
			isa = PBXNativeTarget;
			buildConfigurationList = 0A3FAEA1207B535D00F0D214 /* Build configuration list for PBXNativeTarget "IdentityAccessPortAdapterTestSupport" */;
			buildPhases = (
				0A3FAE99207B535D00F0D214 /* Sources */,
				0A3FAE9A207B535D00F0D214 /* Frameworks */,
				0A3FAE9B207B535D00F0D214 /* CopyFiles */,
			);
			buildRules = (
			);
			dependencies = (
			);
			name = IdentityAccessPortAdapterTestSupport;
			productName = IdentityAccessPortAdapterTestSupport;
			productReference = 0A3FAE9D207B535D00F0D214 /* libIdentityAccessPortAdapterTestSupport.a */;
			productType = "com.apple.product-type.library.static";
		};
		0A8BCFC52074CB1500BCD78D /* IdentityAccessPortAdapter */ = {
			isa = PBXNativeTarget;
			buildConfigurationList = 0A8BCFCD2074CB1500BCD78D /* Build configuration list for PBXNativeTarget "IdentityAccessPortAdapter" */;
			buildPhases = (
				0A8BCFC22074CB1500BCD78D /* Sources */,
				0A8BCFC32074CB1500BCD78D /* Frameworks */,
				0A8BCFC42074CB1500BCD78D /* CopyFiles */,
			);
			buildRules = (
			);
			dependencies = (
			);
			name = IdentityAccessPortAdapter;
			productName = IdentityAccessPortAdapter;
			productReference = 0A8BCFC62074CB1500BCD78D /* libIdentityAccessPortAdapter.a */;
			productType = "com.apple.product-type.library.static";
		};
/* End PBXNativeTarget section */

/* Begin PBXProject section */
		0A8BCFBE2074CB1500BCD78D /* Project object */ = {
			isa = PBXProject;
			attributes = {
				LastSwiftUpdateCheck = 0930;
				LastUpgradeCheck = 0930;
				ORGANIZATIONNAME = "Dmitry Bespalov";
				TargetAttributes = {
					0A34BC75207B8D0000636560 = {
						CreatedOnToolsVersion = 9.3;
					};
					0A34BC8B207B8D2C00636560 = {
						CreatedOnToolsVersion = 9.3;
						TestTargetID = 0A34BC75207B8D0000636560;
					};
					0A3FAE6C207B51CB00F0D214 = {
						CreatedOnToolsVersion = 9.3;
					};
					0A3FAE9C207B535D00F0D214 = {
						CreatedOnToolsVersion = 9.3;
					};
					0A8BCFC52074CB1500BCD78D = {
						CreatedOnToolsVersion = 9.3;
						LastSwiftMigration = 0930;
					};
				};
			};
			buildConfigurationList = 0A8BCFC12074CB1500BCD78D /* Build configuration list for PBXProject "IdentityAccessPortAdapter" */;
			compatibilityVersion = "Xcode 9.3";
			developmentRegion = en;
			hasScannedForEncodings = 0;
			knownRegions = (
				en,
				Base,
			);
			mainGroup = 0A8BCFBD2074CB1500BCD78D;
			productRefGroup = 0A8BCFC72074CB1500BCD78D /* Products */;
			projectDirPath = "";
			projectRoot = "";
			targets = (
				0A8BCFC52074CB1500BCD78D /* IdentityAccessPortAdapter */,
				0A3FAE6C207B51CB00F0D214 /* IdentityAccessPortAdapterTests */,
				0A3FAE9C207B535D00F0D214 /* IdentityAccessPortAdapterTestSupport */,
				0A34BC75207B8D0000636560 /* IdentityAccessPortAdapterDemo */,
				0A34BC8B207B8D2C00636560 /* IdentityAccessPortAdapterIntegrationTests */,
			);
		};
/* End PBXProject section */

/* Begin PBXResourcesBuildPhase section */
		0A34BC74207B8D0000636560 /* Resources */ = {
			isa = PBXResourcesBuildPhase;
			buildActionMask = 2147483647;
			files = (
				0A34BC83207B8D0100636560 /* LaunchScreen.storyboard in Resources */,
				0A34BC80207B8D0100636560 /* Assets.xcassets in Resources */,
				0A34BC7E207B8D0000636560 /* Main.storyboard in Resources */,
			);
			runOnlyForDeploymentPostprocessing = 0;
		};
		0A34BC8A207B8D2C00636560 /* Resources */ = {
			isa = PBXResourcesBuildPhase;
			buildActionMask = 2147483647;
			files = (
			);
			runOnlyForDeploymentPostprocessing = 0;
		};
		0A3FAE6B207B51CB00F0D214 /* Resources */ = {
			isa = PBXResourcesBuildPhase;
			buildActionMask = 2147483647;
			files = (
			);
			runOnlyForDeploymentPostprocessing = 0;
		};
/* End PBXResourcesBuildPhase section */

/* Begin PBXSourcesBuildPhase section */
		0A34BC72207B8D0000636560 /* Sources */ = {
			isa = PBXSourcesBuildPhase;
			buildActionMask = 2147483647;
			files = (
				0A34BC7B207B8D0000636560 /* ViewController.swift in Sources */,
				0A34BC79207B8D0000636560 /* AppDelegate.swift in Sources */,
			);
			runOnlyForDeploymentPostprocessing = 0;
		};
		0A34BC88207B8D2C00636560 /* Sources */ = {
			isa = PBXSourcesBuildPhase;
			buildActionMask = 2147483647;
			files = (
				0A34BC96207B8D4B00636560 /* KeychainServiceIntegrationTests.swift in Sources */,
			);
			runOnlyForDeploymentPostprocessing = 0;
		};
		0A3FAE69207B51CB00F0D214 /* Sources */ = {
			isa = PBXSourcesBuildPhase;
			buildActionMask = 2147483647;
			files = (
				0A3FAE79207B51DA00F0D214 /* ConsoleLoggerTests.swift in Sources */,
				0A3FAE7C207B51DA00F0D214 /* LogFormatterTests.swift in Sources */,
				0A3FAE82207B51DA00F0D214 /* EncryptionServiceTests.swift in Sources */,
				0A3FAE90207B526200F0D214 /* SystemClockServiceIntegrationTests.swift in Sources */,
				0AA0C878207B76970019E282 /* EthereumAccountTests.swift in Sources */,
				0A3FAE7A207B51DA00F0D214 /* LoggableErrorTests.swift in Sources */,
				0A3FAE7F207B51DA00F0D214 /* BiometricServiceTests.swift in Sources */,
				0A51A1E7207B78BE001C4169 /* CrashlyticsLoggerTests.swift in Sources */,
				0A3FAE78207B51DA00F0D214 /* LogServiceTests.swift in Sources */,
				0A3FAE8E207B526200F0D214 /* UserDefaultsIntegrationTests.swift in Sources */,
			);
			runOnlyForDeploymentPostprocessing = 0;
		};
		0A3FAE99207B535D00F0D214 /* Sources */ = {
			isa = PBXSourcesBuildPhase;
			buildActionMask = 2147483647;
			files = (
				0A3FAEA6207B536B00F0D214 /* MockClockService.swift in Sources */,
			);
			runOnlyForDeploymentPostprocessing = 0;
		};
		0A8BCFC22074CB1500BCD78D /* Sources */ = {
			isa = PBXSourcesBuildPhase;
			buildActionMask = 2147483647;
			files = (
				0A3FAE84207B51EE00F0D214 /* ConsoleLogger.swift in Sources */,
				0A3FAE88207B51EE00F0D214 /* UserDefaultsService.swift in Sources */,
				0A3FAE8D207B51EE00F0D214 /* EncryptionService.swift in Sources */,
				0A3FAE83207B51EE00F0D214 /* LogService.swift in Sources */,
				0A3FAE8B207B51EE00F0D214 /* SystemClockService.swift in Sources */,
				0A3FAE89207B51EE00F0D214 /* KeychainService.swift in Sources */,
				0AA0C886207B780A0019E282 /* CrashlyticsLogger.swift in Sources */,
				0A3FAE87207B51EE00F0D214 /* LogFormatter.swift in Sources */,
				0A3FAE8A207B51EE00F0D214 /* BiometricService.swift in Sources */,
			);
			runOnlyForDeploymentPostprocessing = 0;
		};
/* End PBXSourcesBuildPhase section */

/* Begin PBXTargetDependency section */
		0A34BC92207B8D2C00636560 /* PBXTargetDependency */ = {
			isa = PBXTargetDependency;
			target = 0A34BC75207B8D0000636560 /* IdentityAccessPortAdapterDemo */;
			targetProxy = 0A34BC91207B8D2C00636560 /* PBXContainerItemProxy */;
		};
		0A3FAE74207B51CB00F0D214 /* PBXTargetDependency */ = {
			isa = PBXTargetDependency;
			target = 0A8BCFC52074CB1500BCD78D /* IdentityAccessPortAdapter */;
			targetProxy = 0A3FAE73207B51CB00F0D214 /* PBXContainerItemProxy */;
		};
/* End PBXTargetDependency section */

/* Begin PBXVariantGroup section */
		0A34BC7C207B8D0000636560 /* Main.storyboard */ = {
			isa = PBXVariantGroup;
			children = (
				0A34BC7D207B8D0000636560 /* Base */,
			);
			name = Main.storyboard;
			sourceTree = "<group>";
		};
		0A34BC81207B8D0100636560 /* LaunchScreen.storyboard */ = {
			isa = PBXVariantGroup;
			children = (
				0A34BC82207B8D0100636560 /* Base */,
			);
			name = LaunchScreen.storyboard;
			sourceTree = "<group>";
		};
/* End PBXVariantGroup section */

/* Begin XCBuildConfiguration section */
		0A34BC86207B8D0100636560 /* Debug */ = {
			isa = XCBuildConfiguration;
			buildSettings = {
				ASSETCATALOG_COMPILER_APPICON_NAME = AppIcon;
				CODE_SIGN_STYLE = Automatic;
				DEVELOPMENT_TEAM = MBAHRQRF52;
				FRAMEWORK_SEARCH_PATHS = (
					"$(inherited)",
					"$(PROJECT_DIR)",
				);
				INFOPLIST_FILE = IdentityAccessPortAdapterDemo/Info.plist;
				IPHONEOS_DEPLOYMENT_TARGET = 10.0;
				LD_RUNPATH_SEARCH_PATHS = (
					"$(inherited)",
					"@executable_path/Frameworks",
				);
				PRODUCT_BUNDLE_IDENTIFIER = pm.gnosis.IdentityAccessPortAdapterDemo;
				PRODUCT_NAME = "$(TARGET_NAME)";
				SWIFT_VERSION = 4.0;
				TARGETED_DEVICE_FAMILY = "1,2";
			};
			name = Debug;
		};
		0A34BC87207B8D0100636560 /* Release */ = {
			isa = XCBuildConfiguration;
			buildSettings = {
				ASSETCATALOG_COMPILER_APPICON_NAME = AppIcon;
				CODE_SIGN_STYLE = Automatic;
				DEVELOPMENT_TEAM = MBAHRQRF52;
				FRAMEWORK_SEARCH_PATHS = (
					"$(inherited)",
					"$(PROJECT_DIR)",
				);
				INFOPLIST_FILE = IdentityAccessPortAdapterDemo/Info.plist;
				IPHONEOS_DEPLOYMENT_TARGET = 10.0;
				LD_RUNPATH_SEARCH_PATHS = (
					"$(inherited)",
					"@executable_path/Frameworks",
				);
				PRODUCT_BUNDLE_IDENTIFIER = pm.gnosis.IdentityAccessPortAdapterDemo;
				PRODUCT_NAME = "$(TARGET_NAME)";
				SWIFT_VERSION = 4.0;
				TARGETED_DEVICE_FAMILY = "1,2";
			};
			name = Release;
		};
		0A34BC94207B8D2C00636560 /* Debug */ = {
			isa = XCBuildConfiguration;
			buildSettings = {
				BUNDLE_LOADER = "$(TEST_HOST)";
				CODE_SIGN_STYLE = Automatic;
				DEVELOPMENT_TEAM = MBAHRQRF52;
				INFOPLIST_FILE = IdentityAccessPortAdapterIntegrationTests/Info.plist;
				IPHONEOS_DEPLOYMENT_TARGET = 10.0;
				LD_RUNPATH_SEARCH_PATHS = (
					"$(inherited)",
					"@executable_path/Frameworks",
					"@loader_path/Frameworks",
				);
				PRODUCT_BUNDLE_IDENTIFIER = pm.gnosis.IdentityAccessPortAdapterIntegrationTests;
				PRODUCT_NAME = "$(TARGET_NAME)";
				SWIFT_VERSION = 4.0;
				TARGETED_DEVICE_FAMILY = "1,2";
				TEST_HOST = "$(BUILT_PRODUCTS_DIR)/IdentityAccessPortAdapterDemo.app/IdentityAccessPortAdapterDemo";
			};
			name = Debug;
		};
		0A34BC95207B8D2C00636560 /* Release */ = {
			isa = XCBuildConfiguration;
			buildSettings = {
				BUNDLE_LOADER = "$(TEST_HOST)";
				CODE_SIGN_STYLE = Automatic;
				DEVELOPMENT_TEAM = MBAHRQRF52;
				INFOPLIST_FILE = IdentityAccessPortAdapterIntegrationTests/Info.plist;
				IPHONEOS_DEPLOYMENT_TARGET = 10.0;
				LD_RUNPATH_SEARCH_PATHS = (
					"$(inherited)",
					"@executable_path/Frameworks",
					"@loader_path/Frameworks",
				);
				PRODUCT_BUNDLE_IDENTIFIER = pm.gnosis.IdentityAccessPortAdapterIntegrationTests;
				PRODUCT_NAME = "$(TARGET_NAME)";
				SWIFT_VERSION = 4.0;
				TARGETED_DEVICE_FAMILY = "1,2";
				TEST_HOST = "$(BUILT_PRODUCTS_DIR)/IdentityAccessPortAdapterDemo.app/IdentityAccessPortAdapterDemo";
			};
			name = Release;
		};
		0A3FAE76207B51CB00F0D214 /* Debug */ = {
			isa = XCBuildConfiguration;
			buildSettings = {
				CODE_SIGN_STYLE = Automatic;
				DEVELOPMENT_TEAM = MBAHRQRF52;
				INFOPLIST_FILE = IdentityAccessPortAdapterTests/Info.plist;
				IPHONEOS_DEPLOYMENT_TARGET = 11.3;
				LD_RUNPATH_SEARCH_PATHS = (
					"$(inherited)",
					"@executable_path/Frameworks",
					"@loader_path/Frameworks",
				);
				OTHER_LDFLAGS = (
					"-framework",
					"\"Crashlytics\"",
					"-framework",
					"\"Fabric\"",
				);
				PRODUCT_BUNDLE_IDENTIFIER = pm.gnosis.IdentityAccessPortAdapterTests;
				PRODUCT_NAME = "$(TARGET_NAME)";
				SWIFT_VERSION = 4.0;
				TARGETED_DEVICE_FAMILY = "1,2";
			};
			name = Debug;
		};
		0A3FAE77207B51CB00F0D214 /* Release */ = {
			isa = XCBuildConfiguration;
			buildSettings = {
				CODE_SIGN_STYLE = Automatic;
				DEVELOPMENT_TEAM = MBAHRQRF52;
				INFOPLIST_FILE = IdentityAccessPortAdapterTests/Info.plist;
				IPHONEOS_DEPLOYMENT_TARGET = 11.3;
				LD_RUNPATH_SEARCH_PATHS = (
					"$(inherited)",
					"@executable_path/Frameworks",
					"@loader_path/Frameworks",
				);
				OTHER_LDFLAGS = (
					"-framework",
					"\"Crashlytics\"",
					"-framework",
					"\"Fabric\"",
				);
				PRODUCT_BUNDLE_IDENTIFIER = pm.gnosis.IdentityAccessPortAdapterTests;
				PRODUCT_NAME = "$(TARGET_NAME)";
				SWIFT_VERSION = 4.0;
				TARGETED_DEVICE_FAMILY = "1,2";
			};
			name = Release;
		};
		0A3FAEA2207B535D00F0D214 /* Debug */ = {
			isa = XCBuildConfiguration;
			buildSettings = {
				CODE_SIGN_STYLE = Automatic;
				DEVELOPMENT_TEAM = MBAHRQRF52;
				IPHONEOS_DEPLOYMENT_TARGET = 10.0;
				OTHER_LDFLAGS = "-ObjC";
				PRODUCT_NAME = "$(TARGET_NAME)";
				SKIP_INSTALL = YES;
				SWIFT_VERSION = 4.0;
				TARGETED_DEVICE_FAMILY = "1,2";
			};
			name = Debug;
		};
		0A3FAEA3207B535D00F0D214 /* Release */ = {
			isa = XCBuildConfiguration;
			buildSettings = {
				CODE_SIGN_STYLE = Automatic;
				DEVELOPMENT_TEAM = MBAHRQRF52;
				IPHONEOS_DEPLOYMENT_TARGET = 10.0;
				OTHER_LDFLAGS = "-ObjC";
				PRODUCT_NAME = "$(TARGET_NAME)";
				SKIP_INSTALL = YES;
				SWIFT_VERSION = 4.0;
				TARGETED_DEVICE_FAMILY = "1,2";
			};
			name = Release;
		};
		0A8BCFCB2074CB1500BCD78D /* Debug */ = {
			isa = XCBuildConfiguration;
			baseConfigurationReference = 0A2A232D207B583C00EB61DD /* Config.xcconfig */;
			buildSettings = {
				ALWAYS_SEARCH_USER_PATHS = NO;
				CLANG_ANALYZER_NONNULL = YES;
				CLANG_ANALYZER_NUMBER_OBJECT_CONVERSION = YES_AGGRESSIVE;
				CLANG_CXX_LANGUAGE_STANDARD = "gnu++14";
				CLANG_CXX_LIBRARY = "libc++";
				CLANG_ENABLE_MODULES = YES;
				CLANG_ENABLE_OBJC_ARC = YES;
				CLANG_ENABLE_OBJC_WEAK = YES;
				CLANG_WARN_BLOCK_CAPTURE_AUTORELEASING = YES;
				CLANG_WARN_BOOL_CONVERSION = YES;
				CLANG_WARN_COMMA = YES;
				CLANG_WARN_CONSTANT_CONVERSION = YES;
				CLANG_WARN_DEPRECATED_OBJC_IMPLEMENTATIONS = YES;
				CLANG_WARN_DIRECT_OBJC_ISA_USAGE = YES_ERROR;
				CLANG_WARN_DOCUMENTATION_COMMENTS = YES;
				CLANG_WARN_EMPTY_BODY = YES;
				CLANG_WARN_ENUM_CONVERSION = YES;
				CLANG_WARN_INFINITE_RECURSION = YES;
				CLANG_WARN_INT_CONVERSION = YES;
				CLANG_WARN_NON_LITERAL_NULL_CONVERSION = YES;
				CLANG_WARN_OBJC_IMPLICIT_RETAIN_SELF = YES;
				CLANG_WARN_OBJC_LITERAL_CONVERSION = YES;
				CLANG_WARN_OBJC_ROOT_CLASS = YES_ERROR;
				CLANG_WARN_RANGE_LOOP_ANALYSIS = YES;
				CLANG_WARN_STRICT_PROTOTYPES = YES;
				CLANG_WARN_SUSPICIOUS_MOVE = YES;
				CLANG_WARN_UNGUARDED_AVAILABILITY = YES_AGGRESSIVE;
				CLANG_WARN_UNREACHABLE_CODE = YES;
				CLANG_WARN__DUPLICATE_METHOD_MATCH = YES;
				CODE_SIGN_IDENTITY = "iPhone Developer";
				COPY_PHASE_STRIP = NO;
				DEBUG_INFORMATION_FORMAT = dwarf;
				ENABLE_STRICT_OBJC_MSGSEND = YES;
				ENABLE_TESTABILITY = YES;
				GCC_C_LANGUAGE_STANDARD = gnu11;
				GCC_DYNAMIC_NO_PIC = NO;
				GCC_NO_COMMON_BLOCKS = YES;
				GCC_OPTIMIZATION_LEVEL = 0;
				GCC_PREPROCESSOR_DEFINITIONS = (
					"DEBUG=1",
					"$(inherited)",
				);
				GCC_WARN_64_TO_32_BIT_CONVERSION = YES;
				GCC_WARN_ABOUT_RETURN_TYPE = YES_ERROR;
				GCC_WARN_UNDECLARED_SELECTOR = YES;
				GCC_WARN_UNINITIALIZED_AUTOS = YES_AGGRESSIVE;
				GCC_WARN_UNUSED_FUNCTION = YES;
				GCC_WARN_UNUSED_VARIABLE = YES;
				IPHONEOS_DEPLOYMENT_TARGET = 10.0;
				MTL_ENABLE_DEBUG_INFO = YES;
				ONLY_ACTIVE_ARCH = YES;
				SDKROOT = iphoneos;
				SWIFT_ACTIVE_COMPILATION_CONDITIONS = DEBUG;
				SWIFT_OPTIMIZATION_LEVEL = "-Onone";
				VALID_ARCHS = "arm64 armv7 armv7s x86_64 i386";
			};
			name = Debug;
		};
		0A8BCFCC2074CB1500BCD78D /* Release */ = {
			isa = XCBuildConfiguration;
			baseConfigurationReference = 0A2A232D207B583C00EB61DD /* Config.xcconfig */;
			buildSettings = {
				ALWAYS_SEARCH_USER_PATHS = NO;
				CLANG_ANALYZER_NONNULL = YES;
				CLANG_ANALYZER_NUMBER_OBJECT_CONVERSION = YES_AGGRESSIVE;
				CLANG_CXX_LANGUAGE_STANDARD = "gnu++14";
				CLANG_CXX_LIBRARY = "libc++";
				CLANG_ENABLE_MODULES = YES;
				CLANG_ENABLE_OBJC_ARC = YES;
				CLANG_ENABLE_OBJC_WEAK = YES;
				CLANG_WARN_BLOCK_CAPTURE_AUTORELEASING = YES;
				CLANG_WARN_BOOL_CONVERSION = YES;
				CLANG_WARN_COMMA = YES;
				CLANG_WARN_CONSTANT_CONVERSION = YES;
				CLANG_WARN_DEPRECATED_OBJC_IMPLEMENTATIONS = YES;
				CLANG_WARN_DIRECT_OBJC_ISA_USAGE = YES_ERROR;
				CLANG_WARN_DOCUMENTATION_COMMENTS = YES;
				CLANG_WARN_EMPTY_BODY = YES;
				CLANG_WARN_ENUM_CONVERSION = YES;
				CLANG_WARN_INFINITE_RECURSION = YES;
				CLANG_WARN_INT_CONVERSION = YES;
				CLANG_WARN_NON_LITERAL_NULL_CONVERSION = YES;
				CLANG_WARN_OBJC_IMPLICIT_RETAIN_SELF = YES;
				CLANG_WARN_OBJC_LITERAL_CONVERSION = YES;
				CLANG_WARN_OBJC_ROOT_CLASS = YES_ERROR;
				CLANG_WARN_RANGE_LOOP_ANALYSIS = YES;
				CLANG_WARN_STRICT_PROTOTYPES = YES;
				CLANG_WARN_SUSPICIOUS_MOVE = YES;
				CLANG_WARN_UNGUARDED_AVAILABILITY = YES_AGGRESSIVE;
				CLANG_WARN_UNREACHABLE_CODE = YES;
				CLANG_WARN__DUPLICATE_METHOD_MATCH = YES;
				CODE_SIGN_IDENTITY = "iPhone Developer";
				COPY_PHASE_STRIP = NO;
				DEBUG_INFORMATION_FORMAT = "dwarf-with-dsym";
				ENABLE_NS_ASSERTIONS = NO;
				ENABLE_STRICT_OBJC_MSGSEND = YES;
				GCC_C_LANGUAGE_STANDARD = gnu11;
				GCC_NO_COMMON_BLOCKS = YES;
				GCC_WARN_64_TO_32_BIT_CONVERSION = YES;
				GCC_WARN_ABOUT_RETURN_TYPE = YES_ERROR;
				GCC_WARN_UNDECLARED_SELECTOR = YES;
				GCC_WARN_UNINITIALIZED_AUTOS = YES_AGGRESSIVE;
				GCC_WARN_UNUSED_FUNCTION = YES;
				GCC_WARN_UNUSED_VARIABLE = YES;
				IPHONEOS_DEPLOYMENT_TARGET = 10.0;
				MTL_ENABLE_DEBUG_INFO = NO;
				SDKROOT = iphoneos;
				SWIFT_COMPILATION_MODE = wholemodule;
				SWIFT_OPTIMIZATION_LEVEL = "-O";
				VALIDATE_PRODUCT = YES;
				VALID_ARCHS = "arm64 armv7 armv7s x86_64 i386";
			};
			name = Release;
		};
		0A8BCFCE2074CB1500BCD78D /* Debug */ = {
			isa = XCBuildConfiguration;
			buildSettings = {
				CLANG_ENABLE_MODULES = YES;
				CODE_SIGN_STYLE = Automatic;
				DEVELOPMENT_TEAM = MBAHRQRF52;
				LD_RUNPATH_SEARCH_PATHS = (
					"$(inherited)",
					"@executable_path/Frameworks",
					"@loader_path/Frameworks",
				);
				OTHER_LDFLAGS = (
					"-ObjC",
					"-framework",
					"\"Crashlytics\"",
					"-framework",
					"\"Fabric\"",
				);
				PRODUCT_NAME = "$(TARGET_NAME)";
				SKIP_INSTALL = YES;
				SWIFT_OBJC_BRIDGING_HEADER = "IdentityAccessPortAdapter/IdentityAccessPortAdapter-Bridging-Header.h";
				SWIFT_OPTIMIZATION_LEVEL = "-Onone";
				SWIFT_VERSION = 4.0;
				TARGETED_DEVICE_FAMILY = "1,2";
			};
			name = Debug;
		};
		0A8BCFCF2074CB1500BCD78D /* Release */ = {
			isa = XCBuildConfiguration;
			buildSettings = {
				CLANG_ENABLE_MODULES = YES;
				CODE_SIGN_STYLE = Automatic;
				DEVELOPMENT_TEAM = MBAHRQRF52;
				LD_RUNPATH_SEARCH_PATHS = (
					"$(inherited)",
					"@executable_path/Frameworks",
					"@loader_path/Frameworks",
				);
				OTHER_LDFLAGS = (
					"-ObjC",
					"-framework",
					"\"Crashlytics\"",
					"-framework",
					"\"Fabric\"",
				);
				PRODUCT_NAME = "$(TARGET_NAME)";
				SKIP_INSTALL = YES;
				SWIFT_OBJC_BRIDGING_HEADER = "IdentityAccessPortAdapter/IdentityAccessPortAdapter-Bridging-Header.h";
				SWIFT_VERSION = 4.0;
				TARGETED_DEVICE_FAMILY = "1,2";
			};
			name = Release;
		};
/* End XCBuildConfiguration section */

/* Begin XCConfigurationList section */
		0A34BC85207B8D0100636560 /* Build configuration list for PBXNativeTarget "IdentityAccessPortAdapterDemo" */ = {
			isa = XCConfigurationList;
			buildConfigurations = (
				0A34BC86207B8D0100636560 /* Debug */,
				0A34BC87207B8D0100636560 /* Release */,
			);
			defaultConfigurationIsVisible = 0;
			defaultConfigurationName = Release;
		};
		0A34BC93207B8D2C00636560 /* Build configuration list for PBXNativeTarget "IdentityAccessPortAdapterIntegrationTests" */ = {
			isa = XCConfigurationList;
			buildConfigurations = (
				0A34BC94207B8D2C00636560 /* Debug */,
				0A34BC95207B8D2C00636560 /* Release */,
			);
			defaultConfigurationIsVisible = 0;
			defaultConfigurationName = Release;
		};
		0A3FAE75207B51CB00F0D214 /* Build configuration list for PBXNativeTarget "IdentityAccessPortAdapterTests" */ = {
			isa = XCConfigurationList;
			buildConfigurations = (
				0A3FAE76207B51CB00F0D214 /* Debug */,
				0A3FAE77207B51CB00F0D214 /* Release */,
			);
			defaultConfigurationIsVisible = 0;
			defaultConfigurationName = Release;
		};
		0A3FAEA1207B535D00F0D214 /* Build configuration list for PBXNativeTarget "IdentityAccessPortAdapterTestSupport" */ = {
			isa = XCConfigurationList;
			buildConfigurations = (
				0A3FAEA2207B535D00F0D214 /* Debug */,
				0A3FAEA3207B535D00F0D214 /* Release */,
			);
			defaultConfigurationIsVisible = 0;
			defaultConfigurationName = Release;
		};
		0A8BCFC12074CB1500BCD78D /* Build configuration list for PBXProject "IdentityAccessPortAdapter" */ = {
			isa = XCConfigurationList;
			buildConfigurations = (
				0A8BCFCB2074CB1500BCD78D /* Debug */,
				0A8BCFCC2074CB1500BCD78D /* Release */,
			);
			defaultConfigurationIsVisible = 0;
			defaultConfigurationName = Release;
		};
		0A8BCFCD2074CB1500BCD78D /* Build configuration list for PBXNativeTarget "IdentityAccessPortAdapter" */ = {
			isa = XCConfigurationList;
			buildConfigurations = (
				0A8BCFCE2074CB1500BCD78D /* Debug */,
				0A8BCFCF2074CB1500BCD78D /* Release */,
			);
			defaultConfigurationIsVisible = 0;
			defaultConfigurationName = Release;
		};
/* End XCConfigurationList section */
	};
	rootObject = 0A8BCFBE2074CB1500BCD78D /* Project object */;
}
