// !$*UTF8*$!
{
	archiveVersion = 1;
	classes = {
	};
	objectVersion = 50;
	objects = {

/* Begin PBXBuildFile section */
		0A537A8F207CE74100921FB9 /* Account.swift in Sources */ = {isa = PBXBuildFile; fileRef = 0A537A7E207CE74000921FB9 /* Account.swift */; };
		0A537A92207CE74100921FB9 /* UserDefaultKeys.swift in Sources */ = {isa = PBXBuildFile; fileRef = 0A537A81207CE74000921FB9 /* UserDefaultKeys.swift */; };
		0A537A93207CE74100921FB9 /* KeyValueStore.swift in Sources */ = {isa = PBXBuildFile; fileRef = 0A537A82207CE74000921FB9 /* KeyValueStore.swift */; };
		0A537A94207CE74100921FB9 /* Logger.swift in Sources */ = {isa = PBXBuildFile; fileRef = 0A537A83207CE74000921FB9 /* Logger.swift */; };
		0A537A95207CE74100921FB9 /* SecureStore.swift in Sources */ = {isa = PBXBuildFile; fileRef = 0A537A84207CE74000921FB9 /* SecureStore.swift */; };
		0A537A96207CE74100921FB9 /* Session.swift in Sources */ = {isa = PBXBuildFile; fileRef = 0A537A85207CE74000921FB9 /* Session.swift */; };
		0A537A97207CE74100921FB9 /* EthereumAccount.swift in Sources */ = {isa = PBXBuildFile; fileRef = 0A537A86207CE74000921FB9 /* EthereumAccount.swift */; };
		0A537A98207CE74100921FB9 /* DomainRegistry.swift in Sources */ = {isa = PBXBuildFile; fileRef = 0A537A87207CE74100921FB9 /* DomainRegistry.swift */; };
		0A537A99207CE74100921FB9 /* Clock.swift in Sources */ = {isa = PBXBuildFile; fileRef = 0A537A88207CE74100921FB9 /* Clock.swift */; };
		0A537A9A207CE74100921FB9 /* BiometricAuthenticationService.swift in Sources */ = {isa = PBXBuildFile; fileRef = 0A537A89207CE74100921FB9 /* BiometricAuthenticationService.swift */; };
		0A537A9B207CE74100921FB9 /* EncryptionService.swift in Sources */ = {isa = PBXBuildFile; fileRef = 0A537A8A207CE74100921FB9 /* EncryptionService.swift */; };
		0A537A9E207CE74100921FB9 /* LoggableError.swift in Sources */ = {isa = PBXBuildFile; fileRef = 0A537A8D207CE74100921FB9 /* LoggableError.swift */; };
		0A537AAC207CEA0100921FB9 /* libIdentityAccessDomainModel.a in Frameworks */ = {isa = PBXBuildFile; fileRef = 0A537A64207CE5BC00921FB9 /* libIdentityAccessDomainModel.a */; };
		0A537AB3207CEAC700921FB9 /* MockAccount.swift in Sources */ = {isa = PBXBuildFile; fileRef = 0A537A8B207CE74100921FB9 /* MockAccount.swift */; };
		0A537AB4207CEAC700921FB9 /* AccountTests.swift in Sources */ = {isa = PBXBuildFile; fileRef = 0A537A7F207CE74000921FB9 /* AccountTests.swift */; };
		0A537AB5207CEAC700921FB9 /* DomainRegistryTests.swift in Sources */ = {isa = PBXBuildFile; fileRef = 0A537A80207CE74000921FB9 /* DomainRegistryTests.swift */; };
		0A537AB6207CEAC700921FB9 /* SessionTests.swift in Sources */ = {isa = PBXBuildFile; fileRef = 0A537A7D207CE74000921FB9 /* SessionTests.swift */; };
		0A537AB7207CEBB100921FB9 /* DomainTestCase.swift in Sources */ = {isa = PBXBuildFile; fileRef = 0A537A8C207CE74100921FB9 /* DomainTestCase.swift */; };
		0A537ADA207CEE1100921FB9 /* InMemoryUserDefaults.swift in Sources */ = {isa = PBXBuildFile; fileRef = 0A537AD7207CEE1100921FB9 /* InMemoryUserDefaults.swift */; };
		0A537ADB207CEE1100921FB9 /* MockBiometricService.swift in Sources */ = {isa = PBXBuildFile; fileRef = 0A537AD8207CEE1100921FB9 /* MockBiometricService.swift */; };
		0A537ADC207CEE1100921FB9 /* MockKeychain.swift in Sources */ = {isa = PBXBuildFile; fileRef = 0A537AD9207CEE1100921FB9 /* MockKeychain.swift */; };
		0A537AE0207CEE7300921FB9 /* MockClockService.swift in Sources */ = {isa = PBXBuildFile; fileRef = 0A537ADE207CEE7200921FB9 /* MockClockService.swift */; };
		0A537AE1207CEE7300921FB9 /* MockSecureStore.swift in Sources */ = {isa = PBXBuildFile; fileRef = 0A537ADF207CEE7300921FB9 /* MockSecureStore.swift */; };
		0A537AE5207CEFED00921FB9 /* InMemoryKeyValueStore.swift in Sources */ = {isa = PBXBuildFile; fileRef = 0A537AE4207CEFED00921FB9 /* InMemoryKeyValueStore.swift */; };
		0A537AE7207CF00D00921FB9 /* MockEncryptionService.swift in Sources */ = {isa = PBXBuildFile; fileRef = 0A537AE6207CF00D00921FB9 /* MockEncryptionService.swift */; };
		0A537AE9207CF02C00921FB9 /* MockLogger.swift in Sources */ = {isa = PBXBuildFile; fileRef = 0A537AE8207CF02C00921FB9 /* MockLogger.swift */; };
		0A537AEB207CF0F900921FB9 /* libCommon.a in Frameworks */ = {isa = PBXBuildFile; fileRef = 0A537AEA207CF0F900921FB9 /* libCommon.a */; };
		0A537AED207CF10000921FB9 /* libCommonTestSupport.a in Frameworks */ = {isa = PBXBuildFile; fileRef = 0A537AEC207CF10000921FB9 /* libCommonTestSupport.a */; };
		0A537AEF207CF18B00921FB9 /* libCommonTestSupport.a in Frameworks */ = {isa = PBXBuildFile; fileRef = 0A537AEE207CF18B00921FB9 /* libCommonTestSupport.a */; };
		0A537AF0207CF1A200921FB9 /* libIdentityAccessImplementations.a in Frameworks */ = {isa = PBXBuildFile; fileRef = 0A537ACD207CEDAE00921FB9 /* libIdentityAccessImplementations.a */; };
/* End PBXBuildFile section */

/* Begin PBXContainerItemProxy section */
		0A537AAD207CEA0100921FB9 /* PBXContainerItemProxy */ = {
			isa = PBXContainerItemProxy;
			containerPortal = 0AF2818F2074C18B00D3843D /* Project object */;
			proxyType = 1;
			remoteGlobalIDString = 0A537A63207CE5BC00921FB9;
			remoteInfo = IdentityAccessDomainModel;
		};
		0A537AD4207CEDD400921FB9 /* PBXContainerItemProxy */ = {
			isa = PBXContainerItemProxy;
			containerPortal = 0AF2818F2074C18B00D3843D /* Project object */;
			proxyType = 1;
			remoteGlobalIDString = 0A537A63207CE5BC00921FB9;
			remoteInfo = IdentityAccessDomainModel;
		};
		0A537AE2207CEF0D00921FB9 /* PBXContainerItemProxy */ = {
			isa = PBXContainerItemProxy;
			containerPortal = 0AF2818F2074C18B00D3843D /* Project object */;
			proxyType = 1;
			remoteGlobalIDString = 0A537ACC207CEDAE00921FB9;
			remoteInfo = IdentityAccessImplementations;
		};
/* End PBXContainerItemProxy section */

/* Begin PBXCopyFilesBuildPhase section */
		0A537A62207CE5BC00921FB9 /* CopyFiles */ = {
			isa = PBXCopyFilesBuildPhase;
			buildActionMask = 2147483647;
			dstPath = "include/$(PRODUCT_NAME)";
			dstSubfolderSpec = 16;
			files = (
			);
			runOnlyForDeploymentPostprocessing = 0;
		};
		0A537ACB207CEDAE00921FB9 /* CopyFiles */ = {
			isa = PBXCopyFilesBuildPhase;
			buildActionMask = 2147483647;
			dstPath = "include/$(PRODUCT_NAME)";
			dstSubfolderSpec = 16;
			files = (
			);
			runOnlyForDeploymentPostprocessing = 0;
		};
/* End PBXCopyFilesBuildPhase section */

/* Begin PBXFileReference section */
		0A3FAEAC207B543700F0D214 /* Config.xcconfig */ = {isa = PBXFileReference; lastKnownFileType = text.xcconfig; path = Config.xcconfig; sourceTree = "<group>"; };
		0A537A64207CE5BC00921FB9 /* libIdentityAccessDomainModel.a */ = {isa = PBXFileReference; explicitFileType = archive.ar; includeInIndex = 0; path = libIdentityAccessDomainModel.a; sourceTree = BUILT_PRODUCTS_DIR; };
		0A537A7C207CE73F00921FB9 /* IdentityAccessDomainModel-Bridging-Header.h */ = {isa = PBXFileReference; lastKnownFileType = sourcecode.c.h; path = "IdentityAccessDomainModel-Bridging-Header.h"; sourceTree = "<group>"; };
		0A537A7D207CE74000921FB9 /* SessionTests.swift */ = {isa = PBXFileReference; fileEncoding = 4; lastKnownFileType = sourcecode.swift; path = SessionTests.swift; sourceTree = "<group>"; };
		0A537A7E207CE74000921FB9 /* Account.swift */ = {isa = PBXFileReference; fileEncoding = 4; lastKnownFileType = sourcecode.swift; path = Account.swift; sourceTree = "<group>"; };
		0A537A7F207CE74000921FB9 /* AccountTests.swift */ = {isa = PBXFileReference; fileEncoding = 4; lastKnownFileType = sourcecode.swift; path = AccountTests.swift; sourceTree = "<group>"; };
		0A537A80207CE74000921FB9 /* DomainRegistryTests.swift */ = {isa = PBXFileReference; fileEncoding = 4; lastKnownFileType = sourcecode.swift; path = DomainRegistryTests.swift; sourceTree = "<group>"; };
		0A537A81207CE74000921FB9 /* UserDefaultKeys.swift */ = {isa = PBXFileReference; fileEncoding = 4; lastKnownFileType = sourcecode.swift; path = UserDefaultKeys.swift; sourceTree = "<group>"; };
		0A537A82207CE74000921FB9 /* KeyValueStore.swift */ = {isa = PBXFileReference; fileEncoding = 4; lastKnownFileType = sourcecode.swift; path = KeyValueStore.swift; sourceTree = "<group>"; };
		0A537A83207CE74000921FB9 /* Logger.swift */ = {isa = PBXFileReference; fileEncoding = 4; lastKnownFileType = sourcecode.swift; path = Logger.swift; sourceTree = "<group>"; };
		0A537A84207CE74000921FB9 /* SecureStore.swift */ = {isa = PBXFileReference; fileEncoding = 4; lastKnownFileType = sourcecode.swift; path = SecureStore.swift; sourceTree = "<group>"; };
		0A537A85207CE74000921FB9 /* Session.swift */ = {isa = PBXFileReference; fileEncoding = 4; lastKnownFileType = sourcecode.swift; path = Session.swift; sourceTree = "<group>"; };
		0A537A86207CE74000921FB9 /* EthereumAccount.swift */ = {isa = PBXFileReference; fileEncoding = 4; lastKnownFileType = sourcecode.swift; path = EthereumAccount.swift; sourceTree = "<group>"; };
		0A537A87207CE74100921FB9 /* DomainRegistry.swift */ = {isa = PBXFileReference; fileEncoding = 4; lastKnownFileType = sourcecode.swift; path = DomainRegistry.swift; sourceTree = "<group>"; };
		0A537A88207CE74100921FB9 /* Clock.swift */ = {isa = PBXFileReference; fileEncoding = 4; lastKnownFileType = sourcecode.swift; path = Clock.swift; sourceTree = "<group>"; };
		0A537A89207CE74100921FB9 /* BiometricAuthenticationService.swift */ = {isa = PBXFileReference; fileEncoding = 4; lastKnownFileType = sourcecode.swift; path = BiometricAuthenticationService.swift; sourceTree = "<group>"; };
		0A537A8A207CE74100921FB9 /* EncryptionService.swift */ = {isa = PBXFileReference; fileEncoding = 4; lastKnownFileType = sourcecode.swift; path = EncryptionService.swift; sourceTree = "<group>"; };
		0A537A8B207CE74100921FB9 /* MockAccount.swift */ = {isa = PBXFileReference; fileEncoding = 4; lastKnownFileType = sourcecode.swift; path = MockAccount.swift; sourceTree = "<group>"; };
		0A537A8C207CE74100921FB9 /* DomainTestCase.swift */ = {isa = PBXFileReference; fileEncoding = 4; lastKnownFileType = sourcecode.swift; path = DomainTestCase.swift; sourceTree = "<group>"; };
		0A537A8D207CE74100921FB9 /* LoggableError.swift */ = {isa = PBXFileReference; fileEncoding = 4; lastKnownFileType = sourcecode.swift; path = LoggableError.swift; sourceTree = "<group>"; };
		0A537AA7207CEA0100921FB9 /* IdentityAccessDomainModelTests.xctest */ = {isa = PBXFileReference; explicitFileType = wrapper.cfbundle; includeInIndex = 0; path = IdentityAccessDomainModelTests.xctest; sourceTree = BUILT_PRODUCTS_DIR; };
		0A537AAB207CEA0100921FB9 /* Tests-Info.plist */ = {isa = PBXFileReference; lastKnownFileType = text.plist.xml; path = "Tests-Info.plist"; sourceTree = "<group>"; };
		0A537ACD207CEDAE00921FB9 /* libIdentityAccessImplementations.a */ = {isa = PBXFileReference; explicitFileType = archive.ar; includeInIndex = 0; path = libIdentityAccessImplementations.a; sourceTree = BUILT_PRODUCTS_DIR; };
		0A537AD6207CEE1000921FB9 /* IdentityAccessImplementations-Bridging-Header.h */ = {isa = PBXFileReference; lastKnownFileType = sourcecode.c.h; path = "IdentityAccessImplementations-Bridging-Header.h"; sourceTree = "<group>"; };
		0A537AD7207CEE1100921FB9 /* InMemoryUserDefaults.swift */ = {isa = PBXFileReference; fileEncoding = 4; lastKnownFileType = sourcecode.swift; path = InMemoryUserDefaults.swift; sourceTree = "<group>"; };
		0A537AD8207CEE1100921FB9 /* MockBiometricService.swift */ = {isa = PBXFileReference; fileEncoding = 4; lastKnownFileType = sourcecode.swift; path = MockBiometricService.swift; sourceTree = "<group>"; };
		0A537AD9207CEE1100921FB9 /* MockKeychain.swift */ = {isa = PBXFileReference; fileEncoding = 4; lastKnownFileType = sourcecode.swift; path = MockKeychain.swift; sourceTree = "<group>"; };
		0A537ADE207CEE7200921FB9 /* MockClockService.swift */ = {isa = PBXFileReference; fileEncoding = 4; lastKnownFileType = sourcecode.swift; path = MockClockService.swift; sourceTree = "<group>"; };
		0A537ADF207CEE7300921FB9 /* MockSecureStore.swift */ = {isa = PBXFileReference; fileEncoding = 4; lastKnownFileType = sourcecode.swift; path = MockSecureStore.swift; sourceTree = "<group>"; };
		0A537AE4207CEFED00921FB9 /* InMemoryKeyValueStore.swift */ = {isa = PBXFileReference; lastKnownFileType = sourcecode.swift; path = InMemoryKeyValueStore.swift; sourceTree = "<group>"; };
		0A537AE6207CF00D00921FB9 /* MockEncryptionService.swift */ = {isa = PBXFileReference; lastKnownFileType = sourcecode.swift; path = MockEncryptionService.swift; sourceTree = "<group>"; };
		0A537AE8207CF02C00921FB9 /* MockLogger.swift */ = {isa = PBXFileReference; lastKnownFileType = sourcecode.swift; path = MockLogger.swift; sourceTree = "<group>"; };
		0A537AEA207CF0F900921FB9 /* libCommon.a */ = {isa = PBXFileReference; explicitFileType = archive.ar; path = libCommon.a; sourceTree = BUILT_PRODUCTS_DIR; };
		0A537AEC207CF10000921FB9 /* libCommonTestSupport.a */ = {isa = PBXFileReference; explicitFileType = archive.ar; path = libCommonTestSupport.a; sourceTree = BUILT_PRODUCTS_DIR; };
		0A537AEE207CF18B00921FB9 /* libCommonTestSupport.a */ = {isa = PBXFileReference; explicitFileType = archive.ar; path = libCommonTestSupport.a; sourceTree = BUILT_PRODUCTS_DIR; };
/* End PBXFileReference section */

/* Begin PBXFrameworksBuildPhase section */
		0A537A61207CE5BC00921FB9 /* Frameworks */ = {
			isa = PBXFrameworksBuildPhase;
			buildActionMask = 2147483647;
			files = (
				0A537AEB207CF0F900921FB9 /* libCommon.a in Frameworks */,
			);
			runOnlyForDeploymentPostprocessing = 0;
		};
		0A537AA4207CEA0100921FB9 /* Frameworks */ = {
			isa = PBXFrameworksBuildPhase;
			buildActionMask = 2147483647;
			files = (
				0A537AF0207CF1A200921FB9 /* libIdentityAccessImplementations.a in Frameworks */,
				0A537AEF207CF18B00921FB9 /* libCommonTestSupport.a in Frameworks */,
				0A537AAC207CEA0100921FB9 /* libIdentityAccessDomainModel.a in Frameworks */,
			);
			runOnlyForDeploymentPostprocessing = 0;
		};
		0A537ACA207CEDAE00921FB9 /* Frameworks */ = {
			isa = PBXFrameworksBuildPhase;
			buildActionMask = 2147483647;
			files = (
				0A537AED207CF10000921FB9 /* libCommonTestSupport.a in Frameworks */,
			);
			runOnlyForDeploymentPostprocessing = 0;
		};
/* End PBXFrameworksBuildPhase section */

/* Begin PBXGroup section */
		0A537A65207CE5BC00921FB9 /* IdentityAccessDomainModel */ = {
			isa = PBXGroup;
			children = (
				0A537A8C207CE74100921FB9 /* DomainTestCase.swift */,
				0A537A8B207CE74100921FB9 /* MockAccount.swift */,
				0A537A7E207CE74000921FB9 /* Account.swift */,
				0A537A7F207CE74000921FB9 /* AccountTests.swift */,
				0A537A87207CE74100921FB9 /* DomainRegistry.swift */,
				0A537A80207CE74000921FB9 /* DomainRegistryTests.swift */,
				0A537A86207CE74000921FB9 /* EthereumAccount.swift */,
				0A537A8D207CE74100921FB9 /* LoggableError.swift */,
				0A537A85207CE74000921FB9 /* Session.swift */,
				0A537A7D207CE74000921FB9 /* SessionTests.swift */,
				0A537A81207CE74000921FB9 /* UserDefaultKeys.swift */,
				0A537AA2207CE95900921FB9 /* Interfaces */,
				0A537AB2207CEA3900921FB9 /* XcodeBuildSupport */,
			);
			path = IdentityAccessDomainModel;
			sourceTree = "<group>";
		};
		0A537AA2207CE95900921FB9 /* Interfaces */ = {
			isa = PBXGroup;
			children = (
				0A537A89207CE74100921FB9 /* BiometricAuthenticationService.swift */,
				0A537A88207CE74100921FB9 /* Clock.swift */,
				0A537A8A207CE74100921FB9 /* EncryptionService.swift */,
				0A537A82207CE74000921FB9 /* KeyValueStore.swift */,
				0A537A83207CE74000921FB9 /* Logger.swift */,
				0A537A84207CE74000921FB9 /* SecureStore.swift */,
			);
			path = Interfaces;
			sourceTree = "<group>";
		};
		0A537AB2207CEA3900921FB9 /* XcodeBuildSupport */ = {
			isa = PBXGroup;
			children = (
				0A537A7C207CE73F00921FB9 /* IdentityAccessDomainModel-Bridging-Header.h */,
				0A537AAB207CEA0100921FB9 /* Tests-Info.plist */,
			);
			path = XcodeBuildSupport;
			sourceTree = "<group>";
		};
		0A537ACE207CEDAE00921FB9 /* IdentityAccessImplementations */ = {
			isa = PBXGroup;
			children = (
				0A537AD7207CEE1100921FB9 /* InMemoryUserDefaults.swift */,
				0A537AE4207CEFED00921FB9 /* InMemoryKeyValueStore.swift */,
				0A537AD8207CEE1100921FB9 /* MockBiometricService.swift */,
				0A537AD9207CEE1100921FB9 /* MockKeychain.swift */,
				0A537ADE207CEE7200921FB9 /* MockClockService.swift */,
				0A537ADF207CEE7300921FB9 /* MockSecureStore.swift */,
				0A537AE6207CF00D00921FB9 /* MockEncryptionService.swift */,
				0A537AE8207CF02C00921FB9 /* MockLogger.swift */,
				0A537ADD207CEE1600921FB9 /* XcodeBuildSupport */,
			);
			path = IdentityAccessImplementations;
			sourceTree = "<group>";
		};
		0A537ADD207CEE1600921FB9 /* XcodeBuildSupport */ = {
			isa = PBXGroup;
			children = (
				0A537AD6207CEE1000921FB9 /* IdentityAccessImplementations-Bridging-Header.h */,
			);
			path = XcodeBuildSupport;
			sourceTree = "<group>";
		};
		0AF2818E2074C18B00D3843D = {
			isa = PBXGroup;
			children = (
				0A3FAEAC207B543700F0D214 /* Config.xcconfig */,
				0A537A65207CE5BC00921FB9 /* IdentityAccessDomainModel */,
				0A537ACE207CEDAE00921FB9 /* IdentityAccessImplementations */,
				0AF281982074C18B00D3843D /* Products */,
				0AF281D32074C21B00D3843D /* Frameworks */,
			);
			sourceTree = "<group>";
		};
		0AF281982074C18B00D3843D /* Products */ = {
			isa = PBXGroup;
			children = (
				0A537A64207CE5BC00921FB9 /* libIdentityAccessDomainModel.a */,
				0A537AA7207CEA0100921FB9 /* IdentityAccessDomainModelTests.xctest */,
				0A537ACD207CEDAE00921FB9 /* libIdentityAccessImplementations.a */,
			);
			name = Products;
			sourceTree = "<group>";
		};
		0AF281D32074C21B00D3843D /* Frameworks */ = {
			isa = PBXGroup;
			children = (
				0A537AEE207CF18B00921FB9 /* libCommonTestSupport.a */,
				0A537AEC207CF10000921FB9 /* libCommonTestSupport.a */,
				0A537AEA207CF0F900921FB9 /* libCommon.a */,
			);
			name = Frameworks;
			sourceTree = "<group>";
		};
/* End PBXGroup section */

/* Begin PBXNativeTarget section */
		0A537A63207CE5BC00921FB9 /* IdentityAccessDomainModel */ = {
			isa = PBXNativeTarget;
			buildConfigurationList = 0A537A77207CE5BC00921FB9 /* Build configuration list for PBXNativeTarget "IdentityAccessDomainModel" */;
			buildPhases = (
				0A537A60207CE5BC00921FB9 /* Sources */,
				0A537A61207CE5BC00921FB9 /* Frameworks */,
				0A537A62207CE5BC00921FB9 /* CopyFiles */,
			);
			buildRules = (
			);
			dependencies = (
			);
			name = IdentityAccessDomainModel;
			productName = IdentityAccessDomainModel;
			productReference = 0A537A64207CE5BC00921FB9 /* libIdentityAccessDomainModel.a */;
			productType = "com.apple.product-type.library.static";
		};
		0A537AA6207CEA0100921FB9 /* IdentityAccessDomainModelTests */ = {
			isa = PBXNativeTarget;
			buildConfigurationList = 0A537AAF207CEA0100921FB9 /* Build configuration list for PBXNativeTarget "IdentityAccessDomainModelTests" */;
			buildPhases = (
				0A537AA3207CEA0100921FB9 /* Sources */,
				0A537AA4207CEA0100921FB9 /* Frameworks */,
				0A537AA5207CEA0100921FB9 /* Resources */,
			);
			buildRules = (
			);
			dependencies = (
				0A537AE3207CEF0D00921FB9 /* PBXTargetDependency */,
				0A537AAE207CEA0100921FB9 /* PBXTargetDependency */,
			);
			name = IdentityAccessDomainModelTests;
			productName = IdentityAccessDomainModelTests;
			productReference = 0A537AA7207CEA0100921FB9 /* IdentityAccessDomainModelTests.xctest */;
			productType = "com.apple.product-type.bundle.unit-test";
		};
		0A537ACC207CEDAE00921FB9 /* IdentityAccessImplementations */ = {
			isa = PBXNativeTarget;
			buildConfigurationList = 0A537AD1207CEDAE00921FB9 /* Build configuration list for PBXNativeTarget "IdentityAccessImplementations" */;
			buildPhases = (
				0A537AC9207CEDAE00921FB9 /* Sources */,
				0A537ACA207CEDAE00921FB9 /* Frameworks */,
				0A537ACB207CEDAE00921FB9 /* CopyFiles */,
			);
			buildRules = (
			);
			dependencies = (
				0A537AD5207CEDD400921FB9 /* PBXTargetDependency */,
			);
			name = IdentityAccessImplementations;
			productName = IdentityAccessImplementations;
			productReference = 0A537ACD207CEDAE00921FB9 /* libIdentityAccessImplementations.a */;
			productType = "com.apple.product-type.library.static";
		};
/* End PBXNativeTarget section */

/* Begin PBXProject section */
		0AF2818F2074C18B00D3843D /* Project object */ = {
			isa = PBXProject;
			attributes = {
				LastSwiftUpdateCheck = 0930;
				LastUpgradeCheck = 0930;
				ORGANIZATIONNAME = Gnosis;
				TargetAttributes = {
					0A537A63207CE5BC00921FB9 = {
						CreatedOnToolsVersion = 9.3;
						LastSwiftMigration = 0930;
					};
					0A537AA6207CEA0100921FB9 = {
						CreatedOnToolsVersion = 9.3;
					};
					0A537ACC207CEDAE00921FB9 = {
						CreatedOnToolsVersion = 9.3;
						LastSwiftMigration = 0930;
					};
				};
			};
			buildConfigurationList = 0AF281922074C18B00D3843D /* Build configuration list for PBXProject "IdentityAccess" */;
			compatibilityVersion = "Xcode 9.3";
			developmentRegion = en;
			hasScannedForEncodings = 0;
			knownRegions = (
				en,
			);
			mainGroup = 0AF2818E2074C18B00D3843D;
			productRefGroup = 0AF281982074C18B00D3843D /* Products */;
			projectDirPath = "";
			projectRoot = "";
			targets = (
				0A537A63207CE5BC00921FB9 /* IdentityAccessDomainModel */,
				0A537AA6207CEA0100921FB9 /* IdentityAccessDomainModelTests */,
				0A537ACC207CEDAE00921FB9 /* IdentityAccessImplementations */,
			);
		};
/* End PBXProject section */

/* Begin PBXResourcesBuildPhase section */
		0A537AA5207CEA0100921FB9 /* Resources */ = {
			isa = PBXResourcesBuildPhase;
			buildActionMask = 2147483647;
			files = (
			);
			runOnlyForDeploymentPostprocessing = 0;
		};
/* End PBXResourcesBuildPhase section */

/* Begin PBXSourcesBuildPhase section */
		0A537A60207CE5BC00921FB9 /* Sources */ = {
			isa = PBXSourcesBuildPhase;
			buildActionMask = 2147483647;
			files = (
				0A537A95207CE74100921FB9 /* SecureStore.swift in Sources */,
				0A537A98207CE74100921FB9 /* DomainRegistry.swift in Sources */,
				0A537A92207CE74100921FB9 /* UserDefaultKeys.swift in Sources */,
				0A537A99207CE74100921FB9 /* Clock.swift in Sources */,
				0A537A94207CE74100921FB9 /* Logger.swift in Sources */,
				0A537A9B207CE74100921FB9 /* EncryptionService.swift in Sources */,
				0A537A97207CE74100921FB9 /* EthereumAccount.swift in Sources */,
				0A537A8F207CE74100921FB9 /* Account.swift in Sources */,
				0A537A9A207CE74100921FB9 /* BiometricAuthenticationService.swift in Sources */,
				0A537A93207CE74100921FB9 /* KeyValueStore.swift in Sources */,
				0A537A96207CE74100921FB9 /* Session.swift in Sources */,
				0A537A9E207CE74100921FB9 /* LoggableError.swift in Sources */,
			);
			runOnlyForDeploymentPostprocessing = 0;
		};
		0A537AA3207CEA0100921FB9 /* Sources */ = {
			isa = PBXSourcesBuildPhase;
			buildActionMask = 2147483647;
			files = (
				0A537AB7207CEBB100921FB9 /* DomainTestCase.swift in Sources */,
				0A537AB6207CEAC700921FB9 /* SessionTests.swift in Sources */,
				0A537AB3207CEAC700921FB9 /* MockAccount.swift in Sources */,
				0A537AB5207CEAC700921FB9 /* DomainRegistryTests.swift in Sources */,
				0A537AB4207CEAC700921FB9 /* AccountTests.swift in Sources */,
			);
			runOnlyForDeploymentPostprocessing = 0;
		};
		0A537AC9207CEDAE00921FB9 /* Sources */ = {
			isa = PBXSourcesBuildPhase;
			buildActionMask = 2147483647;
			files = (
				0A537AE0207CEE7300921FB9 /* MockClockService.swift in Sources */,
				0A537ADB207CEE1100921FB9 /* MockBiometricService.swift in Sources */,
				0A537AE1207CEE7300921FB9 /* MockSecureStore.swift in Sources */,
				0A537ADC207CEE1100921FB9 /* MockKeychain.swift in Sources */,
				0A537AE7207CF00D00921FB9 /* MockEncryptionService.swift in Sources */,
				0A537AE9207CF02C00921FB9 /* MockLogger.swift in Sources */,
				0A537ADA207CEE1100921FB9 /* InMemoryUserDefaults.swift in Sources */,
				0A537AE5207CEFED00921FB9 /* InMemoryKeyValueStore.swift in Sources */,
			);
			runOnlyForDeploymentPostprocessing = 0;
		};
/* End PBXSourcesBuildPhase section */

/* Begin PBXTargetDependency section */
		0A537AAE207CEA0100921FB9 /* PBXTargetDependency */ = {
			isa = PBXTargetDependency;
			target = 0A537A63207CE5BC00921FB9 /* IdentityAccessDomainModel */;
			targetProxy = 0A537AAD207CEA0100921FB9 /* PBXContainerItemProxy */;
		};
		0A537AD5207CEDD400921FB9 /* PBXTargetDependency */ = {
			isa = PBXTargetDependency;
			target = 0A537A63207CE5BC00921FB9 /* IdentityAccessDomainModel */;
			targetProxy = 0A537AD4207CEDD400921FB9 /* PBXContainerItemProxy */;
		};
		0A537AE3207CEF0D00921FB9 /* PBXTargetDependency */ = {
			isa = PBXTargetDependency;
			target = 0A537ACC207CEDAE00921FB9 /* IdentityAccessImplementations */;
			targetProxy = 0A537AE2207CEF0D00921FB9 /* PBXContainerItemProxy */;
		};
/* End PBXTargetDependency section */

/* Begin XCBuildConfiguration section */
		0A537A68207CE5BC00921FB9 /* Debug */ = {
			isa = XCBuildConfiguration;
			buildSettings = {
				CLANG_ENABLE_MODULES = YES;
				CODE_SIGN_STYLE = Automatic;
				LD_RUNPATH_SEARCH_PATHS = (
					"$(inherited)",
					"@executable_path/Frameworks",
					"@loader_path/Frameworks",
				);
				OTHER_LDFLAGS = "-ObjC";
				PRODUCT_NAME = "$(TARGET_NAME)";
				SKIP_INSTALL = YES;
				SWIFT_OBJC_BRIDGING_HEADER = "IdentityAccessDomainModel/XcodeBuildSupport/IdentityAccessDomainModel-Bridging-Header.h";
				SWIFT_OPTIMIZATION_LEVEL = "-Onone";
				SWIFT_VERSION = 4.0;
			};
			name = Debug;
		};
		0A537A69207CE5BC00921FB9 /* Release */ = {
			isa = XCBuildConfiguration;
			buildSettings = {
				CLANG_ENABLE_MODULES = YES;
				CODE_SIGN_STYLE = Automatic;
				LD_RUNPATH_SEARCH_PATHS = (
					"$(inherited)",
					"@executable_path/Frameworks",
					"@loader_path/Frameworks",
				);
				OTHER_LDFLAGS = "-ObjC";
				PRODUCT_NAME = "$(TARGET_NAME)";
				SKIP_INSTALL = YES;
				SWIFT_OBJC_BRIDGING_HEADER = "IdentityAccessDomainModel/XcodeBuildSupport/IdentityAccessDomainModel-Bridging-Header.h";
				SWIFT_VERSION = 4.0;
			};
			name = Release;
		};
		0A537AB0207CEA0100921FB9 /* Debug */ = {
			isa = XCBuildConfiguration;
			buildSettings = {
				CODE_SIGN_STYLE = Automatic;
				DEVELOPMENT_TEAM = 82KYL3H9B6;
				INFOPLIST_FILE = "IdentityAccessDomainModel/XcodeBuildSupport/Tests-Info.plist";
				IPHONEOS_DEPLOYMENT_TARGET = 11.3;
				LD_RUNPATH_SEARCH_PATHS = (
					"$(inherited)",
					"@executable_path/Frameworks",
					"@loader_path/Frameworks",
				);
				PRODUCT_BUNDLE_IDENTIFIER = pm.gnosis.IdentityAccessDomainModelTests;
				PRODUCT_NAME = "$(TARGET_NAME)";
				SWIFT_VERSION = 4.0;
				TARGETED_DEVICE_FAMILY = "1,2";
			};
			name = Debug;
		};
		0A537AB1207CEA0100921FB9 /* Release */ = {
			isa = XCBuildConfiguration;
			buildSettings = {
				CODE_SIGN_STYLE = Automatic;
				DEVELOPMENT_TEAM = 82KYL3H9B6;
				INFOPLIST_FILE = "IdentityAccessDomainModel/XcodeBuildSupport/Tests-Info.plist";
				IPHONEOS_DEPLOYMENT_TARGET = 11.3;
				LD_RUNPATH_SEARCH_PATHS = (
					"$(inherited)",
					"@executable_path/Frameworks",
					"@loader_path/Frameworks",
				);
				PRODUCT_BUNDLE_IDENTIFIER = pm.gnosis.IdentityAccessDomainModelTests;
				PRODUCT_NAME = "$(TARGET_NAME)";
				SWIFT_VERSION = 4.0;
				TARGETED_DEVICE_FAMILY = "1,2";
			};
			name = Release;
		};
		0A537AD2207CEDAE00921FB9 /* Debug */ = {
			isa = XCBuildConfiguration;
			buildSettings = {
				CLANG_ENABLE_MODULES = YES;
				CODE_SIGN_STYLE = Automatic;
				LD_RUNPATH_SEARCH_PATHS = (
					"$(inherited)",
					"@executable_path/Frameworks",
					"@loader_path/Frameworks",
				);
				OTHER_LDFLAGS = "-ObjC";
				PRODUCT_NAME = "$(TARGET_NAME)";
				SKIP_INSTALL = YES;
				SWIFT_OBJC_BRIDGING_HEADER = "IdentityAccessImplementations/XcodeBuildSupport/IdentityAccessImplementations-Bridging-Header.h";
				SWIFT_OPTIMIZATION_LEVEL = "-Onone";
				SWIFT_VERSION = 4.0;
			};
			name = Debug;
		};
		0A537AD3207CEDAE00921FB9 /* Release */ = {
			isa = XCBuildConfiguration;
			buildSettings = {
				CLANG_ENABLE_MODULES = YES;
				CODE_SIGN_STYLE = Automatic;
				LD_RUNPATH_SEARCH_PATHS = (
					"$(inherited)",
					"@executable_path/Frameworks",
					"@loader_path/Frameworks",
				);
				OTHER_LDFLAGS = "-ObjC";
				PRODUCT_NAME = "$(TARGET_NAME)";
				SKIP_INSTALL = YES;
				SWIFT_OBJC_BRIDGING_HEADER = "IdentityAccessImplementations/XcodeBuildSupport/IdentityAccessImplementations-Bridging-Header.h";
				SWIFT_VERSION = 4.0;
			};
			name = Release;
		};
		0AF2819C2074C18B00D3843D /* Debug */ = {
			isa = XCBuildConfiguration;
			buildSettings = {
				ALWAYS_SEARCH_USER_PATHS = NO;
				CLANG_ANALYZER_NONNULL = YES;
				CLANG_ANALYZER_NUMBER_OBJECT_CONVERSION = YES_AGGRESSIVE;
				CLANG_CXX_LANGUAGE_STANDARD = "gnu++14";
				CLANG_CXX_LIBRARY = "libc++";
				CLANG_ENABLE_MODULES = YES;
				CLANG_ENABLE_OBJC_ARC = YES;
				CLANG_ENABLE_OBJC_WEAK = YES;
				CLANG_WARN_BLOCK_CAPTURE_AUTORELEASING = YES;
				CLANG_WARN_BOOL_CONVERSION = YES;
				CLANG_WARN_COMMA = YES;
				CLANG_WARN_CONSTANT_CONVERSION = YES;
				CLANG_WARN_DEPRECATED_OBJC_IMPLEMENTATIONS = YES;
				CLANG_WARN_DIRECT_OBJC_ISA_USAGE = YES_ERROR;
				CLANG_WARN_DOCUMENTATION_COMMENTS = YES;
				CLANG_WARN_EMPTY_BODY = YES;
				CLANG_WARN_ENUM_CONVERSION = YES;
				CLANG_WARN_INFINITE_RECURSION = YES;
				CLANG_WARN_INT_CONVERSION = YES;
				CLANG_WARN_NON_LITERAL_NULL_CONVERSION = YES;
				CLANG_WARN_OBJC_IMPLICIT_RETAIN_SELF = YES;
				CLANG_WARN_OBJC_LITERAL_CONVERSION = YES;
				CLANG_WARN_OBJC_ROOT_CLASS = YES_ERROR;
				CLANG_WARN_RANGE_LOOP_ANALYSIS = YES;
				CLANG_WARN_STRICT_PROTOTYPES = YES;
				CLANG_WARN_SUSPICIOUS_MOVE = YES;
				CLANG_WARN_UNGUARDED_AVAILABILITY = YES_AGGRESSIVE;
				CLANG_WARN_UNREACHABLE_CODE = YES;
				CLANG_WARN__DUPLICATE_METHOD_MATCH = YES;
				CODE_SIGN_IDENTITY = "iPhone Developer";
				COPY_PHASE_STRIP = NO;
				DEBUG_INFORMATION_FORMAT = dwarf;
				ENABLE_STRICT_OBJC_MSGSEND = YES;
				ENABLE_TESTABILITY = YES;
				GCC_C_LANGUAGE_STANDARD = gnu11;
				GCC_DYNAMIC_NO_PIC = NO;
				GCC_NO_COMMON_BLOCKS = YES;
				GCC_OPTIMIZATION_LEVEL = 0;
				GCC_PREPROCESSOR_DEFINITIONS = (
					"DEBUG=1",
					"$(inherited)",
				);
				GCC_WARN_64_TO_32_BIT_CONVERSION = YES;
				GCC_WARN_ABOUT_RETURN_TYPE = YES_ERROR;
				GCC_WARN_UNDECLARED_SELECTOR = YES;
				GCC_WARN_UNINITIALIZED_AUTOS = YES_AGGRESSIVE;
				GCC_WARN_UNUSED_FUNCTION = YES;
				GCC_WARN_UNUSED_VARIABLE = YES;
				IPHONEOS_DEPLOYMENT_TARGET = 10.0;
				MTL_ENABLE_DEBUG_INFO = YES;
				ONLY_ACTIVE_ARCH = YES;
				SDKROOT = iphoneos;
				SWIFT_ACTIVE_COMPILATION_CONDITIONS = DEBUG;
				SWIFT_OPTIMIZATION_LEVEL = "-Onone";
				TARGETED_DEVICE_FAMILY = "1,2";
				VALID_ARCHS = "arm64 armv7 armv7s x86_64 i386";
			};
			name = Debug;
		};
		0AF2819D2074C18B00D3843D /* Release */ = {
			isa = XCBuildConfiguration;
			buildSettings = {
				ALWAYS_SEARCH_USER_PATHS = NO;
				CLANG_ANALYZER_NONNULL = YES;
				CLANG_ANALYZER_NUMBER_OBJECT_CONVERSION = YES_AGGRESSIVE;
				CLANG_CXX_LANGUAGE_STANDARD = "gnu++14";
				CLANG_CXX_LIBRARY = "libc++";
				CLANG_ENABLE_MODULES = YES;
				CLANG_ENABLE_OBJC_ARC = YES;
				CLANG_ENABLE_OBJC_WEAK = YES;
				CLANG_WARN_BLOCK_CAPTURE_AUTORELEASING = YES;
				CLANG_WARN_BOOL_CONVERSION = YES;
				CLANG_WARN_COMMA = YES;
				CLANG_WARN_CONSTANT_CONVERSION = YES;
				CLANG_WARN_DEPRECATED_OBJC_IMPLEMENTATIONS = YES;
				CLANG_WARN_DIRECT_OBJC_ISA_USAGE = YES_ERROR;
				CLANG_WARN_DOCUMENTATION_COMMENTS = YES;
				CLANG_WARN_EMPTY_BODY = YES;
				CLANG_WARN_ENUM_CONVERSION = YES;
				CLANG_WARN_INFINITE_RECURSION = YES;
				CLANG_WARN_INT_CONVERSION = YES;
				CLANG_WARN_NON_LITERAL_NULL_CONVERSION = YES;
				CLANG_WARN_OBJC_IMPLICIT_RETAIN_SELF = YES;
				CLANG_WARN_OBJC_LITERAL_CONVERSION = YES;
				CLANG_WARN_OBJC_ROOT_CLASS = YES_ERROR;
				CLANG_WARN_RANGE_LOOP_ANALYSIS = YES;
				CLANG_WARN_STRICT_PROTOTYPES = YES;
				CLANG_WARN_SUSPICIOUS_MOVE = YES;
				CLANG_WARN_UNGUARDED_AVAILABILITY = YES_AGGRESSIVE;
				CLANG_WARN_UNREACHABLE_CODE = YES;
				CLANG_WARN__DUPLICATE_METHOD_MATCH = YES;
				CODE_SIGN_IDENTITY = "iPhone Developer";
				COPY_PHASE_STRIP = NO;
				DEBUG_INFORMATION_FORMAT = "dwarf-with-dsym";
				ENABLE_NS_ASSERTIONS = NO;
				ENABLE_STRICT_OBJC_MSGSEND = YES;
				GCC_C_LANGUAGE_STANDARD = gnu11;
				GCC_NO_COMMON_BLOCKS = YES;
				GCC_WARN_64_TO_32_BIT_CONVERSION = YES;
				GCC_WARN_ABOUT_RETURN_TYPE = YES_ERROR;
				GCC_WARN_UNDECLARED_SELECTOR = YES;
				GCC_WARN_UNINITIALIZED_AUTOS = YES_AGGRESSIVE;
				GCC_WARN_UNUSED_FUNCTION = YES;
				GCC_WARN_UNUSED_VARIABLE = YES;
				IPHONEOS_DEPLOYMENT_TARGET = 10.0;
				MTL_ENABLE_DEBUG_INFO = NO;
				SDKROOT = iphoneos;
				SWIFT_COMPILATION_MODE = wholemodule;
				SWIFT_OPTIMIZATION_LEVEL = "-O";
				TARGETED_DEVICE_FAMILY = "1,2";
				VALIDATE_PRODUCT = YES;
				VALID_ARCHS = "arm64 armv7 armv7s x86_64 i386";
			};
			name = Release;
		};
/* End XCBuildConfiguration section */

/* Begin XCConfigurationList section */
		0A537A77207CE5BC00921FB9 /* Build configuration list for PBXNativeTarget "IdentityAccessDomainModel" */ = {
			isa = XCConfigurationList;
			buildConfigurations = (
				0A537A68207CE5BC00921FB9 /* Debug */,
				0A537A69207CE5BC00921FB9 /* Release */,
			);
			defaultConfigurationIsVisible = 0;
			defaultConfigurationName = Release;
		};
		0A537AAF207CEA0100921FB9 /* Build configuration list for PBXNativeTarget "IdentityAccessDomainModelTests" */ = {
			isa = XCConfigurationList;
			buildConfigurations = (
				0A537AB0207CEA0100921FB9 /* Debug */,
				0A537AB1207CEA0100921FB9 /* Release */,
			);
			defaultConfigurationIsVisible = 0;
			defaultConfigurationName = Release;
		};
		0A537AD1207CEDAE00921FB9 /* Build configuration list for PBXNativeTarget "IdentityAccessImplementations" */ = {
			isa = XCConfigurationList;
			buildConfigurations = (
				0A537AD2207CEDAE00921FB9 /* Debug */,
				0A537AD3207CEDAE00921FB9 /* Release */,
			);
			defaultConfigurationIsVisible = 0;
			defaultConfigurationName = Release;
		};
		0AF281922074C18B00D3843D /* Build configuration list for PBXProject "IdentityAccess" */ = {
			isa = XCConfigurationList;
			buildConfigurations = (
				0AF2819C2074C18B00D3843D /* Debug */,
				0AF2819D2074C18B00D3843D /* Release */,
			);
			defaultConfigurationIsVisible = 0;
			defaultConfigurationName = Release;
		};
/* End XCConfigurationList section */
	};
	rootObject = 0AF2818F2074C18B00D3843D /* Project object */;
}
