// !$*UTF8*$!
{
	archiveVersion = 1;
	classes = {
	};
	objectVersion = 50;
	objects = {

/* Begin PBXBuildFile section */
		0A3FAE56207B516E00F0D214 /* AuthenticationApplicationService.swift in Sources */ = {isa = PBXBuildFile; fileRef = 0A3FAE53207B516E00F0D214 /* AuthenticationApplicationService.swift */; };
		0A3FAE57207B516E00F0D214 /* ApplicationServiceRegistry.swift in Sources */ = {isa = PBXBuildFile; fileRef = 0A3FAE54207B516E00F0D214 /* ApplicationServiceRegistry.swift */; };
		0A3FAE62207B517D00F0D214 /* libIdentityAccessApplication.a in Frameworks */ = {isa = PBXBuildFile; fileRef = 0AF281C32074C1D200D3843D /* libIdentityAccessApplication.a */; };
		0A3FAE68207B518300F0D214 /* ApplicationServiceRegistryTests.swift in Sources */ = {isa = PBXBuildFile; fileRef = 0A3FAE55207B516E00F0D214 /* ApplicationServiceRegistryTests.swift */; };
		0A3FAE96207B52A800F0D214 /* libIdentityAccessDomainModel.a in Frameworks */ = {isa = PBXBuildFile; fileRef = 0A3FAE95207B52A800F0D214 /* libIdentityAccessDomainModel.a */; };
		0A3FAE98207B52AF00F0D214 /* libIdentityAccessDomainModel.a in Frameworks */ = {isa = PBXBuildFile; fileRef = 0A3FAE97207B52AF00F0D214 /* libIdentityAccessDomainModel.a */; };
		0A51A1E9207B795E001C4169 /* ApplicationServiceTestCase.swift in Sources */ = {isa = PBXBuildFile; fileRef = 0A51A1E8207B795E001C4169 /* ApplicationServiceTestCase.swift */; };
		0A51A1EB207B79D9001C4169 /* libIdentityAccessPortAdapterTestSupport.a in Frameworks */ = {isa = PBXBuildFile; fileRef = 0A51A1EA207B79D9001C4169 /* libIdentityAccessPortAdapterTestSupport.a */; };
		55922C55207BB6D200BF968F /* IdentityApplicationService.swift in Sources */ = {isa = PBXBuildFile; fileRef = 55922C53207BB6D100BF968F /* IdentityApplicationService.swift */; };
		55922C60207BC3D000BF968F /* libCommonTestSupport.a in Frameworks */ = {isa = PBXBuildFile; fileRef = 55922C5F207BC3D000BF968F /* libCommonTestSupport.a */; };
/* End PBXBuildFile section */

/* Begin PBXContainerItemProxy section */
		0A3FAE63207B517D00F0D214 /* PBXContainerItemProxy */ = {
			isa = PBXContainerItemProxy;
			containerPortal = 0AF281BB2074C1D200D3843D /* Project object */;
			proxyType = 1;
			remoteGlobalIDString = 0AF281C22074C1D200D3843D;
			remoteInfo = IdentityAccessApplication;
		};
/* End PBXContainerItemProxy section */

/* Begin PBXCopyFilesBuildPhase section */
		0AF281C12074C1D200D3843D /* CopyFiles */ = {
			isa = PBXCopyFilesBuildPhase;
			buildActionMask = 2147483647;
			dstPath = "include/$(PRODUCT_NAME)";
			dstSubfolderSpec = 16;
			files = (
			);
			runOnlyForDeploymentPostprocessing = 0;
		};
/* End PBXCopyFilesBuildPhase section */

/* Begin PBXFileReference section */
		0A2A2330207B584A00EB61DD /* Config.xcconfig */ = {isa = PBXFileReference; fileEncoding = 4; lastKnownFileType = text.xcconfig; name = Config.xcconfig; path = ../Config.xcconfig; sourceTree = "<group>"; };
		0A34BC6E207B846800636560 /* IdentityAccessApplication-Bridging-Header.h */ = {isa = PBXFileReference; lastKnownFileType = sourcecode.c.h; path = "IdentityAccessApplication-Bridging-Header.h"; sourceTree = "<group>"; };
		0A3FAE53207B516E00F0D214 /* AuthenticationApplicationService.swift */ = {isa = PBXFileReference; lastKnownFileType = sourcecode.swift; path = AuthenticationApplicationService.swift; sourceTree = "<group>"; };
		0A3FAE54207B516E00F0D214 /* ApplicationServiceRegistry.swift */ = {isa = PBXFileReference; lastKnownFileType = sourcecode.swift; path = ApplicationServiceRegistry.swift; sourceTree = "<group>"; };
		0A3FAE55207B516E00F0D214 /* ApplicationServiceRegistryTests.swift */ = {isa = PBXFileReference; lastKnownFileType = sourcecode.swift; path = ApplicationServiceRegistryTests.swift; sourceTree = "<group>"; };
		0A3FAE5D207B517D00F0D214 /* IdentityAccessApplicationTests.xctest */ = {isa = PBXFileReference; explicitFileType = wrapper.cfbundle; includeInIndex = 0; path = IdentityAccessApplicationTests.xctest; sourceTree = BUILT_PRODUCTS_DIR; };
		0A3FAE61207B517D00F0D214 /* Info.plist */ = {isa = PBXFileReference; lastKnownFileType = text.plist.xml; path = Info.plist; sourceTree = "<group>"; };
		0A3FAE95207B52A800F0D214 /* libIdentityAccessDomainModel.a */ = {isa = PBXFileReference; explicitFileType = archive.ar; path = libIdentityAccessDomainModel.a; sourceTree = BUILT_PRODUCTS_DIR; };
		0A3FAE97207B52AF00F0D214 /* libIdentityAccessDomainModel.a */ = {isa = PBXFileReference; explicitFileType = archive.ar; path = libIdentityAccessDomainModel.a; sourceTree = BUILT_PRODUCTS_DIR; };
		0A51A1E8207B795E001C4169 /* ApplicationServiceTestCase.swift */ = {isa = PBXFileReference; lastKnownFileType = sourcecode.swift; path = ApplicationServiceTestCase.swift; sourceTree = "<group>"; };
		0A51A1EA207B79D9001C4169 /* libIdentityAccessPortAdapterTestSupport.a */ = {isa = PBXFileReference; explicitFileType = archive.ar; path = libIdentityAccessPortAdapterTestSupport.a; sourceTree = BUILT_PRODUCTS_DIR; };
		0AF281C32074C1D200D3843D /* libIdentityAccessApplication.a */ = {isa = PBXFileReference; explicitFileType = archive.ar; includeInIndex = 0; path = libIdentityAccessApplication.a; sourceTree = BUILT_PRODUCTS_DIR; };
		55922C53207BB6D100BF968F /* IdentityApplicationService.swift */ = {isa = PBXFileReference; fileEncoding = 4; lastKnownFileType = sourcecode.swift; path = IdentityApplicationService.swift; sourceTree = "<group>"; };
		55922C54207BB6D200BF968F /* IdentityApplicationServiceTests.swift */ = {isa = PBXFileReference; fileEncoding = 4; lastKnownFileType = sourcecode.swift; path = IdentityApplicationServiceTests.swift; sourceTree = "<group>"; };
		55922C5F207BC3D000BF968F /* libCommonTestSupport.a */ = {isa = PBXFileReference; explicitFileType = archive.ar; path = libCommonTestSupport.a; sourceTree = BUILT_PRODUCTS_DIR; };
		55922C61207BC3EC00BF968F /* libIdentityAccessPortAdapter.a */ = {isa = PBXFileReference; explicitFileType = archive.ar; path = libIdentityAccessPortAdapter.a; sourceTree = BUILT_PRODUCTS_DIR; };
/* End PBXFileReference section */

/* Begin PBXFrameworksBuildPhase section */
		0A3FAE5A207B517D00F0D214 /* Frameworks */ = {
			isa = PBXFrameworksBuildPhase;
			buildActionMask = 2147483647;
			files = (
				55922C60207BC3D000BF968F /* libCommonTestSupport.a in Frameworks */,
				0A51A1EB207B79D9001C4169 /* libIdentityAccessPortAdapterTestSupport.a in Frameworks */,
				0A3FAE96207B52A800F0D214 /* libIdentityAccessDomainModel.a in Frameworks */,
				0A3FAE62207B517D00F0D214 /* libIdentityAccessApplication.a in Frameworks */,
			);
			runOnlyForDeploymentPostprocessing = 0;
		};
		0AF281C02074C1D200D3843D /* Frameworks */ = {
			isa = PBXFrameworksBuildPhase;
			buildActionMask = 2147483647;
			files = (
				0A3FAE98207B52AF00F0D214 /* libIdentityAccessDomainModel.a in Frameworks */,
			);
			runOnlyForDeploymentPostprocessing = 0;
		};
/* End PBXFrameworksBuildPhase section */

/* Begin PBXGroup section */
		0A3FAE5E207B517D00F0D214 /* IdentityAccessApplicationTests */ = {
			isa = PBXGroup;
			children = (
				0A3FAE61207B517D00F0D214 /* Info.plist */,
			);
			path = IdentityAccessApplicationTests;
			sourceTree = "<group>";
		};
		0A3FAE94207B52A800F0D214 /* Frameworks */ = {
			isa = PBXGroup;
			children = (
				55922C61207BC3EC00BF968F /* libIdentityAccessPortAdapter.a */,
				55922C5F207BC3D000BF968F /* libCommonTestSupport.a */,
				0A51A1EA207B79D9001C4169 /* libIdentityAccessPortAdapterTestSupport.a */,
				0A3FAE97207B52AF00F0D214 /* libIdentityAccessDomainModel.a */,
				0A3FAE95207B52A800F0D214 /* libIdentityAccessDomainModel.a */,
			);
			name = Frameworks;
			sourceTree = "<group>";
		};
		0AF281BA2074C1D200D3843D = {
			isa = PBXGroup;
			children = (
				0A2A2330207B584A00EB61DD /* Config.xcconfig */,
				0AF281C52074C1D200D3843D /* IdentityAccessApplication */,
				0A3FAE5E207B517D00F0D214 /* IdentityAccessApplicationTests */,
				0AF281C42074C1D200D3843D /* Products */,
				0A3FAE94207B52A800F0D214 /* Frameworks */,
			);
			sourceTree = "<group>";
		};
		0AF281C42074C1D200D3843D /* Products */ = {
			isa = PBXGroup;
			children = (
				0AF281C32074C1D200D3843D /* libIdentityAccessApplication.a */,
				0A3FAE5D207B517D00F0D214 /* IdentityAccessApplicationTests.xctest */,
			);
			name = Products;
			sourceTree = "<group>";
		};
		0AF281C52074C1D200D3843D /* IdentityAccessApplication */ = {
			isa = PBXGroup;
			children = (
				0A3FAE53207B516E00F0D214 /* AuthenticationApplicationService.swift */,
				0A3FAE54207B516E00F0D214 /* ApplicationServiceRegistry.swift */,
				0A3FAE55207B516E00F0D214 /* ApplicationServiceRegistryTests.swift */,
				0A51A1E8207B795E001C4169 /* ApplicationServiceTestCase.swift */,
				55922C53207BB6D100BF968F /* IdentityApplicationService.swift */,
				55922C54207BB6D200BF968F /* IdentityApplicationServiceTests.swift */,
				0A34BC6E207B846800636560 /* IdentityAccessApplication-Bridging-Header.h */,
			);
			path = IdentityAccessApplication;
			sourceTree = "<group>";
		};
/* End PBXGroup section */

/* Begin PBXNativeTarget section */
		0A3FAE5C207B517D00F0D214 /* IdentityAccessApplicationTests */ = {
			isa = PBXNativeTarget;
			buildConfigurationList = 0A3FAE65207B517D00F0D214 /* Build configuration list for PBXNativeTarget "IdentityAccessApplicationTests" */;
			buildPhases = (
				0A3FAE59207B517D00F0D214 /* Sources */,
				0A3FAE5A207B517D00F0D214 /* Frameworks */,
				0A3FAE5B207B517D00F0D214 /* Resources */,
			);
			buildRules = (
			);
			dependencies = (
				0A3FAE64207B517D00F0D214 /* PBXTargetDependency */,
			);
			name = IdentityAccessApplicationTests;
			productName = IdentityAccessApplicationTests;
			productReference = 0A3FAE5D207B517D00F0D214 /* IdentityAccessApplicationTests.xctest */;
			productType = "com.apple.product-type.bundle.unit-test";
		};
		0AF281C22074C1D200D3843D /* IdentityAccessApplication */ = {
			isa = PBXNativeTarget;
			buildConfigurationList = 0AF281CA2074C1D200D3843D /* Build configuration list for PBXNativeTarget "IdentityAccessApplication" */;
			buildPhases = (
				0AF281BF2074C1D200D3843D /* Sources */,
				0AF281C02074C1D200D3843D /* Frameworks */,
				0AF281C12074C1D200D3843D /* CopyFiles */,
			);
			buildRules = (
			);
			dependencies = (
			);
			name = IdentityAccessApplication;
			productName = IdentityAccessApplication;
			productReference = 0AF281C32074C1D200D3843D /* libIdentityAccessApplication.a */;
			productType = "com.apple.product-type.library.static";
		};
/* End PBXNativeTarget section */

/* Begin PBXProject section */
		0AF281BB2074C1D200D3843D /* Project object */ = {
			isa = PBXProject;
			attributes = {
				LastSwiftUpdateCheck = 0930;
				LastUpgradeCheck = 0930;
				ORGANIZATIONNAME = "Dmitry Bespalov";
				TargetAttributes = {
					0A3FAE5C207B517D00F0D214 = {
						CreatedOnToolsVersion = 9.3;
					};
					0AF281C22074C1D200D3843D = {
						CreatedOnToolsVersion = 9.3;
						LastSwiftMigration = 0930;
					};
				};
			};
			buildConfigurationList = 0AF281BE2074C1D200D3843D /* Build configuration list for PBXProject "IdentityAccessApplication" */;
			compatibilityVersion = "Xcode 9.3";
			developmentRegion = en;
			hasScannedForEncodings = 0;
			knownRegions = (
				en,
			);
			mainGroup = 0AF281BA2074C1D200D3843D;
			productRefGroup = 0AF281C42074C1D200D3843D /* Products */;
			projectDirPath = "";
			projectRoot = "";
			targets = (
				0AF281C22074C1D200D3843D /* IdentityAccessApplication */,
				0A3FAE5C207B517D00F0D214 /* IdentityAccessApplicationTests */,
			);
		};
/* End PBXProject section */

/* Begin PBXResourcesBuildPhase section */
		0A3FAE5B207B517D00F0D214 /* Resources */ = {
			isa = PBXResourcesBuildPhase;
			buildActionMask = 2147483647;
			files = (
			);
			runOnlyForDeploymentPostprocessing = 0;
		};
/* End PBXResourcesBuildPhase section */

/* Begin PBXSourcesBuildPhase section */
		0A3FAE59207B517D00F0D214 /* Sources */ = {
			isa = PBXSourcesBuildPhase;
			buildActionMask = 2147483647;
			files = (
				0A51A1E9207B795E001C4169 /* ApplicationServiceTestCase.swift in Sources */,
				0A3FAE68207B518300F0D214 /* ApplicationServiceRegistryTests.swift in Sources */,
			);
			runOnlyForDeploymentPostprocessing = 0;
		};
		0AF281BF2074C1D200D3843D /* Sources */ = {
			isa = PBXSourcesBuildPhase;
			buildActionMask = 2147483647;
			files = (
				0A3FAE57207B516E00F0D214 /* ApplicationServiceRegistry.swift in Sources */,
				55922C55207BB6D200BF968F /* IdentityApplicationService.swift in Sources */,
				0A3FAE56207B516E00F0D214 /* AuthenticationApplicationService.swift in Sources */,
			);
			runOnlyForDeploymentPostprocessing = 0;
		};
/* End PBXSourcesBuildPhase section */

/* Begin PBXTargetDependency section */
		0A3FAE64207B517D00F0D214 /* PBXTargetDependency */ = {
			isa = PBXTargetDependency;
			target = 0AF281C22074C1D200D3843D /* IdentityAccessApplication */;
			targetProxy = 0A3FAE63207B517D00F0D214 /* PBXContainerItemProxy */;
		};
/* End PBXTargetDependency section */

/* Begin XCBuildConfiguration section */
		0A3FAE66207B517D00F0D214 /* Debug */ = {
			isa = XCBuildConfiguration;
			buildSettings = {
				CODE_SIGN_STYLE = Automatic;
				DEVELOPMENT_TEAM = MBAHRQRF52;
				INFOPLIST_FILE = IdentityAccessApplicationTests/Info.plist;
				IPHONEOS_DEPLOYMENT_TARGET = 11.3;
				LD_RUNPATH_SEARCH_PATHS = (
					"$(inherited)",
					"@executable_path/Frameworks",
					"@loader_path/Frameworks",
				);
				PRODUCT_BUNDLE_IDENTIFIER = pm.gnosis.IdentityAccessApplicationTests;
				PRODUCT_NAME = "$(TARGET_NAME)";
				SWIFT_VERSION = 4.0;
				TARGETED_DEVICE_FAMILY = "1,2";
			};
			name = Debug;
		};
		0A3FAE67207B517D00F0D214 /* Release */ = {
			isa = XCBuildConfiguration;
			buildSettings = {
				CODE_SIGN_STYLE = Automatic;
				DEVELOPMENT_TEAM = MBAHRQRF52;
				INFOPLIST_FILE = IdentityAccessApplicationTests/Info.plist;
				IPHONEOS_DEPLOYMENT_TARGET = 11.3;
				LD_RUNPATH_SEARCH_PATHS = (
					"$(inherited)",
					"@executable_path/Frameworks",
					"@loader_path/Frameworks",
				);
				PRODUCT_BUNDLE_IDENTIFIER = pm.gnosis.IdentityAccessApplicationTests;
				PRODUCT_NAME = "$(TARGET_NAME)";
				SWIFT_VERSION = 4.0;
				TARGETED_DEVICE_FAMILY = "1,2";
			};
			name = Release;
		};
		0AF281C82074C1D200D3843D /* Debug */ = {
			isa = XCBuildConfiguration;
			baseConfigurationReference = 0A2A2330207B584A00EB61DD /* Config.xcconfig */;
			buildSettings = {
				ALWAYS_SEARCH_USER_PATHS = NO;
				CLANG_ANALYZER_NONNULL = YES;
				CLANG_ANALYZER_NUMBER_OBJECT_CONVERSION = YES_AGGRESSIVE;
				CLANG_CXX_LANGUAGE_STANDARD = "gnu++14";
				CLANG_CXX_LIBRARY = "libc++";
				CLANG_ENABLE_MODULES = YES;
				CLANG_ENABLE_OBJC_ARC = YES;
				CLANG_ENABLE_OBJC_WEAK = YES;
				CLANG_WARN_BLOCK_CAPTURE_AUTORELEASING = YES;
				CLANG_WARN_BOOL_CONVERSION = YES;
				CLANG_WARN_COMMA = YES;
				CLANG_WARN_CONSTANT_CONVERSION = YES;
				CLANG_WARN_DEPRECATED_OBJC_IMPLEMENTATIONS = YES;
				CLANG_WARN_DIRECT_OBJC_ISA_USAGE = YES_ERROR;
				CLANG_WARN_DOCUMENTATION_COMMENTS = YES;
				CLANG_WARN_EMPTY_BODY = YES;
				CLANG_WARN_ENUM_CONVERSION = YES;
				CLANG_WARN_INFINITE_RECURSION = YES;
				CLANG_WARN_INT_CONVERSION = YES;
				CLANG_WARN_NON_LITERAL_NULL_CONVERSION = YES;
				CLANG_WARN_OBJC_IMPLICIT_RETAIN_SELF = YES;
				CLANG_WARN_OBJC_LITERAL_CONVERSION = YES;
				CLANG_WARN_OBJC_ROOT_CLASS = YES_ERROR;
				CLANG_WARN_RANGE_LOOP_ANALYSIS = YES;
				CLANG_WARN_STRICT_PROTOTYPES = YES;
				CLANG_WARN_SUSPICIOUS_MOVE = YES;
				CLANG_WARN_UNGUARDED_AVAILABILITY = YES_AGGRESSIVE;
				CLANG_WARN_UNREACHABLE_CODE = YES;
				CLANG_WARN__DUPLICATE_METHOD_MATCH = YES;
				CODE_SIGN_IDENTITY = "iPhone Developer";
				COPY_PHASE_STRIP = NO;
				DEBUG_INFORMATION_FORMAT = dwarf;
				ENABLE_STRICT_OBJC_MSGSEND = YES;
				ENABLE_TESTABILITY = YES;
				GCC_C_LANGUAGE_STANDARD = gnu11;
				GCC_DYNAMIC_NO_PIC = NO;
				GCC_NO_COMMON_BLOCKS = YES;
				GCC_OPTIMIZATION_LEVEL = 0;
				GCC_PREPROCESSOR_DEFINITIONS = (
					"DEBUG=1",
					"$(inherited)",
				);
				GCC_WARN_64_TO_32_BIT_CONVERSION = YES;
				GCC_WARN_ABOUT_RETURN_TYPE = YES_ERROR;
				GCC_WARN_UNDECLARED_SELECTOR = YES;
				GCC_WARN_UNINITIALIZED_AUTOS = YES_AGGRESSIVE;
				GCC_WARN_UNUSED_FUNCTION = YES;
				GCC_WARN_UNUSED_VARIABLE = YES;
				IPHONEOS_DEPLOYMENT_TARGET = 10.0;
				MTL_ENABLE_DEBUG_INFO = YES;
				ONLY_ACTIVE_ARCH = YES;
				SDKROOT = iphoneos;
				SWIFT_ACTIVE_COMPILATION_CONDITIONS = DEBUG;
				SWIFT_OPTIMIZATION_LEVEL = "-Onone";
				VALID_ARCHS = "arm64 armv7 armv7s x86_64 i386";
			};
			name = Debug;
		};
		0AF281C92074C1D200D3843D /* Release */ = {
			isa = XCBuildConfiguration;
			baseConfigurationReference = 0A2A2330207B584A00EB61DD /* Config.xcconfig */;
			buildSettings = {
				ALWAYS_SEARCH_USER_PATHS = NO;
				CLANG_ANALYZER_NONNULL = YES;
				CLANG_ANALYZER_NUMBER_OBJECT_CONVERSION = YES_AGGRESSIVE;
				CLANG_CXX_LANGUAGE_STANDARD = "gnu++14";
				CLANG_CXX_LIBRARY = "libc++";
				CLANG_ENABLE_MODULES = YES;
				CLANG_ENABLE_OBJC_ARC = YES;
				CLANG_ENABLE_OBJC_WEAK = YES;
				CLANG_WARN_BLOCK_CAPTURE_AUTORELEASING = YES;
				CLANG_WARN_BOOL_CONVERSION = YES;
				CLANG_WARN_COMMA = YES;
				CLANG_WARN_CONSTANT_CONVERSION = YES;
				CLANG_WARN_DEPRECATED_OBJC_IMPLEMENTATIONS = YES;
				CLANG_WARN_DIRECT_OBJC_ISA_USAGE = YES_ERROR;
				CLANG_WARN_DOCUMENTATION_COMMENTS = YES;
				CLANG_WARN_EMPTY_BODY = YES;
				CLANG_WARN_ENUM_CONVERSION = YES;
				CLANG_WARN_INFINITE_RECURSION = YES;
				CLANG_WARN_INT_CONVERSION = YES;
				CLANG_WARN_NON_LITERAL_NULL_CONVERSION = YES;
				CLANG_WARN_OBJC_IMPLICIT_RETAIN_SELF = YES;
				CLANG_WARN_OBJC_LITERAL_CONVERSION = YES;
				CLANG_WARN_OBJC_ROOT_CLASS = YES_ERROR;
				CLANG_WARN_RANGE_LOOP_ANALYSIS = YES;
				CLANG_WARN_STRICT_PROTOTYPES = YES;
				CLANG_WARN_SUSPICIOUS_MOVE = YES;
				CLANG_WARN_UNGUARDED_AVAILABILITY = YES_AGGRESSIVE;
				CLANG_WARN_UNREACHABLE_CODE = YES;
				CLANG_WARN__DUPLICATE_METHOD_MATCH = YES;
				CODE_SIGN_IDENTITY = "iPhone Developer";
				COPY_PHASE_STRIP = NO;
				DEBUG_INFORMATION_FORMAT = "dwarf-with-dsym";
				ENABLE_NS_ASSERTIONS = NO;
				ENABLE_STRICT_OBJC_MSGSEND = YES;
				GCC_C_LANGUAGE_STANDARD = gnu11;
				GCC_NO_COMMON_BLOCKS = YES;
				GCC_WARN_64_TO_32_BIT_CONVERSION = YES;
				GCC_WARN_ABOUT_RETURN_TYPE = YES_ERROR;
				GCC_WARN_UNDECLARED_SELECTOR = YES;
				GCC_WARN_UNINITIALIZED_AUTOS = YES_AGGRESSIVE;
				GCC_WARN_UNUSED_FUNCTION = YES;
				GCC_WARN_UNUSED_VARIABLE = YES;
				IPHONEOS_DEPLOYMENT_TARGET = 10.0;
				MTL_ENABLE_DEBUG_INFO = NO;
				SDKROOT = iphoneos;
				SWIFT_COMPILATION_MODE = wholemodule;
				SWIFT_OPTIMIZATION_LEVEL = "-O";
				VALIDATE_PRODUCT = YES;
				VALID_ARCHS = "arm64 armv7 armv7s x86_64 i386";
			};
			name = Release;
		};
		0AF281CB2074C1D200D3843D /* Debug */ = {
			isa = XCBuildConfiguration;
			buildSettings = {
				CLANG_ENABLE_MODULES = YES;
				CODE_SIGN_STYLE = Automatic;
				DEVELOPMENT_TEAM = MBAHRQRF52;
				LD_RUNPATH_SEARCH_PATHS = (
					"$(inherited)",
					"@executable_path/Frameworks",
					"@loader_path/Frameworks",
				);
				OTHER_LDFLAGS = "-ObjC";
				PRODUCT_NAME = "$(TARGET_NAME)";
				SKIP_INSTALL = YES;
				SWIFT_OBJC_BRIDGING_HEADER = "IdentityAccessApplication/IdentityAccessApplication-Bridging-Header.h";
				SWIFT_OPTIMIZATION_LEVEL = "-Onone";
				SWIFT_VERSION = 4.0;
				TARGETED_DEVICE_FAMILY = "1,2";
			};
			name = Debug;
		};
		0AF281CC2074C1D200D3843D /* Release */ = {
			isa = XCBuildConfiguration;
			buildSettings = {
				CLANG_ENABLE_MODULES = YES;
				CODE_SIGN_STYLE = Automatic;
				DEVELOPMENT_TEAM = MBAHRQRF52;
				LD_RUNPATH_SEARCH_PATHS = (
					"$(inherited)",
					"@executable_path/Frameworks",
					"@loader_path/Frameworks",
				);
				OTHER_LDFLAGS = "-ObjC";
				PRODUCT_NAME = "$(TARGET_NAME)";
				SKIP_INSTALL = YES;
				SWIFT_OBJC_BRIDGING_HEADER = "IdentityAccessApplication/IdentityAccessApplication-Bridging-Header.h";
				SWIFT_VERSION = 4.0;
				TARGETED_DEVICE_FAMILY = "1,2";
			};
			name = Release;
		};
/* End XCBuildConfiguration section */

/* Begin XCConfigurationList section */
		0A3FAE65207B517D00F0D214 /* Build configuration list for PBXNativeTarget "IdentityAccessApplicationTests" */ = {
			isa = XCConfigurationList;
			buildConfigurations = (
				0A3FAE66207B517D00F0D214 /* Debug */,
				0A3FAE67207B517D00F0D214 /* Release */,
			);
			defaultConfigurationIsVisible = 0;
			defaultConfigurationName = Release;
		};
		0AF281BE2074C1D200D3843D /* Build configuration list for PBXProject "IdentityAccessApplication" */ = {
			isa = XCConfigurationList;
			buildConfigurations = (
				0AF281C82074C1D200D3843D /* Debug */,
				0AF281C92074C1D200D3843D /* Release */,
			);
			defaultConfigurationIsVisible = 0;
			defaultConfigurationName = Release;
		};
		0AF281CA2074C1D200D3843D /* Build configuration list for PBXNativeTarget "IdentityAccessApplication" */ = {
			isa = XCConfigurationList;
			buildConfigurations = (
				0AF281CB2074C1D200D3843D /* Debug */,
				0AF281CC2074C1D200D3843D /* Release */,
			);
			defaultConfigurationIsVisible = 0;
			defaultConfigurationName = Release;
		};
/* End XCConfigurationList section */
	};
	rootObject = 0AF281BB2074C1D200D3843D /* Project object */;
}
