// !$*UTF8*$!
{
	archiveVersion = 1;
	classes = {
	};
	objectVersion = 50;
	objects = {

/* Begin PBXBuildFile section */
		0A3EEBEF2074C40B00BFA9E0 /* MultiSigWallet.swift in Sources */ = {isa = PBXBuildFile; fileRef = 0A3EEBEE2074C40B00BFA9E0 /* MultiSigWallet.swift */; };
/* End PBXBuildFile section */

/* Begin PBXContainerItemProxy section */
		0A3EEC0C2074C42100BFA9E0 /* PBXContainerItemProxy */ = {
			isa = PBXContainerItemProxy;
			containerPortal = 0A3EEC082074C42100BFA9E0 /* MultiSigWalletDomainModel.xcodeproj */;
			proxyType = 2;
			remoteGlobalIDString = 0A3EEBFE2074C42100BFA9E0;
			remoteInfo = MultiSigWalletDomainModel;
		};
		0A3EEC252074C43400BFA9E0 /* PBXContainerItemProxy */ = {
			isa = PBXContainerItemProxy;
			containerPortal = 0A3EEC212074C43300BFA9E0 /* MultiSigWalletApplication.xcodeproj */;
			proxyType = 2;
			remoteGlobalIDString = 0A3EEC172074C43300BFA9E0;
			remoteInfo = MultiSigWalletApplication;
		};
/* End PBXContainerItemProxy section */

/* Begin PBXCopyFilesBuildPhase section */
		0A3EEBE92074C40B00BFA9E0 /* CopyFiles */ = {
			isa = PBXCopyFilesBuildPhase;
			buildActionMask = 2147483647;
			dstPath = "include/$(PRODUCT_NAME)";
			dstSubfolderSpec = 16;
			files = (
			);
			runOnlyForDeploymentPostprocessing = 0;
		};
/* End PBXCopyFilesBuildPhase section */

/* Begin PBXFileReference section */
		0A3EEBEB2074C40B00BFA9E0 /* libMultiSigWallet.a */ = {isa = PBXFileReference; explicitFileType = archive.ar; includeInIndex = 0; path = libMultiSigWallet.a; sourceTree = BUILT_PRODUCTS_DIR; };
		0A3EEBEE2074C40B00BFA9E0 /* MultiSigWallet.swift */ = {isa = PBXFileReference; lastKnownFileType = sourcecode.swift; path = MultiSigWallet.swift; sourceTree = "<group>"; };
		0A3EEC082074C42100BFA9E0 /* MultiSigWalletDomainModel.xcodeproj */ = {isa = PBXFileReference; lastKnownFileType = "wrapper.pb-project"; name = MultiSigWalletDomainModel.xcodeproj; path = MultiSigWalletDomainModel/MultiSigWalletDomainModel.xcodeproj; sourceTree = "<group>"; };
		0A3EEC212074C43300BFA9E0 /* MultiSigWalletApplication.xcodeproj */ = {isa = PBXFileReference; lastKnownFileType = "wrapper.pb-project"; name = MultiSigWalletApplication.xcodeproj; path = MultiSigWalletApplication/MultiSigWalletApplication.xcodeproj; sourceTree = "<group>"; };
/* End PBXFileReference section */

/* Begin PBXFrameworksBuildPhase section */
		0A3EEBE82074C40B00BFA9E0 /* Frameworks */ = {
			isa = PBXFrameworksBuildPhase;
			buildActionMask = 2147483647;
			files = (
			);
			runOnlyForDeploymentPostprocessing = 0;
		};
/* End PBXFrameworksBuildPhase section */

/* Begin PBXGroup section */
		0A3EEBE22074C40B00BFA9E0 = {
			isa = PBXGroup;
			children = (
				0A3EEBED2074C40B00BFA9E0 /* MultiSigWallet */,
				0A3EEBEC2074C40B00BFA9E0 /* Products */,
			);
			sourceTree = "<group>";
		};
		0A3EEBEC2074C40B00BFA9E0 /* Products */ = {
			isa = PBXGroup;
			children = (
				0A3EEBEB2074C40B00BFA9E0 /* libMultiSigWallet.a */,
			);
			name = Products;
			sourceTree = "<group>";
		};
		0A3EEBED2074C40B00BFA9E0 /* MultiSigWallet */ = {
			isa = PBXGroup;
			children = (
				0A3EEC212074C43300BFA9E0 /* MultiSigWalletApplication.xcodeproj */,
				0A3EEC082074C42100BFA9E0 /* MultiSigWalletDomainModel.xcodeproj */,
				0A3EEBEE2074C40B00BFA9E0 /* MultiSigWallet.swift */,
			);
			path = MultiSigWallet;
			sourceTree = "<group>";
		};
		0A3EEC092074C42100BFA9E0 /* Products */ = {
			isa = PBXGroup;
			children = (
				0A3EEC0D2074C42100BFA9E0 /* libMultiSigWalletDomainModel.a */,
			);
			name = Products;
			sourceTree = "<group>";
		};
		0A3EEC222074C43300BFA9E0 /* Products */ = {
			isa = PBXGroup;
			children = (
				0A3EEC262074C43400BFA9E0 /* libMultiSigWalletApplication.a */,
			);
			name = Products;
			sourceTree = "<group>";
		};
/* End PBXGroup section */

/* Begin PBXNativeTarget section */
		0A3EEBEA2074C40B00BFA9E0 /* MultiSigWallet */ = {
			isa = PBXNativeTarget;
			buildConfigurationList = 0A3EEBF22074C40B00BFA9E0 /* Build configuration list for PBXNativeTarget "MultiSigWallet" */;
			buildPhases = (
				0A3EEBE72074C40B00BFA9E0 /* Sources */,
				0A3EEBE82074C40B00BFA9E0 /* Frameworks */,
				0A3EEBE92074C40B00BFA9E0 /* CopyFiles */,
			);
			buildRules = (
			);
			dependencies = (
			);
			name = MultiSigWallet;
			productName = MultiSigWallet;
			productReference = 0A3EEBEB2074C40B00BFA9E0 /* libMultiSigWallet.a */;
			productType = "com.apple.product-type.library.static";
		};
/* End PBXNativeTarget section */

/* Begin PBXProject section */
		0A3EEBE32074C40B00BFA9E0 /* Project object */ = {
			isa = PBXProject;
			attributes = {
				LastSwiftUpdateCheck = 0930;
				LastUpgradeCheck = 0930;
				ORGANIZATIONNAME = "Dmitry Bespalov";
				TargetAttributes = {
					0A3EEBEA2074C40B00BFA9E0 = {
						CreatedOnToolsVersion = 9.3;
					};
				};
			};
			buildConfigurationList = 0A3EEBE62074C40B00BFA9E0 /* Build configuration list for PBXProject "MultiSigWallet" */;
			compatibilityVersion = "Xcode 9.3";
			developmentRegion = en;
			hasScannedForEncodings = 0;
			knownRegions = (
				en,
			);
			mainGroup = 0A3EEBE22074C40B00BFA9E0;
			productRefGroup = 0A3EEBEC2074C40B00BFA9E0 /* Products */;
			projectDirPath = "";
			projectReferences = (
				{
					ProductGroup = 0A3EEC222074C43300BFA9E0 /* Products */;
					ProjectRef = 0A3EEC212074C43300BFA9E0 /* MultiSigWalletApplication.xcodeproj */;
				},
				{
					ProductGroup = 0A3EEC092074C42100BFA9E0 /* Products */;
					ProjectRef = 0A3EEC082074C42100BFA9E0 /* MultiSigWalletDomainModel.xcodeproj */;
				},
			);
			projectRoot = "";
			targets = (
				0A3EEBEA2074C40B00BFA9E0 /* MultiSigWallet */,
			);
		};
/* End PBXProject section */

/* Begin PBXReferenceProxy section */
		0A3EEC0D2074C42100BFA9E0 /* libMultiSigWalletDomainModel.a */ = {
			isa = PBXReferenceProxy;
			fileType = archive.ar;
			path = libMultiSigWalletDomainModel.a;
			remoteRef = 0A3EEC0C2074C42100BFA9E0 /* PBXContainerItemProxy */;
			sourceTree = BUILT_PRODUCTS_DIR;
		};
		0A3EEC262074C43400BFA9E0 /* libMultiSigWalletApplication.a */ = {
			isa = PBXReferenceProxy;
			fileType = archive.ar;
			path = libMultiSigWalletApplication.a;
			remoteRef = 0A3EEC252074C43400BFA9E0 /* PBXContainerItemProxy */;
			sourceTree = BUILT_PRODUCTS_DIR;
		};
/* End PBXReferenceProxy section */

/* Begin PBXSourcesBuildPhase section */
		0A3EEBE72074C40B00BFA9E0 /* Sources */ = {
			isa = PBXSourcesBuildPhase;
			buildActionMask = 2147483647;
			files = (
				0A3EEBEF2074C40B00BFA9E0 /* MultiSigWallet.swift in Sources */,
			);
			runOnlyForDeploymentPostprocessing = 0;
		};
/* End PBXSourcesBuildPhase section */

/* Begin XCBuildConfiguration section */
		0A3EEBF02074C40B00BFA9E0 /* Debug */ = {
			isa = XCBuildConfiguration;
			buildSettings = {
				ALWAYS_SEARCH_USER_PATHS = NO;
				CLANG_ANALYZER_NONNULL = YES;
				CLANG_ANALYZER_NUMBER_OBJECT_CONVERSION = YES_AGGRESSIVE;
				CLANG_CXX_LANGUAGE_STANDARD = "gnu++14";
				CLANG_CXX_LIBRARY = "libc++";
				CLANG_ENABLE_MODULES = YES;
				CLANG_ENABLE_OBJC_ARC = YES;
				CLANG_ENABLE_OBJC_WEAK = YES;
				CLANG_WARN_BLOCK_CAPTURE_AUTORELEASING = YES;
				CLANG_WARN_BOOL_CONVERSION = YES;
				CLANG_WARN_COMMA = YES;
				CLANG_WARN_CONSTANT_CONVERSION = YES;
				CLANG_WARN_DEPRECATED_OBJC_IMPLEMENTATIONS = YES;
				CLANG_WARN_DIRECT_OBJC_ISA_USAGE = YES_ERROR;
				CLANG_WARN_DOCUMENTATION_COMMENTS = YES;
				CLANG_WARN_EMPTY_BODY = YES;
				CLANG_WARN_ENUM_CONVERSION = YES;
				CLANG_WARN_INFINITE_RECURSION = YES;
				CLANG_WARN_INT_CONVERSION = YES;
				CLANG_WARN_NON_LITERAL_NULL_CONVERSION = YES;
				CLANG_WARN_OBJC_IMPLICIT_RETAIN_SELF = YES;
				CLANG_WARN_OBJC_LITERAL_CONVERSION = YES;
				CLANG_WARN_OBJC_ROOT_CLASS = YES_ERROR;
				CLANG_WARN_RANGE_LOOP_ANALYSIS = YES;
				CLANG_WARN_STRICT_PROTOTYPES = YES;
				CLANG_WARN_SUSPICIOUS_MOVE = YES;
				CLANG_WARN_UNGUARDED_AVAILABILITY = YES_AGGRESSIVE;
				CLANG_WARN_UNREACHABLE_CODE = YES;
				CLANG_WARN__DUPLICATE_METHOD_MATCH = YES;
				CODE_SIGN_IDENTITY = "iPhone Developer";
				COPY_PHASE_STRIP = NO;
				DEBUG_INFORMATION_FORMAT = dwarf;
				ENABLE_STRICT_OBJC_MSGSEND = YES;
				ENABLE_TESTABILITY = YES;
				GCC_C_LANGUAGE_STANDARD = gnu11;
				GCC_DYNAMIC_NO_PIC = NO;
				GCC_NO_COMMON_BLOCKS = YES;
				GCC_OPTIMIZATION_LEVEL = 0;
				GCC_PREPROCESSOR_DEFINITIONS = (
					"DEBUG=1",
					"$(inherited)",
				);
				GCC_WARN_64_TO_32_BIT_CONVERSION = YES;
				GCC_WARN_ABOUT_RETURN_TYPE = YES_ERROR;
				GCC_WARN_UNDECLARED_SELECTOR = YES;
				GCC_WARN_UNINITIALIZED_AUTOS = YES_AGGRESSIVE;
				GCC_WARN_UNUSED_FUNCTION = YES;
				GCC_WARN_UNUSED_VARIABLE = YES;
				IPHONEOS_DEPLOYMENT_TARGET = 11.3;
				MTL_ENABLE_DEBUG_INFO = YES;
				ONLY_ACTIVE_ARCH = YES;
				SDKROOT = iphoneos;
				SWIFT_ACTIVE_COMPILATION_CONDITIONS = DEBUG;
				SWIFT_OPTIMIZATION_LEVEL = "-Onone";
			};
			name = Debug;
		};
		0A3EEBF12074C40B00BFA9E0 /* Release */ = {
			isa = XCBuildConfiguration;
			buildSettings = {
				ALWAYS_SEARCH_USER_PATHS = NO;
				CLANG_ANALYZER_NONNULL = YES;
				CLANG_ANALYZER_NUMBER_OBJECT_CONVERSION = YES_AGGRESSIVE;
				CLANG_CXX_LANGUAGE_STANDARD = "gnu++14";
				CLANG_CXX_LIBRARY = "libc++";
				CLANG_ENABLE_MODULES = YES;
				CLANG_ENABLE_OBJC_ARC = YES;
				CLANG_ENABLE_OBJC_WEAK = YES;
				CLANG_WARN_BLOCK_CAPTURE_AUTORELEASING = YES;
				CLANG_WARN_BOOL_CONVERSION = YES;
				CLANG_WARN_COMMA = YES;
				CLANG_WARN_CONSTANT_CONVERSION = YES;
				CLANG_WARN_DEPRECATED_OBJC_IMPLEMENTATIONS = YES;
				CLANG_WARN_DIRECT_OBJC_ISA_USAGE = YES_ERROR;
				CLANG_WARN_DOCUMENTATION_COMMENTS = YES;
				CLANG_WARN_EMPTY_BODY = YES;
				CLANG_WARN_ENUM_CONVERSION = YES;
				CLANG_WARN_INFINITE_RECURSION = YES;
				CLANG_WARN_INT_CONVERSION = YES;
				CLANG_WARN_NON_LITERAL_NULL_CONVERSION = YES;
				CLANG_WARN_OBJC_IMPLICIT_RETAIN_SELF = YES;
				CLANG_WARN_OBJC_LITERAL_CONVERSION = YES;
				CLANG_WARN_OBJC_ROOT_CLASS = YES_ERROR;
				CLANG_WARN_RANGE_LOOP_ANALYSIS = YES;
				CLANG_WARN_STRICT_PROTOTYPES = YES;
				CLANG_WARN_SUSPICIOUS_MOVE = YES;
				CLANG_WARN_UNGUARDED_AVAILABILITY = YES_AGGRESSIVE;
				CLANG_WARN_UNREACHABLE_CODE = YES;
				CLANG_WARN__DUPLICATE_METHOD_MATCH = YES;
				CODE_SIGN_IDENTITY = "iPhone Developer";
				COPY_PHASE_STRIP = NO;
				DEBUG_INFORMATION_FORMAT = "dwarf-with-dsym";
				ENABLE_NS_ASSERTIONS = NO;
				ENABLE_STRICT_OBJC_MSGSEND = YES;
				GCC_C_LANGUAGE_STANDARD = gnu11;
				GCC_NO_COMMON_BLOCKS = YES;
				GCC_WARN_64_TO_32_BIT_CONVERSION = YES;
				GCC_WARN_ABOUT_RETURN_TYPE = YES_ERROR;
				GCC_WARN_UNDECLARED_SELECTOR = YES;
				GCC_WARN_UNINITIALIZED_AUTOS = YES_AGGRESSIVE;
				GCC_WARN_UNUSED_FUNCTION = YES;
				GCC_WARN_UNUSED_VARIABLE = YES;
				IPHONEOS_DEPLOYMENT_TARGET = 11.3;
				MTL_ENABLE_DEBUG_INFO = NO;
				SDKROOT = iphoneos;
				SWIFT_COMPILATION_MODE = wholemodule;
				SWIFT_OPTIMIZATION_LEVEL = "-O";
				VALIDATE_PRODUCT = YES;
			};
			name = Release;
		};
		0A3EEBF32074C40B00BFA9E0 /* Debug */ = {
			isa = XCBuildConfiguration;
			buildSettings = {
				CODE_SIGN_STYLE = Automatic;
				DEVELOPMENT_TEAM = MBAHRQRF52;
				OTHER_LDFLAGS = "-ObjC";
				PRODUCT_NAME = "$(TARGET_NAME)";
				SKIP_INSTALL = YES;
				SWIFT_VERSION = 4.0;
				TARGETED_DEVICE_FAMILY = "1,2";
			};
			name = Debug;
		};
		0A3EEBF42074C40B00BFA9E0 /* Release */ = {
			isa = XCBuildConfiguration;
			buildSettings = {
				CODE_SIGN_STYLE = Automatic;
				DEVELOPMENT_TEAM = MBAHRQRF52;
				OTHER_LDFLAGS = "-ObjC";
				PRODUCT_NAME = "$(TARGET_NAME)";
				SKIP_INSTALL = YES;
				SWIFT_VERSION = 4.0;
				TARGETED_DEVICE_FAMILY = "1,2";
			};
			name = Release;
		};
/* End XCBuildConfiguration section */

/* Begin XCConfigurationList section */
		0A3EEBE62074C40B00BFA9E0 /* Build configuration list for PBXProject "MultiSigWallet" */ = {
			isa = XCConfigurationList;
			buildConfigurations = (
				0A3EEBF02074C40B00BFA9E0 /* Debug */,
				0A3EEBF12074C40B00BFA9E0 /* Release */,
			);
			defaultConfigurationIsVisible = 0;
			defaultConfigurationName = Release;
		};
		0A3EEBF22074C40B00BFA9E0 /* Build configuration list for PBXNativeTarget "MultiSigWallet" */ = {
			isa = XCConfigurationList;
			buildConfigurations = (
				0A3EEBF32074C40B00BFA9E0 /* Debug */,
				0A3EEBF42074C40B00BFA9E0 /* Release */,
			);
			defaultConfigurationIsVisible = 0;
			defaultConfigurationName = Release;
		};
/* End XCConfigurationList section */
	};
	rootObject = 0A3EEBE32074C40B00BFA9E0 /* Project object */;
}
