<?xml version="1.0" encoding="UTF-8"?>
<Scheme
   LastUpgradeVersion = "1010"
   version = "1.7">
   <BuildAction
      parallelizeBuildables = "YES"
      buildImplicitDependencies = "YES">
      <PreActions>
         <ExecutionAction
            ActionType = "Xcode.IDEStandardExecutionActionsCore.ExecutionActionType.ShellScriptAction">
            <ActionContent
               title = "Run Script"
               scriptText = "sh ${SRCROOT}/../scripts/pre_build_action.sh &gt;&gt; ${SRCROOT}/../Build/pre_build_action.log 2&gt;&amp;1&#10;">
               <EnvironmentBuildable>
                  <BuildableReference
                     BuildableIdentifier = "primary"
                     BlueprintIdentifier = "5540A4EA203C3054009C9BE3"
                     BuildableName = "safe.app"
                     BlueprintName = "safe"
                     ReferencedContainer = "container:safe.xcodeproj">
                  </BuildableReference>
               </EnvironmentBuildable>
            </ActionContent>
         </ExecutionAction>
      </PreActions>
      <BuildActionEntries>
         <BuildActionEntry
            buildForTesting = "YES"
            buildForRunning = "YES"
            buildForProfiling = "YES"
            buildForArchiving = "YES"
            buildForAnalyzing = "YES">
            <BuildableReference
               BuildableIdentifier = "primary"
               BlueprintIdentifier = "5540A4EA203C3054009C9BE3"
               BuildableName = "safe.app"
               BlueprintName = "safe"
               ReferencedContainer = "container:safe.xcodeproj">
            </BuildableReference>
         </BuildActionEntry>
      </BuildActionEntries>
   </BuildAction>
   <TestAction
      buildConfiguration = "Debug"
      selectedDebuggerIdentifier = "Xcode.DebuggerFoundation.Debugger.LLDB"
      selectedLauncherIdentifier = "Xcode.DebuggerFoundation.Launcher.LLDB"
      shouldUseLaunchSchemeArgsEnv = "YES"
      codeCoverageEnabled = "YES"
      onlyGenerateCoverageForSpecifiedTargets = "YES">
      <MacroExpansion>
         <BuildableReference
            BuildableIdentifier = "primary"
            BlueprintIdentifier = "5540A4EA203C3054009C9BE3"
            BuildableName = "safe.app"
            BlueprintName = "safe"
            ReferencedContainer = "container:safe.xcodeproj">
         </BuildableReference>
      </MacroExpansion>
      <CodeCoverageTargets>
         <BuildableReference
            BuildableIdentifier = "primary"
            BlueprintIdentifier = "0A3FADDA207B501F00F0D214"
            BuildableName = "libCommonLib.a"
            BlueprintName = "CommonLib"
            ReferencedContainer = "container:../Common/Common.xcodeproj">
         </BuildableReference>
         <BuildableReference
            BuildableIdentifier = "primary"
            BlueprintIdentifier = "0A8E3B9120B419CC00F002F6"
            BuildableName = "libCommonImplementationsLib.a"
            BlueprintName = "CommonImplementationsLib"
            ReferencedContainer = "container:../Common/Common.xcodeproj">
         </BuildableReference>
         <BuildableReference
            BuildableIdentifier = "primary"
            BlueprintIdentifier = "0AC1757F207B73A90016320A"
            BuildableName = "libCommonTestSupportLib.a"
            BlueprintName = "CommonTestSupportLib"
            ReferencedContainer = "container:../Common/Common.xcodeproj">
         </BuildableReference>
         <BuildableReference
            BuildableIdentifier = "primary"
            BlueprintIdentifier = "0A160B9120A07FE100E064E1"
            BuildableName = "libDatabaseLib.a"
            BlueprintName = "DatabaseLib"
            ReferencedContainer = "container:../Common/Common.xcodeproj">
         </BuildableReference>
         <BuildableReference
            BuildableIdentifier = "primary"
            BlueprintIdentifier = "0A537BE0207CFADE00921FB9"
            BuildableName = "libIdentityAccessApplicationLib.a"
            BlueprintName = "IdentityAccessApplicationLib"
            ReferencedContainer = "container:../IdentityAccess/IdentityAccess.xcodeproj">
         </BuildableReference>
         <BuildableReference
            BuildableIdentifier = "primary"
            BlueprintIdentifier = "0A537A63207CE5BC00921FB9"
            BuildableName = "libIdentityAccessDomainModelLib.a"
            BlueprintName = "IdentityAccessDomainModelLib"
            ReferencedContainer = "container:../IdentityAccess/IdentityAccess.xcodeproj">
         </BuildableReference>
         <BuildableReference
            BuildableIdentifier = "primary"
            BlueprintIdentifier = "0A537ACC207CEDAE00921FB9"
            BuildableName = "libIdentityAccessImplementationsLib.a"
            BlueprintName = "IdentityAccessImplementationsLib"
            ReferencedContainer = "container:../IdentityAccess/IdentityAccess.xcodeproj">
         </BuildableReference>
         <BuildableReference
            BuildableIdentifier = "primary"
            BlueprintIdentifier = "0AEF8A8F20A08899006A1265"
            BuildableName = "libMultisigWalletApplication.a"
            BlueprintName = "MultisigWalletApplication"
            ReferencedContainer = "container:../MultisigWallet/MultisigWallet.xcodeproj">
         </BuildableReference>
         <BuildableReference
            BuildableIdentifier = "primary"
            BlueprintIdentifier = "0AEF8A7420A08878006A1265"
            BuildableName = "libMultisigWalletDomainModel.a"
            BlueprintName = "MultisigWalletDomainModel"
            ReferencedContainer = "container:../MultisigWallet/MultisigWallet.xcodeproj">
         </BuildableReference>
         <BuildableReference
            BuildableIdentifier = "primary"
            BlueprintIdentifier = "0AEF8AA920A088B1006A1265"
            BuildableName = "libMultisigWalletImplementations.a"
            BlueprintName = "MultisigWalletImplementations"
            ReferencedContainer = "container:../MultisigWallet/MultisigWallet.xcodeproj">
         </BuildableReference>
         <BuildableReference
            BuildableIdentifier = "primary"
            BlueprintIdentifier = "0AF33D34209C6BF800527D25"
            BuildableName = "SafeAppUI.framework"
            BlueprintName = "SafeAppUI"
            ReferencedContainer = "container:../SafeUIKit/SafeUIKit.xcodeproj">
         </BuildableReference>
         <BuildableReference
            BuildableIdentifier = "primary"
            BlueprintIdentifier = "0A9670B120480C5700445AC2"
            BuildableName = "SafeUIKit.framework"
            BlueprintName = "SafeUIKit"
            ReferencedContainer = "container:../SafeUIKit/SafeUIKit.xcodeproj">
         </BuildableReference>
         <BuildableReference
            BuildableIdentifier = "primary"
            BlueprintIdentifier = "5540A4EA203C3054009C9BE3"
            BuildableName = "safe.app"
            BlueprintName = "safe"
            ReferencedContainer = "container:safe.xcodeproj">
         </BuildableReference>
      </CodeCoverageTargets>
      <Testables>
         <TestableReference
            skipped = "NO">
            <BuildableReference
               BuildableIdentifier = "primary"
               BlueprintIdentifier = "5540A4FE203C3054009C9BE3"
               BuildableName = "safeTests.xctest"
               BlueprintName = "safeTests"
               ReferencedContainer = "container:safe.xcodeproj">
            </BuildableReference>
            <SkippedTests>
               <Test
                  Identifier = "BlockchainIntegrationTest">
               </Test>
               <Test
                  Identifier = "GnosisSafeOwnersIntegrationTests">
               </Test>
               <Test
                  Identifier = "GnosisTransactionRelayServiceTests">
               </Test>
               <Test
                  Identifier = "HTTPGnosisTransactionRelayServiceTests">
               </Test>
               <Test
                  Identifier = "HTTPNotificatonServiceTests">
               </Test>
               <Test
                  Identifier = "HTTPTokenListServiceTests">
               </Test>
               <Test
                  Identifier = "InfuraEthereumNodeServiceTests">
               </Test>
               <Test
                  Identifier = "WalletConnectIntegrationTests">
               </Test>
            </SkippedTests>
         </TestableReference>
         <TestableReference
            skipped = "NO">
            <BuildableReference
               BuildableIdentifier = "primary"
               BlueprintIdentifier = "0A9670B920480C5700445AC2"
               BuildableName = "SafeUIKitTests.xctest"
               BlueprintName = "SafeUIKitTests"
               ReferencedContainer = "container:../SafeUIKit/SafeUIKit.xcodeproj">
            </BuildableReference>
         </TestableReference>
         <TestableReference
            skipped = "NO">
            <BuildableReference
               BuildableIdentifier = "primary"
               BlueprintIdentifier = "0A0592EF230418D500E71A60"
               BuildableName = "CommonTests.xctest"
               BlueprintName = "CommonTests"
               ReferencedContainer = "container:../Common/Common.xcodeproj">
            </BuildableReference>
         </TestableReference>
         <TestableReference
            skipped = "NO">
            <BuildableReference
               BuildableIdentifier = "primary"
               BlueprintIdentifier = "0A537BFD207CFB9200921FB9"
               BuildableName = "IdentityAccessApplicationLibTests.xctest"
               BlueprintName = "IdentityAccessApplicationLibTests"
               ReferencedContainer = "container:../IdentityAccess/IdentityAccess.xcodeproj">
            </BuildableReference>
         </TestableReference>
         <TestableReference
            skipped = "NO">
            <BuildableReference
               BuildableIdentifier = "primary"
               BlueprintIdentifier = "0A537AA6207CEA0100921FB9"
               BuildableName = "IdentityAccessDomainModelLibTests.xctest"
               BlueprintName = "IdentityAccessDomainModelLibTests"
               ReferencedContainer = "container:../IdentityAccess/IdentityAccess.xcodeproj">
            </BuildableReference>
         </TestableReference>
         <TestableReference
            skipped = "NO">
            <BuildableReference
               BuildableIdentifier = "primary"
               BlueprintIdentifier = "0A537B2D207CF4B000921FB9"
               BuildableName = "IdentityAccessImplementationsLibTests.xctest"
               BlueprintName = "IdentityAccessImplementationsLibTests"
               ReferencedContainer = "container:../IdentityAccess/IdentityAccess.xcodeproj">
            </BuildableReference>
         </TestableReference>
         <TestableReference
            skipped = "NO">
            <BuildableReference
               BuildableIdentifier = "primary"
               BlueprintIdentifier = "0AF33D3C209C6BF800527D25"
               BuildableName = "SafeAppUIUnitTests.xctest"
               BlueprintName = "SafeAppUIUnitTests"
               ReferencedContainer = "container:../SafeUIKit/SafeUIKit.xcodeproj">
            </BuildableReference>
         </TestableReference>
         <TestableReference
            skipped = "NO">
            <BuildableReference
               BuildableIdentifier = "primary"
               BlueprintIdentifier = "0A05933C230418E900E71A60"
               BuildableName = "DatabaseTests.xctest"
               BlueprintName = "DatabaseTests"
               ReferencedContainer = "container:../Common/Common.xcodeproj">
            </BuildableReference>
         </TestableReference>
         <TestableReference
            skipped = "NO">
            <BuildableReference
               BuildableIdentifier = "primary"
               BlueprintIdentifier = "0AEF8A9A20A088A5006A1265"
               BuildableName = "MultisigWalletApplicationTests.xctest"
               BlueprintName = "MultisigWalletApplicationTests"
               ReferencedContainer = "container:../MultisigWallet/MultisigWallet.xcodeproj">
            </BuildableReference>
         </TestableReference>
         <TestableReference
            skipped = "NO">
            <BuildableReference
               BuildableIdentifier = "primary"
               BlueprintIdentifier = "0AEF8A8020A08889006A1265"
               BuildableName = "MultisigWalletDomainModelTests.xctest"
               BlueprintName = "MultisigWalletDomainModelTests"
               ReferencedContainer = "container:../MultisigWallet/MultisigWallet.xcodeproj">
            </BuildableReference>
         </TestableReference>
         <TestableReference
            skipped = "NO">
            <BuildableReference
               BuildableIdentifier = "primary"
               BlueprintIdentifier = "0AEF8AB420A088C3006A1265"
               BuildableName = "MultisigWalletImplementationsTests.xctest"
               BlueprintName = "MultisigWalletImplementationsTests"
               ReferencedContainer = "container:../MultisigWallet/MultisigWallet.xcodeproj">
            </BuildableReference>
         </TestableReference>
         <TestableReference
            skipped = "NO">
            <BuildableReference
               BuildableIdentifier = "primary"
               BlueprintIdentifier = "0A059362230418F200E71A60"
               BuildableName = "CommonImplementationsTests.xctest"
               BlueprintName = "CommonImplementationsTests"
               ReferencedContainer = "container:../Common/Common.xcodeproj">
            </BuildableReference>
         </TestableReference>
         <TestableReference
            skipped = "NO">
            <BuildableReference
               BuildableIdentifier = "primary"
               BlueprintIdentifier = "0A059316230418DF00E71A60"
               BuildableName = "CommonTestSupportTests.xctest"
               BlueprintName = "CommonTestSupportTests"
               ReferencedContainer = "container:../Common/Common.xcodeproj">
            </BuildableReference>
         </TestableReference>
      </Testables>
   </TestAction>
   <LaunchAction
      buildConfiguration = "Debug"
      selectedDebuggerIdentifier = "Xcode.DebuggerFoundation.Debugger.LLDB"
      selectedLauncherIdentifier = "Xcode.DebuggerFoundation.Launcher.LLDB"
      launchStyle = "0"
      useCustomWorkingDirectory = "NO"
      ignoresPersistentStateOnLaunch = "NO"
      debugDocumentVersioning = "YES"
      debugServiceExtension = "internal"
      allowLocationSimulation = "YES"
      showNonLocalizedStrings = "YES">
      <BuildableProductRunnable
         runnableDebuggingMode = "0">
         <BuildableReference
            BuildableIdentifier = "primary"
            BlueprintIdentifier = "5540A4EA203C3054009C9BE3"
            BuildableName = "safe.app"
            BlueprintName = "safe"
            ReferencedContainer = "container:safe.xcodeproj">
         </BuildableReference>
      </BuildableProductRunnable>
      <CommandLineArguments>
         <CommandLineArgument
            argument = "-FIRAnalyticsDebugEnabled"
            isEnabled = "YES">
         </CommandLineArgument>
         <CommandLineArgument
            argument = "-FIRDebugEnabled"
            isEnabled = "NO">
         </CommandLineArgument>
      </CommandLineArguments>
      <EnvironmentVariables>
         <EnvironmentVariable
            key = "OS_ACTIVITY_MODE"
            value = "disable"
            isEnabled = "YES">
         </EnvironmentVariable>
      </EnvironmentVariables>
   </LaunchAction>
   <ProfileAction
      buildConfiguration = "Release"
      shouldUseLaunchSchemeArgsEnv = "YES"
      savedToolIdentifier = ""
      useCustomWorkingDirectory = "NO"
      debugDocumentVersioning = "YES">
      <BuildableProductRunnable
         runnableDebuggingMode = "0">
         <BuildableReference
            BuildableIdentifier = "primary"
            BlueprintIdentifier = "5540A4EA203C3054009C9BE3"
            BuildableName = "safe.app"
            BlueprintName = "safe"
            ReferencedContainer = "container:safe.xcodeproj">
         </BuildableReference>
      </BuildableProductRunnable>
   </ProfileAction>
   <AnalyzeAction
      buildConfiguration = "Debug">
   </AnalyzeAction>
   <ArchiveAction
      buildConfiguration = "Release"
      revealArchiveInOrganizer = "YES">
   </ArchiveAction>
</Scheme>
