// !$*UTF8*$!
{
	archiveVersion = 1;
	classes = {
	};
	objectVersion = 50;
	objects = {

/* Begin PBXBuildFile section */
		0A2A232F207B584500EB61DD /* Config.xcconfig in Resources */ = {isa = PBXBuildFile; fileRef = 0A2A232E207B584500EB61DD /* Config.xcconfig */; };
		0A2A2335207B58CA00EB61DD /* EncryptionService.swift in Sources */ = {isa = PBXBuildFile; fileRef = 0A2A2334207B58CA00EB61DD /* EncryptionService.swift */; };
		0A2A233A207B595D00EB61DD /* libCommon.a in Frameworks */ = {isa = PBXBuildFile; fileRef = 0A2A2339207B595D00EB61DD /* libCommon.a */; };
		0A2A233C207B599B00EB61DD /* LoggableError.swift in Sources */ = {isa = PBXBuildFile; fileRef = 0A2A233B207B599B00EB61DD /* LoggableError.swift */; };
		0A3FAE0B207B509600F0D214 /* DomainRegistry.swift in Sources */ = {isa = PBXBuildFile; fileRef = 0A3FADFB207B509300F0D214 /* DomainRegistry.swift */; };
		0A3FAE0C207B509600F0D214 /* KeyValueStore.swift in Sources */ = {isa = PBXBuildFile; fileRef = 0A3FADFC207B509300F0D214 /* KeyValueStore.swift */; };
		0A3FAE0D207B509600F0D214 /* Account.swift in Sources */ = {isa = PBXBuildFile; fileRef = 0A3FADFD207B509400F0D214 /* Account.swift */; };
		0A3FAE0F207B509600F0D214 /* Session.swift in Sources */ = {isa = PBXBuildFile; fileRef = 0A3FADFF207B509400F0D214 /* Session.swift */; };
		0A3FAE10207B509600F0D214 /* UserDefaultKeys.swift in Sources */ = {isa = PBXBuildFile; fileRef = 0A3FAE00207B509400F0D214 /* UserDefaultKeys.swift */; };
		0A3FAE11207B509600F0D214 /* Clock.swift in Sources */ = {isa = PBXBuildFile; fileRef = 0A3FAE01207B509400F0D214 /* Clock.swift */; };
		0A3FAE14207B509600F0D214 /* SecureStore.swift in Sources */ = {isa = PBXBuildFile; fileRef = 0A3FAE04207B509500F0D214 /* SecureStore.swift */; };
		0A3FAE16207B509600F0D214 /* EthereumAccount.swift in Sources */ = {isa = PBXBuildFile; fileRef = 0A3FAE06207B509500F0D214 /* EthereumAccount.swift */; };
		0A3FAE17207B509600F0D214 /* Logger.swift in Sources */ = {isa = PBXBuildFile; fileRef = 0A3FAE07207B509600F0D214 /* Logger.swift */; };
		0A3FAE18207B509600F0D214 /* BiometricAuthenticationService.swift in Sources */ = {isa = PBXBuildFile; fileRef = 0A3FAE08207B509600F0D214 /* BiometricAuthenticationService.swift */; };
		0A3FAE22207B50B300F0D214 /* libIdentityAccessDomainModel.a in Frameworks */ = {isa = PBXBuildFile; fileRef = 0AF281AA2074C1AB00D3843D /* libIdentityAccessDomainModel.a */; };
		0A3FAE31207B50D500F0D214 /* MockAccount.swift in Sources */ = {isa = PBXBuildFile; fileRef = 0A3FAE02207B509500F0D214 /* MockAccount.swift */; };
		0A3FAE32207B50D500F0D214 /* AccountTests.swift in Sources */ = {isa = PBXBuildFile; fileRef = 0A3FADFE207B509400F0D214 /* AccountTests.swift */; };
		0A3FAE34207B50D500F0D214 /* DomainRegistryTests.swift in Sources */ = {isa = PBXBuildFile; fileRef = 0A3FAE05207B509500F0D214 /* DomainRegistryTests.swift */; };
		0A3FAE35207B50D500F0D214 /* DomainTestCase.swift in Sources */ = {isa = PBXBuildFile; fileRef = 0A3FAE03207B509500F0D214 /* DomainTestCase.swift */; };
		0A3FAE36207B50EB00F0D214 /* SessionTests.swift in Sources */ = {isa = PBXBuildFile; fileRef = 0A3FADF9207B509300F0D214 /* SessionTests.swift */; };
		0AA0C87A207B77310019E282 /* libCommonTestSupport.a in Frameworks */ = {isa = PBXBuildFile; fileRef = 0AA0C879207B77310019E282 /* libCommonTestSupport.a */; };
		0AC1757B207B734C0016320A /* libIdentityAccessPortAdapterTestSupport.a in Frameworks */ = {isa = PBXBuildFile; fileRef = 0AC1757A207B734C0016320A /* libIdentityAccessPortAdapterTestSupport.a */; };
/* End PBXBuildFile section */

/* Begin PBXContainerItemProxy section */
		0A3FAE23207B50B300F0D214 /* PBXContainerItemProxy */ = {
			isa = PBXContainerItemProxy;
			containerPortal = 0AF281A22074C1AB00D3843D /* Project object */;
			proxyType = 1;
			remoteGlobalIDString = 0AF281A92074C1AB00D3843D;
			remoteInfo = IdentityAccessDomainModel;
		};
/* End PBXContainerItemProxy section */

/* Begin PBXCopyFilesBuildPhase section */
		0AF281A82074C1AB00D3843D /* CopyFiles */ = {
			isa = PBXCopyFilesBuildPhase;
			buildActionMask = 2147483647;
			dstPath = "include/$(PRODUCT_NAME)";
			dstSubfolderSpec = 16;
			files = (
			);
			runOnlyForDeploymentPostprocessing = 0;
		};
/* End PBXCopyFilesBuildPhase section */

/* Begin PBXFileReference section */
		0A2A232E207B584500EB61DD /* Config.xcconfig */ = {isa = PBXFileReference; fileEncoding = 4; lastKnownFileType = text.xcconfig; name = Config.xcconfig; path = ../Config.xcconfig; sourceTree = "<group>"; };
		0A2A2334207B58CA00EB61DD /* EncryptionService.swift */ = {isa = PBXFileReference; fileEncoding = 4; lastKnownFileType = sourcecode.swift; path = EncryptionService.swift; sourceTree = "<group>"; };
		0A2A2339207B595D00EB61DD /* libCommon.a */ = {isa = PBXFileReference; explicitFileType = archive.ar; path = libCommon.a; sourceTree = BUILT_PRODUCTS_DIR; };
		0A2A233B207B599B00EB61DD /* LoggableError.swift */ = {isa = PBXFileReference; fileEncoding = 4; lastKnownFileType = sourcecode.swift; path = LoggableError.swift; sourceTree = "<group>"; };
		0A3FADF9207B509300F0D214 /* SessionTests.swift */ = {isa = PBXFileReference; lastKnownFileType = sourcecode.swift; path = SessionTests.swift; sourceTree = "<group>"; };
		0A3FADFB207B509300F0D214 /* DomainRegistry.swift */ = {isa = PBXFileReference; lastKnownFileType = sourcecode.swift; path = DomainRegistry.swift; sourceTree = "<group>"; };
		0A3FADFC207B509300F0D214 /* KeyValueStore.swift */ = {isa = PBXFileReference; lastKnownFileType = sourcecode.swift; path = KeyValueStore.swift; sourceTree = "<group>"; };
		0A3FADFD207B509400F0D214 /* Account.swift */ = {isa = PBXFileReference; lastKnownFileType = sourcecode.swift; path = Account.swift; sourceTree = "<group>"; };
		0A3FADFE207B509400F0D214 /* AccountTests.swift */ = {isa = PBXFileReference; lastKnownFileType = sourcecode.swift; path = AccountTests.swift; sourceTree = "<group>"; };
		0A3FADFF207B509400F0D214 /* Session.swift */ = {isa = PBXFileReference; lastKnownFileType = sourcecode.swift; path = Session.swift; sourceTree = "<group>"; };
		0A3FAE00207B509400F0D214 /* UserDefaultKeys.swift */ = {isa = PBXFileReference; lastKnownFileType = sourcecode.swift; path = UserDefaultKeys.swift; sourceTree = "<group>"; };
		0A3FAE01207B509400F0D214 /* Clock.swift */ = {isa = PBXFileReference; lastKnownFileType = sourcecode.swift; path = Clock.swift; sourceTree = "<group>"; };
		0A3FAE02207B509500F0D214 /* MockAccount.swift */ = {isa = PBXFileReference; lastKnownFileType = sourcecode.swift; path = MockAccount.swift; sourceTree = "<group>"; };
		0A3FAE03207B509500F0D214 /* DomainTestCase.swift */ = {isa = PBXFileReference; lastKnownFileType = sourcecode.swift; path = DomainTestCase.swift; sourceTree = "<group>"; };
		0A3FAE04207B509500F0D214 /* SecureStore.swift */ = {isa = PBXFileReference; lastKnownFileType = sourcecode.swift; path = SecureStore.swift; sourceTree = "<group>"; };
		0A3FAE05207B509500F0D214 /* DomainRegistryTests.swift */ = {isa = PBXFileReference; lastKnownFileType = sourcecode.swift; path = DomainRegistryTests.swift; sourceTree = "<group>"; };
		0A3FAE06207B509500F0D214 /* EthereumAccount.swift */ = {isa = PBXFileReference; lastKnownFileType = sourcecode.swift; path = EthereumAccount.swift; sourceTree = "<group>"; };
		0A3FAE07207B509600F0D214 /* Logger.swift */ = {isa = PBXFileReference; lastKnownFileType = sourcecode.swift; path = Logger.swift; sourceTree = "<group>"; };
		0A3FAE08207B509600F0D214 /* BiometricAuthenticationService.swift */ = {isa = PBXFileReference; lastKnownFileType = sourcecode.swift; path = BiometricAuthenticationService.swift; sourceTree = "<group>"; };
		0A3FAE1D207B50B300F0D214 /* IdentityAccessDomainModelTests.xctest */ = {isa = PBXFileReference; explicitFileType = wrapper.cfbundle; includeInIndex = 0; path = IdentityAccessDomainModelTests.xctest; sourceTree = BUILT_PRODUCTS_DIR; };
		0A3FAE21207B50B300F0D214 /* Info.plist */ = {isa = PBXFileReference; lastKnownFileType = text.plist.xml; path = Info.plist; sourceTree = "<group>"; };
		0AA0C879207B77310019E282 /* libCommonTestSupport.a */ = {isa = PBXFileReference; explicitFileType = archive.ar; path = libCommonTestSupport.a; sourceTree = BUILT_PRODUCTS_DIR; };
		0AC1757A207B734C0016320A /* libIdentityAccessPortAdapterTestSupport.a */ = {isa = PBXFileReference; explicitFileType = archive.ar; path = libIdentityAccessPortAdapterTestSupport.a; sourceTree = BUILT_PRODUCTS_DIR; };
		0AF281AA2074C1AB00D3843D /* libIdentityAccessDomainModel.a */ = {isa = PBXFileReference; explicitFileType = archive.ar; includeInIndex = 0; path = libIdentityAccessDomainModel.a; sourceTree = BUILT_PRODUCTS_DIR; };
/* End PBXFileReference section */

/* Begin PBXFrameworksBuildPhase section */
		0A3FAE1A207B50B300F0D214 /* Frameworks */ = {
			isa = PBXFrameworksBuildPhase;
			buildActionMask = 2147483647;
			files = (
				0AA0C87A207B77310019E282 /* libCommonTestSupport.a in Frameworks */,
				0AC1757B207B734C0016320A /* libIdentityAccessPortAdapterTestSupport.a in Frameworks */,
				0A3FAE22207B50B300F0D214 /* libIdentityAccessDomainModel.a in Frameworks */,
			);
			runOnlyForDeploymentPostprocessing = 0;
		};
		0AF281A72074C1AB00D3843D /* Frameworks */ = {
			isa = PBXFrameworksBuildPhase;
			buildActionMask = 2147483647;
			files = (
				0A2A233A207B595D00EB61DD /* libCommon.a in Frameworks */,
			);
			runOnlyForDeploymentPostprocessing = 0;
		};
/* End PBXFrameworksBuildPhase section */

/* Begin PBXGroup section */
		0A2A2338207B595D00EB61DD /* Frameworks */ = {
			isa = PBXGroup;
			children = (
				0AA0C879207B77310019E282 /* libCommonTestSupport.a */,
				0AC1757A207B734C0016320A /* libIdentityAccessPortAdapterTestSupport.a */,
				0A2A2339207B595D00EB61DD /* libCommon.a */,
			);
			name = Frameworks;
			sourceTree = "<group>";
		};
		0A3FAE1E207B50B300F0D214 /* IdentityAccessDomainModelTests */ = {
			isa = PBXGroup;
			children = (
				0A3FAE21207B50B300F0D214 /* Info.plist */,
			);
			path = IdentityAccessDomainModelTests;
			sourceTree = "<group>";
		};
		0AF281A12074C1AB00D3843D = {
			isa = PBXGroup;
			children = (
				0A2A232E207B584500EB61DD /* Config.xcconfig */,
				0AF281AC2074C1AB00D3843D /* IdentityAccessDomainModel */,
				0A3FAE1E207B50B300F0D214 /* IdentityAccessDomainModelTests */,
				0AF281AB2074C1AB00D3843D /* Products */,
				0A2A2338207B595D00EB61DD /* Frameworks */,
			);
			sourceTree = "<group>";
		};
		0AF281AB2074C1AB00D3843D /* Products */ = {
			isa = PBXGroup;
			children = (
				0AF281AA2074C1AB00D3843D /* libIdentityAccessDomainModel.a */,
				0A3FAE1D207B50B300F0D214 /* IdentityAccessDomainModelTests.xctest */,
			);
			name = Products;
			sourceTree = "<group>";
		};
		0AF281AC2074C1AB00D3843D /* IdentityAccessDomainModel */ = {
			isa = PBXGroup;
			children = (
				0A3FADFD207B509400F0D214 /* Account.swift */,
				0A3FAE02207B509500F0D214 /* MockAccount.swift */,
				0A3FADFE207B509400F0D214 /* AccountTests.swift */,
				0A3FAE00207B509400F0D214 /* UserDefaultKeys.swift */,
				0A3FADFF207B509400F0D214 /* Session.swift */,
				0A3FADF9207B509300F0D214 /* SessionTests.swift */,
				0A3FAE06207B509500F0D214 /* EthereumAccount.swift */,
				0A3FADFC207B509300F0D214 /* KeyValueStore.swift */,
				0A3FAE04207B509500F0D214 /* SecureStore.swift */,
				0A3FAE08207B509600F0D214 /* BiometricAuthenticationService.swift */,
				0A3FAE01207B509400F0D214 /* Clock.swift */,
				0A2A233B207B599B00EB61DD /* LoggableError.swift */,
				0A3FAE07207B509600F0D214 /* Logger.swift */,
				0A3FADFB207B509300F0D214 /* DomainRegistry.swift */,
				0A3FAE05207B509500F0D214 /* DomainRegistryTests.swift */,
				0A3FAE03207B509500F0D214 /* DomainTestCase.swift */,
				0A2A2334207B58CA00EB61DD /* EncryptionService.swift */,
			);
			path = IdentityAccessDomainModel;
			sourceTree = "<group>";
		};
/* End PBXGroup section */

/* Begin PBXNativeTarget section */
		0A3FAE1C207B50B300F0D214 /* IdentityAccessDomainModelTests */ = {
			isa = PBXNativeTarget;
			buildConfigurationList = 0A3FAE25207B50B300F0D214 /* Build configuration list for PBXNativeTarget "IdentityAccessDomainModelTests" */;
			buildPhases = (
				0A3FAE19207B50B300F0D214 /* Sources */,
				0A3FAE1A207B50B300F0D214 /* Frameworks */,
				0A3FAE1B207B50B300F0D214 /* Resources */,
			);
			buildRules = (
			);
			dependencies = (
				0A3FAE24207B50B300F0D214 /* PBXTargetDependency */,
			);
			name = IdentityAccessDomainModelTests;
			productName = IdentityAccessDomainModelTests;
			productReference = 0A3FAE1D207B50B300F0D214 /* IdentityAccessDomainModelTests.xctest */;
			productType = "com.apple.product-type.bundle.unit-test";
		};
		0AF281A92074C1AB00D3843D /* IdentityAccessDomainModel */ = {
			isa = PBXNativeTarget;
			buildConfigurationList = 0AF281B12074C1AB00D3843D /* Build configuration list for PBXNativeTarget "IdentityAccessDomainModel" */;
			buildPhases = (
				0AF281A62074C1AB00D3843D /* Sources */,
				0AF281A72074C1AB00D3843D /* Frameworks */,
				0AF281A82074C1AB00D3843D /* CopyFiles */,
			);
			buildRules = (
			);
			dependencies = (
			);
			name = IdentityAccessDomainModel;
			productName = IdentityAccessDomainModel;
			productReference = 0AF281AA2074C1AB00D3843D /* libIdentityAccessDomainModel.a */;
			productType = "com.apple.product-type.library.static";
		};
/* End PBXNativeTarget section */

/* Begin PBXProject section */
		0AF281A22074C1AB00D3843D /* Project object */ = {
			isa = PBXProject;
			attributes = {
				LastSwiftUpdateCheck = 0930;
				LastUpgradeCheck = 0930;
				ORGANIZATIONNAME = "Dmitry Bespalov";
				TargetAttributes = {
					0A3FAE1C207B50B300F0D214 = {
						CreatedOnToolsVersion = 9.3;
					};
					0AF281A92074C1AB00D3843D = {
						CreatedOnToolsVersion = 9.3;
					};
				};
			};
			buildConfigurationList = 0AF281A52074C1AB00D3843D /* Build configuration list for PBXProject "IdentityAccessDomainModel" */;
			compatibilityVersion = "Xcode 9.3";
			developmentRegion = en;
			hasScannedForEncodings = 0;
			knownRegions = (
				en,
			);
			mainGroup = 0AF281A12074C1AB00D3843D;
			productRefGroup = 0AF281AB2074C1AB00D3843D /* Products */;
			projectDirPath = "";
			projectRoot = "";
			targets = (
				0AF281A92074C1AB00D3843D /* IdentityAccessDomainModel */,
				0A3FAE1C207B50B300F0D214 /* IdentityAccessDomainModelTests */,
			);
		};
/* End PBXProject section */

/* Begin PBXResourcesBuildPhase section */
		0A3FAE1B207B50B300F0D214 /* Resources */ = {
			isa = PBXResourcesBuildPhase;
			buildActionMask = 2147483647;
			files = (
				0A2A232F207B584500EB61DD /* Config.xcconfig in Resources */,
			);
			runOnlyForDeploymentPostprocessing = 0;
		};
/* End PBXResourcesBuildPhase section */

/* Begin PBXSourcesBuildPhase section */
		0A3FAE19207B50B300F0D214 /* Sources */ = {
			isa = PBXSourcesBuildPhase;
			buildActionMask = 2147483647;
			files = (
				0A3FAE35207B50D500F0D214 /* DomainTestCase.swift in Sources */,
				0A3FAE36207B50EB00F0D214 /* SessionTests.swift in Sources */,
				0A3FAE34207B50D500F0D214 /* DomainRegistryTests.swift in Sources */,
				0A3FAE32207B50D500F0D214 /* AccountTests.swift in Sources */,
				0A3FAE31207B50D500F0D214 /* MockAccount.swift in Sources */,
			);
			runOnlyForDeploymentPostprocessing = 0;
		};
		0AF281A62074C1AB00D3843D /* Sources */ = {
			isa = PBXSourcesBuildPhase;
			buildActionMask = 2147483647;
			files = (
				0A3FAE0C207B509600F0D214 /* KeyValueStore.swift in Sources */,
				0A2A2335207B58CA00EB61DD /* EncryptionService.swift in Sources */,
				0A3FAE16207B509600F0D214 /* EthereumAccount.swift in Sources */,
				0A3FAE0B207B509600F0D214 /* DomainRegistry.swift in Sources */,
				0A3FAE17207B509600F0D214 /* Logger.swift in Sources */,
				0A3FAE11207B509600F0D214 /* Clock.swift in Sources */,
				0A3FAE0F207B509600F0D214 /* Session.swift in Sources */,
				0A2A233C207B599B00EB61DD /* LoggableError.swift in Sources */,
				0A3FAE18207B509600F0D214 /* BiometricAuthenticationService.swift in Sources */,
				0A3FAE0D207B509600F0D214 /* Account.swift in Sources */,
				0A3FAE10207B509600F0D214 /* UserDefaultKeys.swift in Sources */,
				0A3FAE14207B509600F0D214 /* SecureStore.swift in Sources */,
			);
			runOnlyForDeploymentPostprocessing = 0;
		};
/* End PBXSourcesBuildPhase section */

/* Begin PBXTargetDependency section */
		0A3FAE24207B50B300F0D214 /* PBXTargetDependency */ = {
			isa = PBXTargetDependency;
			target = 0AF281A92074C1AB00D3843D /* IdentityAccessDomainModel */;
			targetProxy = 0A3FAE23207B50B300F0D214 /* PBXContainerItemProxy */;
		};
/* End PBXTargetDependency section */

/* Begin XCBuildConfiguration section */
		0A3FAE26207B50B300F0D214 /* Debug */ = {
			isa = XCBuildConfiguration;
			buildSettings = {
				CODE_SIGN_STYLE = Automatic;
				DEVELOPMENT_TEAM = MBAHRQRF52;
				INFOPLIST_FILE = IdentityAccessDomainModelTests/Info.plist;
				IPHONEOS_DEPLOYMENT_TARGET = 11.3;
				LD_RUNPATH_SEARCH_PATHS = (
					"$(inherited)",
					"@executable_path/Frameworks",
					"@loader_path/Frameworks",
				);
				PRODUCT_BUNDLE_IDENTIFIER = pm.gnosis.IdentityAccessDomainModelTests;
				PRODUCT_NAME = "$(TARGET_NAME)";
				SWIFT_VERSION = 4.0;
				TARGETED_DEVICE_FAMILY = "1,2";
			};
			name = Debug;
		};
		0A3FAE27207B50B300F0D214 /* Release */ = {
			isa = XCBuildConfiguration;
			buildSettings = {
				CODE_SIGN_STYLE = Automatic;
				DEVELOPMENT_TEAM = MBAHRQRF52;
				INFOPLIST_FILE = IdentityAccessDomainModelTests/Info.plist;
				IPHONEOS_DEPLOYMENT_TARGET = 11.3;
				LD_RUNPATH_SEARCH_PATHS = (
					"$(inherited)",
					"@executable_path/Frameworks",
					"@loader_path/Frameworks",
				);
				PRODUCT_BUNDLE_IDENTIFIER = pm.gnosis.IdentityAccessDomainModelTests;
				PRODUCT_NAME = "$(TARGET_NAME)";
				SWIFT_VERSION = 4.0;
				TARGETED_DEVICE_FAMILY = "1,2";
			};
			name = Release;
		};
		0AF281AF2074C1AB00D3843D /* Debug */ = {
			isa = XCBuildConfiguration;
			baseConfigurationReference = 0A2A232E207B584500EB61DD /* Config.xcconfig */;
			buildSettings = {
				ALWAYS_SEARCH_USER_PATHS = NO;
				CLANG_ANALYZER_NONNULL = YES;
				CLANG_ANALYZER_NUMBER_OBJECT_CONVERSION = YES_AGGRESSIVE;
				CLANG_CXX_LANGUAGE_STANDARD = "gnu++14";
				CLANG_CXX_LIBRARY = "libc++";
				CLANG_ENABLE_MODULES = YES;
				CLANG_ENABLE_OBJC_ARC = YES;
				CLANG_ENABLE_OBJC_WEAK = YES;
				CLANG_WARN_BLOCK_CAPTURE_AUTORELEASING = YES;
				CLANG_WARN_BOOL_CONVERSION = YES;
				CLANG_WARN_COMMA = YES;
				CLANG_WARN_CONSTANT_CONVERSION = YES;
				CLANG_WARN_DEPRECATED_OBJC_IMPLEMENTATIONS = YES;
				CLANG_WARN_DIRECT_OBJC_ISA_USAGE = YES_ERROR;
				CLANG_WARN_DOCUMENTATION_COMMENTS = YES;
				CLANG_WARN_EMPTY_BODY = YES;
				CLANG_WARN_ENUM_CONVERSION = YES;
				CLANG_WARN_INFINITE_RECURSION = YES;
				CLANG_WARN_INT_CONVERSION = YES;
				CLANG_WARN_NON_LITERAL_NULL_CONVERSION = YES;
				CLANG_WARN_OBJC_IMPLICIT_RETAIN_SELF = YES;
				CLANG_WARN_OBJC_LITERAL_CONVERSION = YES;
				CLANG_WARN_OBJC_ROOT_CLASS = YES_ERROR;
				CLANG_WARN_RANGE_LOOP_ANALYSIS = YES;
				CLANG_WARN_STRICT_PROTOTYPES = YES;
				CLANG_WARN_SUSPICIOUS_MOVE = YES;
				CLANG_WARN_UNGUARDED_AVAILABILITY = YES_AGGRESSIVE;
				CLANG_WARN_UNREACHABLE_CODE = YES;
				CLANG_WARN__DUPLICATE_METHOD_MATCH = YES;
				CODE_SIGN_IDENTITY = "iPhone Developer";
				COPY_PHASE_STRIP = NO;
				DEBUG_INFORMATION_FORMAT = dwarf;
				ENABLE_STRICT_OBJC_MSGSEND = YES;
				ENABLE_TESTABILITY = YES;
				GCC_C_LANGUAGE_STANDARD = gnu11;
				GCC_DYNAMIC_NO_PIC = NO;
				GCC_NO_COMMON_BLOCKS = YES;
				GCC_OPTIMIZATION_LEVEL = 0;
				GCC_PREPROCESSOR_DEFINITIONS = (
					"DEBUG=1",
					"$(inherited)",
				);
				GCC_WARN_64_TO_32_BIT_CONVERSION = YES;
				GCC_WARN_ABOUT_RETURN_TYPE = YES_ERROR;
				GCC_WARN_UNDECLARED_SELECTOR = YES;
				GCC_WARN_UNINITIALIZED_AUTOS = YES_AGGRESSIVE;
				GCC_WARN_UNUSED_FUNCTION = YES;
				GCC_WARN_UNUSED_VARIABLE = YES;
				IPHONEOS_DEPLOYMENT_TARGET = 10.0;
				MTL_ENABLE_DEBUG_INFO = YES;
				ONLY_ACTIVE_ARCH = YES;
				SDKROOT = iphoneos;
				SWIFT_ACTIVE_COMPILATION_CONDITIONS = DEBUG;
				SWIFT_OPTIMIZATION_LEVEL = "-Onone";
			};
			name = Debug;
		};
		0AF281B02074C1AB00D3843D /* Release */ = {
			isa = XCBuildConfiguration;
			baseConfigurationReference = 0A2A232E207B584500EB61DD /* Config.xcconfig */;
			buildSettings = {
				ALWAYS_SEARCH_USER_PATHS = NO;
				CLANG_ANALYZER_NONNULL = YES;
				CLANG_ANALYZER_NUMBER_OBJECT_CONVERSION = YES_AGGRESSIVE;
				CLANG_CXX_LANGUAGE_STANDARD = "gnu++14";
				CLANG_CXX_LIBRARY = "libc++";
				CLANG_ENABLE_MODULES = YES;
				CLANG_ENABLE_OBJC_ARC = YES;
				CLANG_ENABLE_OBJC_WEAK = YES;
				CLANG_WARN_BLOCK_CAPTURE_AUTORELEASING = YES;
				CLANG_WARN_BOOL_CONVERSION = YES;
				CLANG_WARN_COMMA = YES;
				CLANG_WARN_CONSTANT_CONVERSION = YES;
				CLANG_WARN_DEPRECATED_OBJC_IMPLEMENTATIONS = YES;
				CLANG_WARN_DIRECT_OBJC_ISA_USAGE = YES_ERROR;
				CLANG_WARN_DOCUMENTATION_COMMENTS = YES;
				CLANG_WARN_EMPTY_BODY = YES;
				CLANG_WARN_ENUM_CONVERSION = YES;
				CLANG_WARN_INFINITE_RECURSION = YES;
				CLANG_WARN_INT_CONVERSION = YES;
				CLANG_WARN_NON_LITERAL_NULL_CONVERSION = YES;
				CLANG_WARN_OBJC_IMPLICIT_RETAIN_SELF = YES;
				CLANG_WARN_OBJC_LITERAL_CONVERSION = YES;
				CLANG_WARN_OBJC_ROOT_CLASS = YES_ERROR;
				CLANG_WARN_RANGE_LOOP_ANALYSIS = YES;
				CLANG_WARN_STRICT_PROTOTYPES = YES;
				CLANG_WARN_SUSPICIOUS_MOVE = YES;
				CLANG_WARN_UNGUARDED_AVAILABILITY = YES_AGGRESSIVE;
				CLANG_WARN_UNREACHABLE_CODE = YES;
				CLANG_WARN__DUPLICATE_METHOD_MATCH = YES;
				CODE_SIGN_IDENTITY = "iPhone Developer";
				COPY_PHASE_STRIP = NO;
				DEBUG_INFORMATION_FORMAT = "dwarf-with-dsym";
				ENABLE_NS_ASSERTIONS = NO;
				ENABLE_STRICT_OBJC_MSGSEND = YES;
				GCC_C_LANGUAGE_STANDARD = gnu11;
				GCC_NO_COMMON_BLOCKS = YES;
				GCC_WARN_64_TO_32_BIT_CONVERSION = YES;
				GCC_WARN_ABOUT_RETURN_TYPE = YES_ERROR;
				GCC_WARN_UNDECLARED_SELECTOR = YES;
				GCC_WARN_UNINITIALIZED_AUTOS = YES_AGGRESSIVE;
				GCC_WARN_UNUSED_FUNCTION = YES;
				GCC_WARN_UNUSED_VARIABLE = YES;
				IPHONEOS_DEPLOYMENT_TARGET = 10.0;
				MTL_ENABLE_DEBUG_INFO = NO;
				SDKROOT = iphoneos;
				SWIFT_COMPILATION_MODE = wholemodule;
				SWIFT_OPTIMIZATION_LEVEL = "-O";
				VALIDATE_PRODUCT = YES;
			};
			name = Release;
		};
		0AF281B22074C1AB00D3843D /* Debug */ = {
			isa = XCBuildConfiguration;
			buildSettings = {
				CODE_SIGN_STYLE = Automatic;
				DEVELOPMENT_TEAM = MBAHRQRF52;
				OTHER_LDFLAGS = "-ObjC";
				PRODUCT_NAME = "$(TARGET_NAME)";
				SKIP_INSTALL = YES;
				SWIFT_VERSION = 4.0;
				TARGETED_DEVICE_FAMILY = "1,2";
			};
			name = Debug;
		};
		0AF281B32074C1AB00D3843D /* Release */ = {
			isa = XCBuildConfiguration;
			buildSettings = {
				CODE_SIGN_STYLE = Automatic;
				DEVELOPMENT_TEAM = MBAHRQRF52;
				OTHER_LDFLAGS = "-ObjC";
				PRODUCT_NAME = "$(TARGET_NAME)";
				SKIP_INSTALL = YES;
				SWIFT_VERSION = 4.0;
				TARGETED_DEVICE_FAMILY = "1,2";
			};
			name = Release;
		};
/* End XCBuildConfiguration section */

/* Begin XCConfigurationList section */
		0A3FAE25207B50B300F0D214 /* Build configuration list for PBXNativeTarget "IdentityAccessDomainModelTests" */ = {
			isa = XCConfigurationList;
			buildConfigurations = (
				0A3FAE26207B50B300F0D214 /* Debug */,
				0A3FAE27207B50B300F0D214 /* Release */,
			);
			defaultConfigurationIsVisible = 0;
			defaultConfigurationName = Release;
		};
		0AF281A52074C1AB00D3843D /* Build configuration list for PBXProject "IdentityAccessDomainModel" */ = {
			isa = XCConfigurationList;
			buildConfigurations = (
				0AF281AF2074C1AB00D3843D /* Debug */,
				0AF281B02074C1AB00D3843D /* Release */,
			);
			defaultConfigurationIsVisible = 0;
			defaultConfigurationName = Release;
		};
		0AF281B12074C1AB00D3843D /* Build configuration list for PBXNativeTarget "IdentityAccessDomainModel" */ = {
			isa = XCConfigurationList;
			buildConfigurations = (
				0AF281B22074C1AB00D3843D /* Debug */,
				0AF281B32074C1AB00D3843D /* Release */,
			);
			defaultConfigurationIsVisible = 0;
			defaultConfigurationName = Release;
		};
/* End XCConfigurationList section */
	};
	rootObject = 0AF281A22074C1AB00D3843D /* Project object */;
}
