{
  "object": {
    "pins": [
      {
        "package": "CryptoSwift",
        "repositoryURL": "https://github.com/krzyzanowskim/CryptoSwift.git",
        "state": {
          "branch": null,
          "revision": "3a2acbb32ab68215ee1596ee6004da8e90c3721b",
          "version": "1.0.0"
        }
      },
      {
        "package": "secp256k1",
        "repositoryURL": "https://github.com/gnosis/secp256k1.swift.git",
        "state": {
          "branch": "master",
          "revision": "f6e093e6552709a81762749c0759e914335480cf",
          "version": null
        }
      }
    ]
  },
  "version": 1
}
